// !$*UTF8*$!
{
	archiveVersion = 1;
	classes = {
	};
	objectVersion = 46;
	objects = {

/* Begin PBXBuildFile section */
		651262511DB1F5EF008DEC4B /* Defender.app in CopyFiles */ = {isa = PBXBuildFile; fileRef = 655A5A3D1D4C555400E15E1F /* Defender.app */; };
		652564491DA8972A00ACCD4B /* PedalKnobControl.swift in Sources */ = {isa = PBXBuildFile; fileRef = 652564481DA8972A00ACCD4B /* PedalKnobControl.swift */; };
		6525644B1DA89FCD00ACCD4B /* EffectKnobControl.swift in Sources */ = {isa = PBXBuildFile; fileRef = 6525644A1DA89FCD00ACCD4B /* EffectKnobControl.swift */; };
		65426BA21DB0930300E54D35 /* KnobBaseControl.swift in Sources */ = {isa = PBXBuildFile; fileRef = 65426BA11DB0930300E54D35 /* KnobBaseControl.swift */; };
		655A5A411D4C555400E15E1F /* AppDelegate.swift in Sources */ = {isa = PBXBuildFile; fileRef = 655A5A401D4C555400E15E1F /* AppDelegate.swift */; };
		655A5A431D4C555500E15E1F /* MainVC.swift in Sources */ = {isa = PBXBuildFile; fileRef = 655A5A421D4C555500E15E1F /* MainVC.swift */; };
		655A5A451D4C555500E15E1F /* Assets.xcassets in Resources */ = {isa = PBXBuildFile; fileRef = 655A5A441D4C555500E15E1F /* Assets.xcassets */; };
		655A5A481D4C555500E15E1F /* Main.storyboard in Resources */ = {isa = PBXBuildFile; fileRef = 655A5A461D4C555500E15E1F /* Main.storyboard */; };
		655A5A531D4C555500E15E1F /* DefenderTests.swift in Sources */ = {isa = PBXBuildFile; fileRef = 655A5A521D4C555500E15E1F /* DefenderTests.swift */; };
		655A5A5E1D4C555500E15E1F /* DefenderUITests.swift in Sources */ = {isa = PBXBuildFile; fileRef = 655A5A5D1D4C555500E15E1F /* DefenderUITests.swift */; };
		656A5ABB1DA880B700B7BE3E /* LEDControl.swift in Sources */ = {isa = PBXBuildFile; fileRef = 656A5ABA1DA880B700B7BE3E /* LEDControl.swift */; };
		656A5ABD1DA883BB00B7BE3E /* NSColor+Brightness.swift in Sources */ = {isa = PBXBuildFile; fileRef = 656A5ABC1DA883BB00B7BE3E /* NSColor+Brightness.swift */; };
		657C3AC81D56DB8E002DEF17 /* AmpKnobControl.swift in Sources */ = {isa = PBXBuildFile; fileRef = 657C3AC71D56DB8E002DEF17 /* AmpKnobControl.swift */; };
		657C3AD01D5C46E6002DEF17 /* DisplayVC.swift in Sources */ = {isa = PBXBuildFile; fileRef = 657C3ACF1D5C46E6002DEF17 /* DisplayVC.swift */; };
		657C3AD61D5C50B8002DEF17 /* Display.storyboard in Resources */ = {isa = PBXBuildFile; fileRef = 657C3AD41D5C50B8002DEF17 /* Display.storyboard */; };
		6581F99C1D4C5D97005BB5C9 /* Mustang.framework in Frameworks */ = {isa = PBXBuildFile; fileRef = 6581F99A1D4C5D97005BB5C9 /* Mustang.framework */; };
		6581F99D1D4C5D97005BB5C9 /* ObjectMapper.framework in Frameworks */ = {isa = PBXBuildFile; fileRef = 6581F99B1D4C5D97005BB5C9 /* ObjectMapper.framework */; };
		658CEBF21DA0D8A6006890A4 /* Mustang.framework in Frameworks */ = {isa = PBXBuildFile; fileRef = 6581F99A1D4C5D97005BB5C9 /* Mustang.framework */; };
		658CEBF31DA0D8AA006890A4 /* ObjectMapper.framework in Frameworks */ = {isa = PBXBuildFile; fileRef = 6581F99B1D4C5D97005BB5C9 /* ObjectMapper.framework */; };
		658CEC031DA35E63006890A4 /* PedalVC.swift in Sources */ = {isa = PBXBuildFile; fileRef = 658CEC021DA35E63006890A4 /* PedalVC.swift */; };
		658CEC051DA35E81006890A4 /* EffectVC.swift in Sources */ = {isa = PBXBuildFile; fileRef = 658CEC041DA35E81006890A4 /* EffectVC.swift */; };
		658CEC071DA35ECC006890A4 /* Pedal.storyboard in Resources */ = {isa = PBXBuildFile; fileRef = 658CEC061DA35ECC006890A4 /* Pedal.storyboard */; };
		658CEC091DA35EF1006890A4 /* Effect.storyboard in Resources */ = {isa = PBXBuildFile; fileRef = 658CEC081DA35EF1006890A4 /* Effect.storyboard */; };
		658CEC0B1DA36977006890A4 /* EffectControl.swift in Sources */ = {isa = PBXBuildFile; fileRef = 658CEC0A1DA36977006890A4 /* EffectControl.swift */; };
		658CEC0D1DA36AAA006890A4 /* PedalBodyControl.swift in Sources */ = {isa = PBXBuildFile; fileRef = 658CEC0C1DA36AAA006890A4 /* PedalBodyControl.swift */; };
		658CEC0F1DA36D85006890A4 /* Enums.swift in Sources */ = {isa = PBXBuildFile; fileRef = 658CEC0E1DA36D85006890A4 /* Enums.swift */; };
		658CEC111DA44B97006890A4 /* EffectSlotControl.swift in Sources */ = {isa = PBXBuildFile; fileRef = 658CEC101DA44B97006890A4 /* EffectSlotControl.swift */; };
		65A65BA21DA4740400EDCA32 /* PedalPadControl.swift in Sources */ = {isa = PBXBuildFile; fileRef = 65A65BA11DA4740400EDCA32 /* PedalPadControl.swift */; };
		7123C50C1DAC46B900ACFDB5 /* AmpController.swift in Sources */ = {isa = PBXBuildFile; fileRef = 7123C50B1DAC46B900ACFDB5 /* AmpController.swift */; };
		7167FEDA1D58032C0059A276 /* NSImage+Colour.swift in Sources */ = {isa = PBXBuildFile; fileRef = 7167FED91D58032C0059A276 /* NSImage+Colour.swift */; };
		7167FEDC1D5815270059A276 /* DisplayControl.swift in Sources */ = {isa = PBXBuildFile; fileRef = 7167FEDB1D5815270059A276 /* DisplayControl.swift */; };
		7167FF3E1D592E070059A276 /* WheelControl.swift in Sources */ = {isa = PBXBuildFile; fileRef = 7167FF3D1D592E070059A276 /* WheelControl.swift */; };
		7167FFD01D595DC70059A276 /* ActionButtonCell.swift in Sources */ = {isa = PBXBuildFile; fileRef = 7167FFCF1D595DC70059A276 /* ActionButtonCell.swift */; };
		71CD6D881D59714A006BD6DF /* ActionButtonControl.swift in Sources */ = {isa = PBXBuildFile; fileRef = 71CD6D871D59714A006BD6DF /* ActionButtonControl.swift */; };
/* End PBXBuildFile section */

/* Begin PBXContainerItemProxy section */
		655A5A4F1D4C555500E15E1F /* PBXContainerItemProxy */ = {
			isa = PBXContainerItemProxy;
			containerPortal = 655A5A351D4C555400E15E1F /* Project object */;
			proxyType = 1;
			remoteGlobalIDString = 655A5A3C1D4C555400E15E1F;
			remoteInfo = Defender;
		};
		655A5A5A1D4C555500E15E1F /* PBXContainerItemProxy */ = {
			isa = PBXContainerItemProxy;
			containerPortal = 655A5A351D4C555400E15E1F /* Project object */;
			proxyType = 1;
			remoteGlobalIDString = 655A5A3C1D4C555400E15E1F;
			remoteInfo = Defender;
		};
/* End PBXContainerItemProxy section */

/* Begin PBXCopyFilesBuildPhase section */
		651262501DB1F5A5008DEC4B /* CopyFiles */ = {
			isa = PBXCopyFilesBuildPhase;
			buildActionMask = 12;
			dstPath = "~/Development/AppStore";
			dstSubfolderSpec = 0;
			files = (
				651262511DB1F5EF008DEC4B /* Defender.app in CopyFiles */,
			);
			runOnlyForDeploymentPostprocessing = 0;
		};
/* End PBXCopyFilesBuildPhase section */

/* Begin PBXFileReference section */
		652564481DA8972A00ACCD4B /* PedalKnobControl.swift */ = {isa = PBXFileReference; fileEncoding = 4; lastKnownFileType = sourcecode.swift; path = PedalKnobControl.swift; sourceTree = "<group>"; };
		6525644A1DA89FCD00ACCD4B /* EffectKnobControl.swift */ = {isa = PBXFileReference; fileEncoding = 4; lastKnownFileType = sourcecode.swift; path = EffectKnobControl.swift; sourceTree = "<group>"; };
		65426BA11DB0930300E54D35 /* KnobBaseControl.swift */ = {isa = PBXFileReference; fileEncoding = 4; lastKnownFileType = sourcecode.swift; path = KnobBaseControl.swift; sourceTree = "<group>"; };
		655A5A3D1D4C555400E15E1F /* Defender.app */ = {isa = PBXFileReference; explicitFileType = wrapper.application; includeInIndex = 0; path = Defender.app; sourceTree = BUILT_PRODUCTS_DIR; };
		655A5A401D4C555400E15E1F /* AppDelegate.swift */ = {isa = PBXFileReference; lastKnownFileType = sourcecode.swift; path = AppDelegate.swift; sourceTree = "<group>"; };
		655A5A421D4C555500E15E1F /* MainVC.swift */ = {isa = PBXFileReference; lastKnownFileType = sourcecode.swift; path = MainVC.swift; sourceTree = "<group>"; };
		655A5A441D4C555500E15E1F /* Assets.xcassets */ = {isa = PBXFileReference; lastKnownFileType = folder.assetcatalog; path = Assets.xcassets; sourceTree = "<group>"; };
		655A5A471D4C555500E15E1F /* Base */ = {isa = PBXFileReference; lastKnownFileType = file.storyboard; name = Base; path = Base.lproj/Main.storyboard; sourceTree = "<group>"; };
		655A5A491D4C555500E15E1F /* Info.plist */ = {isa = PBXFileReference; lastKnownFileType = text.plist.xml; path = Info.plist; sourceTree = "<group>"; };
		655A5A4E1D4C555500E15E1F /* DefenderTests.xctest */ = {isa = PBXFileReference; explicitFileType = wrapper.cfbundle; includeInIndex = 0; path = DefenderTests.xctest; sourceTree = BUILT_PRODUCTS_DIR; };
		655A5A521D4C555500E15E1F /* DefenderTests.swift */ = {isa = PBXFileReference; lastKnownFileType = sourcecode.swift; path = DefenderTests.swift; sourceTree = "<group>"; };
		655A5A541D4C555500E15E1F /* Info.plist */ = {isa = PBXFileReference; lastKnownFileType = text.plist.xml; path = Info.plist; sourceTree = "<group>"; };
		655A5A591D4C555500E15E1F /* DefenderUITests.xctest */ = {isa = PBXFileReference; explicitFileType = wrapper.cfbundle; includeInIndex = 0; path = DefenderUITests.xctest; sourceTree = BUILT_PRODUCTS_DIR; };
		655A5A5D1D4C555500E15E1F /* DefenderUITests.swift */ = {isa = PBXFileReference; lastKnownFileType = sourcecode.swift; path = DefenderUITests.swift; sourceTree = "<group>"; };
		655A5A5F1D4C555500E15E1F /* Info.plist */ = {isa = PBXFileReference; lastKnownFileType = text.plist.xml; path = Info.plist; sourceTree = "<group>"; };
		655A5F4F1D4C57E100E15E1F /* Cartfile */ = {isa = PBXFileReference; fileEncoding = 4; lastKnownFileType = text; path = Cartfile; sourceTree = "<group>"; };
		656A5ABA1DA880B700B7BE3E /* LEDControl.swift */ = {isa = PBXFileReference; fileEncoding = 4; lastKnownFileType = sourcecode.swift; path = LEDControl.swift; sourceTree = "<group>"; };
		656A5ABC1DA883BB00B7BE3E /* NSColor+Brightness.swift */ = {isa = PBXFileReference; fileEncoding = 4; lastKnownFileType = sourcecode.swift; path = "NSColor+Brightness.swift"; sourceTree = "<group>"; };
		657C3AC71D56DB8E002DEF17 /* AmpKnobControl.swift */ = {isa = PBXFileReference; fileEncoding = 4; lastKnownFileType = sourcecode.swift; path = AmpKnobControl.swift; sourceTree = "<group>"; };
		657C3ACF1D5C46E6002DEF17 /* DisplayVC.swift */ = {isa = PBXFileReference; fileEncoding = 4; lastKnownFileType = sourcecode.swift; path = DisplayVC.swift; sourceTree = "<group>"; };
		657C3AD51D5C50B8002DEF17 /* Base */ = {isa = PBXFileReference; lastKnownFileType = file.storyboard; name = Base; path = Base.lproj/Display.storyboard; sourceTree = "<group>"; };
		6581F99A1D4C5D97005BB5C9 /* Mustang.framework */ = {isa = PBXFileReference; lastKnownFileType = wrapper.framework; name = Mustang.framework; path = Carthage/Build/Mac/Mustang.framework; sourceTree = "<group>"; };
		6581F99B1D4C5D97005BB5C9 /* ObjectMapper.framework */ = {isa = PBXFileReference; lastKnownFileType = wrapper.framework; name = ObjectMapper.framework; path = Carthage/Build/Mac/ObjectMapper.framework; sourceTree = "<group>"; };
		658CEC021DA35E63006890A4 /* PedalVC.swift */ = {isa = PBXFileReference; fileEncoding = 4; lastKnownFileType = sourcecode.swift; path = PedalVC.swift; sourceTree = "<group>"; };
		658CEC041DA35E81006890A4 /* EffectVC.swift */ = {isa = PBXFileReference; fileEncoding = 4; lastKnownFileType = sourcecode.swift; path = EffectVC.swift; sourceTree = "<group>"; };
		658CEC061DA35ECC006890A4 /* Pedal.storyboard */ = {isa = PBXFileReference; fileEncoding = 4; lastKnownFileType = file.storyboard; path = Pedal.storyboard; sourceTree = "<group>"; };
		658CEC081DA35EF1006890A4 /* Effect.storyboard */ = {isa = PBXFileReference; fileEncoding = 4; lastKnownFileType = file.storyboard; path = Effect.storyboard; sourceTree = "<group>"; };
		658CEC0A1DA36977006890A4 /* EffectControl.swift */ = {isa = PBXFileReference; fileEncoding = 4; lastKnownFileType = sourcecode.swift; path = EffectControl.swift; sourceTree = "<group>"; };
		658CEC0C1DA36AAA006890A4 /* PedalBodyControl.swift */ = {isa = PBXFileReference; fileEncoding = 4; lastKnownFileType = sourcecode.swift; path = PedalBodyControl.swift; sourceTree = "<group>"; };
		658CEC0E1DA36D85006890A4 /* Enums.swift */ = {isa = PBXFileReference; fileEncoding = 4; lastKnownFileType = sourcecode.swift; path = Enums.swift; sourceTree = "<group>"; };
		658CEC101DA44B97006890A4 /* EffectSlotControl.swift */ = {isa = PBXFileReference; fileEncoding = 4; lastKnownFileType = sourcecode.swift; path = EffectSlotControl.swift; sourceTree = "<group>"; };
		65A65BA11DA4740400EDCA32 /* PedalPadControl.swift */ = {isa = PBXFileReference; fileEncoding = 4; lastKnownFileType = sourcecode.swift; path = PedalPadControl.swift; sourceTree = "<group>"; };
		7123C50B1DAC46B900ACFDB5 /* AmpController.swift */ = {isa = PBXFileReference; fileEncoding = 4; lastKnownFileType = sourcecode.swift; path = AmpController.swift; sourceTree = "<group>"; };
		7167FED91D58032C0059A276 /* NSImage+Colour.swift */ = {isa = PBXFileReference; fileEncoding = 4; lastKnownFileType = sourcecode.swift; path = "NSImage+Colour.swift"; sourceTree = "<group>"; };
		7167FEDB1D5815270059A276 /* DisplayControl.swift */ = {isa = PBXFileReference; fileEncoding = 4; lastKnownFileType = sourcecode.swift; path = DisplayControl.swift; sourceTree = "<group>"; };
		7167FF3D1D592E070059A276 /* WheelControl.swift */ = {isa = PBXFileReference; fileEncoding = 4; lastKnownFileType = sourcecode.swift; path = WheelControl.swift; sourceTree = "<group>"; };
		7167FFCF1D595DC70059A276 /* ActionButtonCell.swift */ = {isa = PBXFileReference; fileEncoding = 4; lastKnownFileType = sourcecode.swift; path = ActionButtonCell.swift; sourceTree = "<group>"; };
		71CD6D871D59714A006BD6DF /* ActionButtonControl.swift */ = {isa = PBXFileReference; fileEncoding = 4; lastKnownFileType = sourcecode.swift; path = ActionButtonControl.swift; sourceTree = "<group>"; };
/* End PBXFileReference section */

/* Begin PBXFrameworksBuildPhase section */
		655A5A3A1D4C555400E15E1F /* Frameworks */ = {
			isa = PBXFrameworksBuildPhase;
			buildActionMask = 2147483647;
			files = (
				6581F99D1D4C5D97005BB5C9 /* ObjectMapper.framework in Frameworks */,
				6581F99C1D4C5D97005BB5C9 /* Mustang.framework in Frameworks */,
			);
			runOnlyForDeploymentPostprocessing = 0;
		};
		655A5A4B1D4C555500E15E1F /* Frameworks */ = {
			isa = PBXFrameworksBuildPhase;
			buildActionMask = 2147483647;
			files = (
				658CEBF31DA0D8AA006890A4 /* ObjectMapper.framework in Frameworks */,
				658CEBF21DA0D8A6006890A4 /* Mustang.framework in Frameworks */,
			);
			runOnlyForDeploymentPostprocessing = 0;
		};
		655A5A561D4C555500E15E1F /* Frameworks */ = {
			isa = PBXFrameworksBuildPhase;
			buildActionMask = 2147483647;
			files = (
			);
			runOnlyForDeploymentPostprocessing = 0;
		};
/* End PBXFrameworksBuildPhase section */

/* Begin PBXGroup section */
		655A5A341D4C555400E15E1F = {
			isa = PBXGroup;
			children = (
				655A5A3F1D4C555400E15E1F /* Defender */,
				655A5F4F1D4C57E100E15E1F /* Cartfile */,
				655A5A511D4C555500E15E1F /* DefenderTests */,
				655A5A5C1D4C555500E15E1F /* DefenderUITests */,
				6581F9991D4C5D76005BB5C9 /* Frameworks */,
				655A5A3E1D4C555400E15E1F /* Products */,
			);
			sourceTree = "<group>";
		};
		655A5A3E1D4C555400E15E1F /* Products */ = {
			isa = PBXGroup;
			children = (
				655A5A3D1D4C555400E15E1F /* Defender.app */,
				655A5A4E1D4C555500E15E1F /* DefenderTests.xctest */,
				655A5A591D4C555500E15E1F /* DefenderUITests.xctest */,
			);
			name = Products;
			sourceTree = "<group>";
		};
		655A5A3F1D4C555400E15E1F /* Defender */ = {
			isa = PBXGroup;
			children = (
				657C3AC51D56DB5C002DEF17 /* View Controllers */,
				7123C50A1DAC462000ACFDB5 /* Controllers */,
				657C3AC61D56DB78002DEF17 /* Custom Controls */,
				7167FED81D5803000059A276 /* Extensions */,
				657C3AC91D56DB95002DEF17 /* Resources */,
				655A5A401D4C555400E15E1F /* AppDelegate.swift */,
				655A5A491D4C555500E15E1F /* Info.plist */,
			);
			path = Defender;
			sourceTree = "<group>";
		};
		655A5A511D4C555500E15E1F /* DefenderTests */ = {
			isa = PBXGroup;
			children = (
				655A5A521D4C555500E15E1F /* DefenderTests.swift */,
				655A5A541D4C555500E15E1F /* Info.plist */,
			);
			path = DefenderTests;
			sourceTree = "<group>";
		};
		655A5A5C1D4C555500E15E1F /* DefenderUITests */ = {
			isa = PBXGroup;
			children = (
				655A5A5D1D4C555500E15E1F /* DefenderUITests.swift */,
				655A5A5F1D4C555500E15E1F /* Info.plist */,
			);
			path = DefenderUITests;
			sourceTree = "<group>";
		};
		657C3AC51D56DB5C002DEF17 /* View Controllers */ = {
			isa = PBXGroup;
			children = (
				655A5A421D4C555500E15E1F /* MainVC.swift */,
				657C3ACF1D5C46E6002DEF17 /* DisplayVC.swift */,
				658CEC021DA35E63006890A4 /* PedalVC.swift */,
				658CEC041DA35E81006890A4 /* EffectVC.swift */,
			);
			name = "View Controllers";
			path = ViewControllers;
			sourceTree = "<group>";
		};
		657C3AC61D56DB78002DEF17 /* Custom Controls */ = {
			isa = PBXGroup;
			children = (
				65426BA11DB0930300E54D35 /* KnobBaseControl.swift */,
				657C3AC71D56DB8E002DEF17 /* AmpKnobControl.swift */,
				7167FF3D1D592E070059A276 /* WheelControl.swift */,
				7167FEDB1D5815270059A276 /* DisplayControl.swift */,
				656A5ABA1DA880B700B7BE3E /* LEDControl.swift */,
				71CD6D871D59714A006BD6DF /* ActionButtonControl.swift */,
				7167FFCF1D595DC70059A276 /* ActionButtonCell.swift */,
				658CEC101DA44B97006890A4 /* EffectSlotControl.swift */,
				658CEC0A1DA36977006890A4 /* EffectControl.swift */,
				6525644A1DA89FCD00ACCD4B /* EffectKnobControl.swift */,
				658CEC0C1DA36AAA006890A4 /* PedalBodyControl.swift */,
				65A65BA11DA4740400EDCA32 /* PedalPadControl.swift */,
				652564481DA8972A00ACCD4B /* PedalKnobControl.swift */,
				658CEC0E1DA36D85006890A4 /* Enums.swift */,
			);
			name = "Custom Controls";
			path = CustomControls;
			sourceTree = "<group>";
		};
		657C3AC91D56DB95002DEF17 /* Resources */ = {
			isa = PBXGroup;
			children = (
				655A5A441D4C555500E15E1F /* Assets.xcassets */,
				655A5A461D4C555500E15E1F /* Main.storyboard */,
				657C3AD41D5C50B8002DEF17 /* Display.storyboard */,
				658CEC061DA35ECC006890A4 /* Pedal.storyboard */,
				658CEC081DA35EF1006890A4 /* Effect.storyboard */,
			);
			name = Resources;
			sourceTree = "<group>";
		};
		6581F9991D4C5D76005BB5C9 /* Frameworks */ = {
			isa = PBXGroup;
			children = (
				6581F99A1D4C5D97005BB5C9 /* Mustang.framework */,
				6581F99B1D4C5D97005BB5C9 /* ObjectMapper.framework */,
			);
			name = Frameworks;
			sourceTree = "<group>";
		};
		7123C50A1DAC462000ACFDB5 /* Controllers */ = {
			isa = PBXGroup;
			children = (
				7123C50B1DAC46B900ACFDB5 /* AmpController.swift */,
			);
			path = Controllers;
			sourceTree = "<group>";
		};
		7167FED81D5803000059A276 /* Extensions */ = {
			isa = PBXGroup;
			children = (
				7167FED91D58032C0059A276 /* NSImage+Colour.swift */,
				656A5ABC1DA883BB00B7BE3E /* NSColor+Brightness.swift */,
			);
			path = Extensions;
			sourceTree = "<group>";
		};
/* End PBXGroup section */

/* Begin PBXNativeTarget section */
		655A5A3C1D4C555400E15E1F /* Defender */ = {
			isa = PBXNativeTarget;
			buildConfigurationList = 655A5A621D4C555500E15E1F /* Build configuration list for PBXNativeTarget "Defender" */;
			buildPhases = (
				655A5F511D4C580C00E15E1F /* Update/Build Carthage Dependencies */,
				655A5A3B1D4C555400E15E1F /* Resources */,
				655A5A391D4C555400E15E1F /* Sources */,
				655A5A3A1D4C555400E15E1F /* Frameworks */,
				6581F99E1D4C6772005BB5C9 /* Copy Carthage frameworks (for App Store submission bug) */,
				651262501DB1F5A5008DEC4B /* CopyFiles */,
			);
			buildRules = (
			);
			dependencies = (
			);
			name = Defender;
			productName = Defender;
			productReference = 655A5A3D1D4C555400E15E1F /* Defender.app */;
			productType = "com.apple.product-type.application";
		};
		655A5A4D1D4C555500E15E1F /* DefenderTests */ = {
			isa = PBXNativeTarget;
			buildConfigurationList = 655A5A651D4C555500E15E1F /* Build configuration list for PBXNativeTarget "DefenderTests" */;
			buildPhases = (
				655A5A4A1D4C555500E15E1F /* Sources */,
				655A5A4B1D4C555500E15E1F /* Frameworks */,
				655A5A4C1D4C555500E15E1F /* Resources */,
			);
			buildRules = (
			);
			dependencies = (
				655A5A501D4C555500E15E1F /* PBXTargetDependency */,
			);
			name = DefenderTests;
			productName = DefenderTests;
			productReference = 655A5A4E1D4C555500E15E1F /* DefenderTests.xctest */;
			productType = "com.apple.product-type.bundle.unit-test";
		};
		655A5A581D4C555500E15E1F /* DefenderUITests */ = {
			isa = PBXNativeTarget;
			buildConfigurationList = 655A5A681D4C555500E15E1F /* Build configuration list for PBXNativeTarget "DefenderUITests" */;
			buildPhases = (
				655A5A551D4C555500E15E1F /* Sources */,
				655A5A561D4C555500E15E1F /* Frameworks */,
				655A5A571D4C555500E15E1F /* Resources */,
			);
			buildRules = (
			);
			dependencies = (
				655A5A5B1D4C555500E15E1F /* PBXTargetDependency */,
			);
			name = DefenderUITests;
			productName = DefenderUITests;
			productReference = 655A5A591D4C555500E15E1F /* DefenderUITests.xctest */;
			productType = "com.apple.product-type.bundle.ui-testing";
		};
/* End PBXNativeTarget section */

/* Begin PBXProject section */
		655A5A351D4C555400E15E1F /* Project object */ = {
			isa = PBXProject;
			attributes = {
				LastSwiftUpdateCheck = 0730;
				LastUpgradeCheck = 0800;
				ORGANIZATIONNAME = "Derek Knight";
				TargetAttributes = {
					655A5A3C1D4C555400E15E1F = {
						CreatedOnToolsVersion = 7.3;
						LastSwiftMigration = 0800;
					};
					655A5A4D1D4C555500E15E1F = {
						CreatedOnToolsVersion = 7.3;
						LastSwiftMigration = 0800;
						TestTargetID = 655A5A3C1D4C555400E15E1F;
					};
					655A5A581D4C555500E15E1F = {
						CreatedOnToolsVersion = 7.3;
						LastSwiftMigration = 0800;
						TestTargetID = 655A5A3C1D4C555400E15E1F;
					};
				};
			};
			buildConfigurationList = 655A5A381D4C555400E15E1F /* Build configuration list for PBXProject "Defender" */;
			compatibilityVersion = "Xcode 3.2";
			developmentRegion = English;
			hasScannedForEncodings = 0;
			knownRegions = (
				en,
				Base,
			);
			mainGroup = 655A5A341D4C555400E15E1F;
			productRefGroup = 655A5A3E1D4C555400E15E1F /* Products */;
			projectDirPath = "";
			projectRoot = "";
			targets = (
				655A5A3C1D4C555400E15E1F /* Defender */,
				655A5A4D1D4C555500E15E1F /* DefenderTests */,
				655A5A581D4C555500E15E1F /* DefenderUITests */,
			);
		};
/* End PBXProject section */

/* Begin PBXResourcesBuildPhase section */
		655A5A3B1D4C555400E15E1F /* Resources */ = {
			isa = PBXResourcesBuildPhase;
			buildActionMask = 2147483647;
			files = (
				657C3AD61D5C50B8002DEF17 /* Display.storyboard in Resources */,
				658CEC071DA35ECC006890A4 /* Pedal.storyboard in Resources */,
				655A5A451D4C555500E15E1F /* Assets.xcassets in Resources */,
				655A5A481D4C555500E15E1F /* Main.storyboard in Resources */,
				658CEC091DA35EF1006890A4 /* Effect.storyboard in Resources */,
			);
			runOnlyForDeploymentPostprocessing = 0;
		};
		655A5A4C1D4C555500E15E1F /* Resources */ = {
			isa = PBXResourcesBuildPhase;
			buildActionMask = 2147483647;
			files = (
			);
			runOnlyForDeploymentPostprocessing = 0;
		};
		655A5A571D4C555500E15E1F /* Resources */ = {
			isa = PBXResourcesBuildPhase;
			buildActionMask = 2147483647;
			files = (
			);
			runOnlyForDeploymentPostprocessing = 0;
		};
/* End PBXResourcesBuildPhase section */

/* Begin PBXShellScriptBuildPhase section */
		655A5F511D4C580C00E15E1F /* Update/Build Carthage Dependencies */ = {
			isa = PBXShellScriptBuildPhase;
			buildActionMask = 2147483647;
			files = (
			);
			inputPaths = (
			);
			name = "Update/Build Carthage Dependencies";
			outputPaths = (
			);
			runOnlyForDeploymentPostprocessing = 0;
			shellPath = /bin/sh;
			shellScript = "/usr/local/bin/carthage-xcode";
		};
		6581F99E1D4C6772005BB5C9 /* Copy Carthage frameworks (for App Store submission bug) */ = {
			isa = PBXShellScriptBuildPhase;
			buildActionMask = 2147483647;
			files = (
			);
			inputPaths = (
				"$(SRCROOT)/Carthage/Build/Mac/Mustang.framework",
				"$(SRCROOT)/Carthage/Build/Mac/ObjectMapper.framework",
			);
			name = "Copy Carthage frameworks (for App Store submission bug)";
			outputPaths = (
			);
			runOnlyForDeploymentPostprocessing = 0;
			shellPath = /bin/sh;
			shellScript = "/usr/local/bin/carthage copy-frameworks";
		};
/* End PBXShellScriptBuildPhase section */

/* Begin PBXSourcesBuildPhase section */
		655A5A391D4C555400E15E1F /* Sources */ = {
			isa = PBXSourcesBuildPhase;
			buildActionMask = 2147483647;
			files = (
				658CEC0B1DA36977006890A4 /* EffectControl.swift in Sources */,
				7167FEDC1D5815270059A276 /* DisplayControl.swift in Sources */,
				65426BA21DB0930300E54D35 /* KnobBaseControl.swift in Sources */,
				658CEC0D1DA36AAA006890A4 /* PedalBodyControl.swift in Sources */,
				657C3AC81D56DB8E002DEF17 /* AmpKnobControl.swift in Sources */,
				658CEC0F1DA36D85006890A4 /* Enums.swift in Sources */,
				7123C50C1DAC46B900ACFDB5 /* AmpController.swift in Sources */,
				656A5ABD1DA883BB00B7BE3E /* NSColor+Brightness.swift in Sources */,
				6525644B1DA89FCD00ACCD4B /* EffectKnobControl.swift in Sources */,
				658CEC111DA44B97006890A4 /* EffectSlotControl.swift in Sources */,
				655A5A431D4C555500E15E1F /* MainVC.swift in Sources */,
				658CEC031DA35E63006890A4 /* PedalVC.swift in Sources */,
				7167FEDA1D58032C0059A276 /* NSImage+Colour.swift in Sources */,
				7167FFD01D595DC70059A276 /* ActionButtonCell.swift in Sources */,
				656A5ABB1DA880B700B7BE3E /* LEDControl.swift in Sources */,
				655A5A411D4C555400E15E1F /* AppDelegate.swift in Sources */,
				7167FF3E1D592E070059A276 /* WheelControl.swift in Sources */,
				65A65BA21DA4740400EDCA32 /* PedalPadControl.swift in Sources */,
				652564491DA8972A00ACCD4B /* PedalKnobControl.swift in Sources */,
				71CD6D881D59714A006BD6DF /* ActionButtonControl.swift in Sources */,
				658CEC051DA35E81006890A4 /* EffectVC.swift in Sources */,
				657C3AD01D5C46E6002DEF17 /* DisplayVC.swift in Sources */,
			);
			runOnlyForDeploymentPostprocessing = 0;
		};
		655A5A4A1D4C555500E15E1F /* Sources */ = {
			isa = PBXSourcesBuildPhase;
			buildActionMask = 2147483647;
			files = (
				655A5A531D4C555500E15E1F /* DefenderTests.swift in Sources */,
			);
			runOnlyForDeploymentPostprocessing = 0;
		};
		655A5A551D4C555500E15E1F /* Sources */ = {
			isa = PBXSourcesBuildPhase;
			buildActionMask = 2147483647;
			files = (
				655A5A5E1D4C555500E15E1F /* DefenderUITests.swift in Sources */,
			);
			runOnlyForDeploymentPostprocessing = 0;
		};
/* End PBXSourcesBuildPhase section */

/* Begin PBXTargetDependency section */
		655A5A501D4C555500E15E1F /* PBXTargetDependency */ = {
			isa = PBXTargetDependency;
			target = 655A5A3C1D4C555400E15E1F /* Defender */;
			targetProxy = 655A5A4F1D4C555500E15E1F /* PBXContainerItemProxy */;
		};
		655A5A5B1D4C555500E15E1F /* PBXTargetDependency */ = {
			isa = PBXTargetDependency;
			target = 655A5A3C1D4C555400E15E1F /* Defender */;
			targetProxy = 655A5A5A1D4C555500E15E1F /* PBXContainerItemProxy */;
		};
/* End PBXTargetDependency section */

/* Begin PBXVariantGroup section */
		655A5A461D4C555500E15E1F /* Main.storyboard */ = {
			isa = PBXVariantGroup;
			children = (
				655A5A471D4C555500E15E1F /* Base */,
			);
			name = Main.storyboard;
			sourceTree = "<group>";
		};
		657C3AD41D5C50B8002DEF17 /* Display.storyboard */ = {
			isa = PBXVariantGroup;
			children = (
				657C3AD51D5C50B8002DEF17 /* Base */,
			);
			name = Display.storyboard;
			sourceTree = "<group>";
		};
/* End PBXVariantGroup section */

/* Begin XCBuildConfiguration section */
		655A5A601D4C555500E15E1F /* Debug */ = {
			isa = XCBuildConfiguration;
			buildSettings = {
				ALWAYS_SEARCH_USER_PATHS = NO;
				CLANG_ANALYZER_NONNULL = YES;
				CLANG_CXX_LANGUAGE_STANDARD = "gnu++0x";
				CLANG_CXX_LIBRARY = "libc++";
				CLANG_ENABLE_MODULES = YES;
				CLANG_ENABLE_OBJC_ARC = YES;
				CLANG_WARN_BOOL_CONVERSION = YES;
				CLANG_WARN_CONSTANT_CONVERSION = YES;
				CLANG_WARN_DIRECT_OBJC_ISA_USAGE = YES_ERROR;
				CLANG_WARN_EMPTY_BODY = YES;
				CLANG_WARN_ENUM_CONVERSION = YES;
				CLANG_WARN_INFINITE_RECURSION = YES;
				CLANG_WARN_INT_CONVERSION = YES;
				CLANG_WARN_OBJC_ROOT_CLASS = YES_ERROR;
				CLANG_WARN_SUSPICIOUS_MOVE = YES;
				CLANG_WARN_UNREACHABLE_CODE = YES;
				CLANG_WARN__DUPLICATE_METHOD_MATCH = YES;
				CODE_SIGN_IDENTITY = "-";
				COPY_PHASE_STRIP = NO;
				DEBUG_INFORMATION_FORMAT = dwarf;
				ENABLE_STRICT_OBJC_MSGSEND = YES;
				ENABLE_TESTABILITY = YES;
				GCC_C_LANGUAGE_STANDARD = gnu99;
				GCC_DYNAMIC_NO_PIC = NO;
				GCC_NO_COMMON_BLOCKS = YES;
				GCC_OPTIMIZATION_LEVEL = 0;
				GCC_PREPROCESSOR_DEFINITIONS = (
					"DEBUG=1",
					"$(inherited)",
				);
				GCC_WARN_64_TO_32_BIT_CONVERSION = YES;
				GCC_WARN_ABOUT_RETURN_TYPE = YES_ERROR;
				GCC_WARN_UNDECLARED_SELECTOR = YES;
				GCC_WARN_UNINITIALIZED_AUTOS = YES_AGGRESSIVE;
				GCC_WARN_UNUSED_FUNCTION = YES;
				GCC_WARN_UNUSED_VARIABLE = YES;
				MACOSX_DEPLOYMENT_TARGET = 10.11;
				MTL_ENABLE_DEBUG_INFO = YES;
				ONLY_ACTIVE_ARCH = YES;
				SDKROOT = macosx;
				SWIFT_OPTIMIZATION_LEVEL = "-Onone";
			};
			name = Debug;
		};
		655A5A611D4C555500E15E1F /* Release */ = {
			isa = XCBuildConfiguration;
			buildSettings = {
				ALWAYS_SEARCH_USER_PATHS = NO;
				CLANG_ANALYZER_NONNULL = YES;
				CLANG_CXX_LANGUAGE_STANDARD = "gnu++0x";
				CLANG_CXX_LIBRARY = "libc++";
				CLANG_ENABLE_MODULES = YES;
				CLANG_ENABLE_OBJC_ARC = YES;
				CLANG_WARN_BOOL_CONVERSION = YES;
				CLANG_WARN_CONSTANT_CONVERSION = YES;
				CLANG_WARN_DIRECT_OBJC_ISA_USAGE = YES_ERROR;
				CLANG_WARN_EMPTY_BODY = YES;
				CLANG_WARN_ENUM_CONVERSION = YES;
				CLANG_WARN_INFINITE_RECURSION = YES;
				CLANG_WARN_INT_CONVERSION = YES;
				CLANG_WARN_OBJC_ROOT_CLASS = YES_ERROR;
				CLANG_WARN_SUSPICIOUS_MOVE = YES;
				CLANG_WARN_UNREACHABLE_CODE = YES;
				CLANG_WARN__DUPLICATE_METHOD_MATCH = YES;
				CODE_SIGN_IDENTITY = "-";
				COPY_PHASE_STRIP = NO;
				DEBUG_INFORMATION_FORMAT = "dwarf-with-dsym";
				ENABLE_NS_ASSERTIONS = NO;
				ENABLE_STRICT_OBJC_MSGSEND = YES;
				GCC_C_LANGUAGE_STANDARD = gnu99;
				GCC_NO_COMMON_BLOCKS = YES;
				GCC_WARN_64_TO_32_BIT_CONVERSION = YES;
				GCC_WARN_ABOUT_RETURN_TYPE = YES_ERROR;
				GCC_WARN_UNDECLARED_SELECTOR = YES;
				GCC_WARN_UNINITIALIZED_AUTOS = YES_AGGRESSIVE;
				GCC_WARN_UNUSED_FUNCTION = YES;
				GCC_WARN_UNUSED_VARIABLE = YES;
				MACOSX_DEPLOYMENT_TARGET = 10.11;
				MTL_ENABLE_DEBUG_INFO = NO;
				SDKROOT = macosx;
				SWIFT_OPTIMIZATION_LEVEL = "-Owholemodule";
			};
			name = Release;
		};
		655A5A631D4C555500E15E1F /* Debug */ = {
			isa = XCBuildConfiguration;
			buildSettings = {
				ASSETCATALOG_COMPILER_APPICON_NAME = AppIcon;
				COMBINE_HIDPI_IMAGES = YES;
				FRAMEWORK_SEARCH_PATHS = (
					"$(inherited)",
					"$(PROJECT_DIR)/Carthage/Build/Mac",
				);
				INFOPLIST_FILE = Defender/Info.plist;
				LD_RUNPATH_SEARCH_PATHS = "$(inherited) @executable_path/../Frameworks";
				PRODUCT_BUNDLE_IDENTIFIER = uk.co.gordonknight.Defender;
				PRODUCT_NAME = "$(TARGET_NAME)";
				SWIFT_VERSION = 3.0;
			};
			name = Debug;
		};
		655A5A641D4C555500E15E1F /* Release */ = {
			isa = XCBuildConfiguration;
			buildSettings = {
				ASSETCATALOG_COMPILER_APPICON_NAME = AppIcon;
				COMBINE_HIDPI_IMAGES = YES;
				FRAMEWORK_SEARCH_PATHS = (
					"$(inherited)",
					"$(PROJECT_DIR)/Carthage/Build/Mac",
				);
				INFOPLIST_FILE = Defender/Info.plist;
				LD_RUNPATH_SEARCH_PATHS = "$(inherited) @executable_path/../Frameworks";
				PRODUCT_BUNDLE_IDENTIFIER = uk.co.gordonknight.Defender;
				PRODUCT_NAME = "$(TARGET_NAME)";
				SWIFT_VERSION = 3.0;
			};
			name = Release;
		};
		655A5A661D4C555500E15E1F /* Debug */ = {
			isa = XCBuildConfiguration;
			buildSettings = {
				BUNDLE_LOADER = "$(TEST_HOST)";
				COMBINE_HIDPI_IMAGES = YES;
				FRAMEWORK_SEARCH_PATHS = (
					"$(inherited)",
					"$(PROJECT_DIR)/Carthage/Build/Mac",
				);
				INFOPLIST_FILE = DefenderTests/Info.plist;
				LD_RUNPATH_SEARCH_PATHS = "$(inherited) @executable_path/../Frameworks @loader_path/../Frameworks";
				PRODUCT_BUNDLE_IDENTIFIER = uk.co.gordonknight.DefenderTests;
				PRODUCT_NAME = "$(TARGET_NAME)";
				SWIFT_VERSION = 3.0;
				TEST_HOST = "$(BUILT_PRODUCTS_DIR)/Defender.app/Contents/MacOS/Defender";
			};
			name = Debug;
		};
		655A5A671D4C555500E15E1F /* Release */ = {
			isa = XCBuildConfiguration;
			buildSettings = {
				BUNDLE_LOADER = "$(TEST_HOST)";
				COMBINE_HIDPI_IMAGES = YES;
				FRAMEWORK_SEARCH_PATHS = (
					"$(inherited)",
					"$(PROJECT_DIR)/Carthage/Build/Mac",
				);
				INFOPLIST_FILE = DefenderTests/Info.plist;
				LD_RUNPATH_SEARCH_PATHS = "$(inherited) @executable_path/../Frameworks @loader_path/../Frameworks";
				PRODUCT_BUNDLE_IDENTIFIER = uk.co.gordonknight.DefenderTests;
				PRODUCT_NAME = "$(TARGET_NAME)";
				SWIFT_VERSION = 3.0;
				TEST_HOST = "$(BUILT_PRODUCTS_DIR)/Defender.app/Contents/MacOS/Defender";
			};
			name = Release;
		};
		655A5A691D4C555500E15E1F /* Debug */ = {
			isa = XCBuildConfiguration;
			buildSettings = {
				COMBINE_HIDPI_IMAGES = YES;
				INFOPLIST_FILE = DefenderUITests/Info.plist;
				LD_RUNPATH_SEARCH_PATHS = "$(inherited) @executable_path/../Frameworks @loader_path/../Frameworks";
				PRODUCT_BUNDLE_IDENTIFIER = uk.co.gordonknight.DefenderUITests;
				PRODUCT_NAME = "$(TARGET_NAME)";
				SWIFT_VERSION = 3.0;
				TEST_TARGET_NAME = Defender;
			};
			name = Debug;
		};
		655A5A6A1D4C555500E15E1F /* Release */ = {
			isa = XCBuildConfiguration;
			buildSettings = {
				COMBINE_HIDPI_IMAGES = YES;
				INFOPLIST_FILE = DefenderUITests/Info.plist;
				LD_RUNPATH_SEARCH_PATHS = "$(inherited) @executable_path/../Frameworks @loader_path/../Frameworks";
				PRODUCT_BUNDLE_IDENTIFIER = uk.co.gordonknight.DefenderUITests;
				PRODUCT_NAME = "$(TARGET_NAME)";
				SWIFT_VERSION = 3.0;
				TEST_TARGET_NAME = Defender;
			};
			name = Release;
		};
/* End XCBuildConfiguration section */

/* Begin XCConfigurationList section */
		655A5A381D4C555400E15E1F /* Build configuration list for PBXProject "Defender" */ = {
			isa = XCConfigurationList;
			buildConfigurations = (
				655A5A601D4C555500E15E1F /* Debug */,
				655A5A611D4C555500E15E1F /* Release */,
			);
			defaultConfigurationIsVisible = 0;
			defaultConfigurationName = Release;
		};
		655A5A621D4C555500E15E1F /* Build configuration list for PBXNativeTarget "Defender" */ = {
			isa = XCConfigurationList;
			buildConfigurations = (
				655A5A631D4C555500E15E1F /* Debug */,
				655A5A641D4C555500E15E1F /* Release */,
			);
			defaultConfigurationIsVisible = 0;
			defaultConfigurationName = Release;
		};
		655A5A651D4C555500E15E1F /* Build configuration list for PBXNativeTarget "DefenderTests" */ = {
			isa = XCConfigurationList;
			buildConfigurations = (
				655A5A661D4C555500E15E1F /* Debug */,
				655A5A671D4C555500E15E1F /* Release */,
			);
			defaultConfigurationIsVisible = 0;
			defaultConfigurationName = Release;
		};
		655A5A681D4C555500E15E1F /* Build configuration list for PBXNativeTarget "DefenderUITests" */ = {
			isa = XCConfigurationList;
			buildConfigurations = (
				655A5A691D4C555500E15E1F /* Debug */,
				655A5A6A1D4C555500E15E1F /* Release */,
			);
			defaultConfigurationIsVisible = 0;
			defaultConfigurationName = Release;
		};
/* End XCConfigurationList section */
	};
	rootObject = 655A5A351D4C555400E15E1F /* Project object */;
}
