// !$*UTF8*$!
{
	archiveVersion = 1;
	classes = {
	};
	objectVersion = 46;
	objects = {

/* Begin PBXBuildFile section */
		6501BEB61E46C856009469E6 /* DXPresetList.swift in Sources */ = {isa = PBXBuildFile; fileRef = 6501BEB51E46C855009469E6 /* DXPresetList.swift */; };
		6507759A1DE95DD200F5040C /* Flogger.framework in Frameworks */ = {isa = PBXBuildFile; fileRef = 650775991DE95DD100F5040C /* Flogger.framework */; };
		6507759C1DE9609100F5040C /* XCGLogger.framework in Frameworks */ = {isa = PBXBuildFile; fileRef = 6507759B1DE9609100F5040C /* XCGLogger.framework */; };
		650775A81DEA3DB000F5040C /* NSLogger.framework in Frameworks */ = {isa = PBXBuildFile; fileRef = 650775A71DEA3DB000F5040C /* NSLogger.framework */; };
		652564491DA8972A00ACCD4B /* PedalKnobControl.swift in Sources */ = {isa = PBXBuildFile; fileRef = 652564481DA8972A00ACCD4B /* PedalKnobControl.swift */; };
		6525644B1DA89FCD00ACCD4B /* EffectKnobControl.swift in Sources */ = {isa = PBXBuildFile; fileRef = 6525644A1DA89FCD00ACCD4B /* EffectKnobControl.swift */; };
		65426BA21DB0930300E54D35 /* KnobBaseControl.swift in Sources */ = {isa = PBXBuildFile; fileRef = 65426BA11DB0930300E54D35 /* KnobBaseControl.swift */; };
		655602AA1E009FE5004A4CD4 /* CabinetSlotControl.swift in Sources */ = {isa = PBXBuildFile; fileRef = 655602A91E009FE4004A4CD4 /* CabinetSlotControl.swift */; };
		655602AC1E00A041004A4CD4 /* CabinetVC.swift in Sources */ = {isa = PBXBuildFile; fileRef = 655602AB1E00A041004A4CD4 /* CabinetVC.swift */; };
		655602B01E00A3E1004A4CD4 /* Cabinet.storyboard in Resources */ = {isa = PBXBuildFile; fileRef = 655602AF1E00A3E1004A4CD4 /* Cabinet.storyboard */; };
		655602B21E0117A8004A4CD4 /* NSColor+Colours.swift in Sources */ = {isa = PBXBuildFile; fileRef = 655602B11E0117A8004A4CD4 /* NSColor+Colours.swift */; };
		655602B41E013A85004A4CD4 /* CabinetControl.swift in Sources */ = {isa = PBXBuildFile; fileRef = 655602B31E013A85004A4CD4 /* CabinetControl.swift */; };
		655A5A411D4C555400E15E1F /* AppDelegate.swift in Sources */ = {isa = PBXBuildFile; fileRef = 655A5A401D4C555400E15E1F /* AppDelegate.swift */; };
		655A5A431D4C555500E15E1F /* MainVC.swift in Sources */ = {isa = PBXBuildFile; fileRef = 655A5A421D4C555500E15E1F /* MainVC.swift */; };
		655A5A451D4C555500E15E1F /* Assets.xcassets in Resources */ = {isa = PBXBuildFile; fileRef = 655A5A441D4C555500E15E1F /* Assets.xcassets */; };
		655A5A481D4C555500E15E1F /* Main.storyboard in Resources */ = {isa = PBXBuildFile; fileRef = 655A5A461D4C555500E15E1F /* Main.storyboard */; };
		655A5A531D4C555500E15E1F /* DefenderTests.swift in Sources */ = {isa = PBXBuildFile; fileRef = 655A5A521D4C555500E15E1F /* DefenderTests.swift */; };
		656A5ABB1DA880B700B7BE3E /* LEDControl.swift in Sources */ = {isa = PBXBuildFile; fileRef = 656A5ABA1DA880B700B7BE3E /* LEDControl.swift */; };
		656A5ABD1DA883BB00B7BE3E /* NSColor+Brightness.swift in Sources */ = {isa = PBXBuildFile; fileRef = 656A5ABC1DA883BB00B7BE3E /* NSColor+Brightness.swift */; };
		657C3AC81D56DB8E002DEF17 /* AmpKnobControl.swift in Sources */ = {isa = PBXBuildFile; fileRef = 657C3AC71D56DB8E002DEF17 /* AmpKnobControl.swift */; };
		657C3AD01D5C46E6002DEF17 /* DisplayVC.swift in Sources */ = {isa = PBXBuildFile; fileRef = 657C3ACF1D5C46E6002DEF17 /* DisplayVC.swift */; };
		657C3AD61D5C50B8002DEF17 /* Display.storyboard in Resources */ = {isa = PBXBuildFile; fileRef = 657C3AD41D5C50B8002DEF17 /* Display.storyboard */; };
		6581F99D1D4C5D97005BB5C9 /* ObjectMapper.framework in Frameworks */ = {isa = PBXBuildFile; fileRef = 6581F99B1D4C5D97005BB5C9 /* ObjectMapper.framework */; };
		658CEBF31DA0D8AA006890A4 /* ObjectMapper.framework in Frameworks */ = {isa = PBXBuildFile; fileRef = 6581F99B1D4C5D97005BB5C9 /* ObjectMapper.framework */; };
		658CEC031DA35E63006890A4 /* PedalVC.swift in Sources */ = {isa = PBXBuildFile; fileRef = 658CEC021DA35E63006890A4 /* PedalVC.swift */; };
		658CEC051DA35E81006890A4 /* EffectVC.swift in Sources */ = {isa = PBXBuildFile; fileRef = 658CEC041DA35E81006890A4 /* EffectVC.swift */; };
		658CEC0B1DA36977006890A4 /* EffectControl.swift in Sources */ = {isa = PBXBuildFile; fileRef = 658CEC0A1DA36977006890A4 /* EffectControl.swift */; };
		658CEC0D1DA36AAA006890A4 /* PedalBodyControl.swift in Sources */ = {isa = PBXBuildFile; fileRef = 658CEC0C1DA36AAA006890A4 /* PedalBodyControl.swift */; };
		658CEC0F1DA36D85006890A4 /* Enums.swift in Sources */ = {isa = PBXBuildFile; fileRef = 658CEC0E1DA36D85006890A4 /* Enums.swift */; };
		658CEC111DA44B97006890A4 /* EffectSlotControl.swift in Sources */ = {isa = PBXBuildFile; fileRef = 658CEC101DA44B97006890A4 /* EffectSlotControl.swift */; };
		658D10E21DB73BA3008C3A45 /* ShadeControl.swift in Sources */ = {isa = PBXBuildFile; fileRef = 658D10E11DB73BA3008C3A45 /* ShadeControl.swift */; };
		65A65BA21DA4740400EDCA32 /* PedalPadControl.swift in Sources */ = {isa = PBXBuildFile; fileRef = 65A65BA11DA4740400EDCA32 /* PedalPadControl.swift */; };
		65B0A8FE1ECA73E500A9BEE0 /* ObjcExceptionBridging.framework in Frameworks */ = {isa = PBXBuildFile; fileRef = 65B0A8FD1ECA73E500A9BEE0 /* ObjcExceptionBridging.framework */; };
		65B37C961DD1A8ED00433B89 /* ArrowButtonCell.swift in Sources */ = {isa = PBXBuildFile; fileRef = 65B37C951DD1A8EC00433B89 /* ArrowButtonCell.swift */; };
		65B37C981DD1AC6500433B89 /* ArrowButtonControl.swift in Sources */ = {isa = PBXBuildFile; fileRef = 65B37C971DD1AC6400433B89 /* ArrowButtonControl.swift */; };
		65B37CB71DD6D05400433B89 /* FuseDocumentIcon.icns in Resources */ = {isa = PBXBuildFile; fileRef = 65B37CB61DD6D05400433B89 /* FuseDocumentIcon.icns */; };
		65B37CBA1DD7CCA800433B89 /* RemoteManager.swift in Sources */ = {isa = PBXBuildFile; fileRef = 65B37CB91DD7CCA800433B89 /* RemoteManager.swift */; };
		65B37CBC1DD7D0B400433B89 /* BluetoothKit.framework in Frameworks */ = {isa = PBXBuildFile; fileRef = 65B37CBB1DD7D0B400433B89 /* BluetoothKit.framework */; };
		65B37D201DD7F3D100433B89 /* BluetoothKit.framework in Frameworks */ = {isa = PBXBuildFile; fileRef = 65B37CBB1DD7D0B400433B89 /* BluetoothKit.framework */; };
		65B37D531DD800B500433B89 /* RemoteDefender.framework in Frameworks */ = {isa = PBXBuildFile; fileRef = 65B37D511DD8009D00433B89 /* RemoteDefender.framework */; };
		65B37D541DD800B700433B89 /* RemoteDefender.framework in Frameworks */ = {isa = PBXBuildFile; fileRef = 65B37D511DD8009D00433B89 /* RemoteDefender.framework */; };
		65C954FE1ECE571B005FA7A3 /* BOAmplifier.swift in Sources */ = {isa = PBXBuildFile; fileRef = 65C954A91ECE571B005FA7A3 /* BOAmplifier.swift */; };
		65C954FF1ECE571B005FA7A3 /* BOAudioDevice.swift in Sources */ = {isa = PBXBuildFile; fileRef = 65C954AA1ECE571B005FA7A3 /* BOAudioDevice.swift */; };
		65C955001ECE571B005FA7A3 /* BOBand.swift in Sources */ = {isa = PBXBuildFile; fileRef = 65C954AB1ECE571B005FA7A3 /* BOBand.swift */; };
		65C955011ECE571B005FA7A3 /* BOEffect.swift in Sources */ = {isa = PBXBuildFile; fileRef = 65C954AC1ECE571B005FA7A3 /* BOEffect.swift */; };
		65C955021ECE571B005FA7A3 /* BOFuse.swift in Sources */ = {isa = PBXBuildFile; fileRef = 65C954AD1ECE571B005FA7A3 /* BOFuse.swift */; };
		65C955031ECE571B005FA7A3 /* BOHIDDevice.swift in Sources */ = {isa = PBXBuildFile; fileRef = 65C954AE1ECE571B005FA7A3 /* BOHIDDevice.swift */; };
		65C955041ECE571B005FA7A3 /* BOInfo.swift in Sources */ = {isa = PBXBuildFile; fileRef = 65C954AF1ECE571B005FA7A3 /* BOInfo.swift */; };
		65C955051ECE571B005FA7A3 /* BOKnob.swift in Sources */ = {isa = PBXBuildFile; fileRef = 65C954B01ECE571B005FA7A3 /* BOKnob.swift */; };
		65C955061ECE571B005FA7A3 /* BOPreset.swift in Sources */ = {isa = PBXBuildFile; fileRef = 65C954B11ECE571B005FA7A3 /* BOPreset.swift */; };
		65C955071ECE571B005FA7A3 /* BOSearchItem.swift in Sources */ = {isa = PBXBuildFile; fileRef = 65C954B21ECE571B005FA7A3 /* BOSearchItem.swift */; };
		65C955081ECE571B005FA7A3 /* BOSearchItemData.swift in Sources */ = {isa = PBXBuildFile; fileRef = 65C954B31ECE571B005FA7A3 /* BOSearchItemData.swift */; };
		65C955091ECE571B005FA7A3 /* BOSearchPagination.swift in Sources */ = {isa = PBXBuildFile; fileRef = 65C954B41ECE571B005FA7A3 /* BOSearchPagination.swift */; };
		65C9550A1ECE571B005FA7A3 /* BOSearchResponse.swift in Sources */ = {isa = PBXBuildFile; fileRef = 65C954B51ECE571B005FA7A3 /* BOSearchResponse.swift */; };
		65C9550B1ECE571B005FA7A3 /* BOSongFile.swift in Sources */ = {isa = PBXBuildFile; fileRef = 65C954B61ECE571B005FA7A3 /* BOSongFile.swift */; };
		65C9550C1ECE571B005FA7A3 /* BOUSBDevice.swift in Sources */ = {isa = PBXBuildFile; fileRef = 65C954B71ECE571B005FA7A3 /* BOUSBDevice.swift */; };
		65C9550D1ECE571B005FA7A3 /* MustangController.swift in Sources */ = {isa = PBXBuildFile; fileRef = 65C954B81ECE571B005FA7A3 /* MustangController.swift */; };
		65C9550E1ECE571B005FA7A3 /* AgentProtocols.swift in Sources */ = {isa = PBXBuildFile; fileRef = 65C954BA1ECE571B005FA7A3 /* AgentProtocols.swift */; };
		65C9550F1ECE571B005FA7A3 /* BaseServiceAgent.swift in Sources */ = {isa = PBXBuildFile; fileRef = 65C954BB1ECE571B005FA7A3 /* BaseServiceAgent.swift */; };
		65C955101ECE571B005FA7A3 /* AmpMockAgent.swift in Sources */ = {isa = PBXBuildFile; fileRef = 65C954BD1ECE571B005FA7A3 /* AmpMockAgent.swift */; };
		65C955111ECE571B005FA7A3 /* AudioMockAgent.swift in Sources */ = {isa = PBXBuildFile; fileRef = 65C954BE1ECE571B005FA7A3 /* AudioMockAgent.swift */; };
		65C955121ECE571B005FA7A3 /* FileMockAgent.swift in Sources */ = {isa = PBXBuildFile; fileRef = 65C954BF1ECE571B005FA7A3 /* FileMockAgent.swift */; };
		65C955131ECE571B005FA7A3 /* M2_Preset0.fuse in Resources */ = {isa = PBXBuildFile; fileRef = 65C954C11ECE571B005FA7A3 /* M2_Preset0.fuse */; };
		65C955141ECE571B005FA7A3 /* M2_Preset1.fuse in Resources */ = {isa = PBXBuildFile; fileRef = 65C954C21ECE571B005FA7A3 /* M2_Preset1.fuse */; };
		65C955151ECE571B005FA7A3 /* M2_Preset10.fuse in Resources */ = {isa = PBXBuildFile; fileRef = 65C954C31ECE571B005FA7A3 /* M2_Preset10.fuse */; };
		65C955161ECE571B005FA7A3 /* M2_Preset97.fuse in Resources */ = {isa = PBXBuildFile; fileRef = 65C954C41ECE571B005FA7A3 /* M2_Preset97.fuse */; };
		65C955171ECE571B005FA7A3 /* MU_Clapton-Cocaine.fuse in Resources */ = {isa = PBXBuildFile; fileRef = 65C954C51ECE571B005FA7A3 /* MU_Clapton-Cocaine.fuse */; };
		65C955181ECE571B005FA7A3 /* MU_Claptons Tweed2.fuse in Resources */ = {isa = PBXBuildFile; fileRef = 65C954C61ECE571B005FA7A3 /* MU_Claptons Tweed2.fuse */; };
		65C955191ECE571B005FA7A3 /* MustangMockData.swift in Sources */ = {isa = PBXBuildFile; fileRef = 65C954C71ECE571B005FA7A3 /* MustangMockData.swift */; };
		65C9551A1ECE571B005FA7A3 /* USBMockAgent.swift in Sources */ = {isa = PBXBuildFile; fileRef = 65C954C81ECE571B005FA7A3 /* USBMockAgent.swift */; };
		65C9551B1ECE571B005FA7A3 /* WebMockAgent.swift in Sources */ = {isa = PBXBuildFile; fileRef = 65C954C91ECE571B005FA7A3 /* WebMockAgent.swift */; };
		65C9551C1ECE571B005FA7A3 /* DLAmplifier.swift in Sources */ = {isa = PBXBuildFile; fileRef = 65C954CB1ECE571B005FA7A3 /* DLAmplifier.swift */; };
		65C9551D1ECE571B005FA7A3 /* DLAudioDevice.swift in Sources */ = {isa = PBXBuildFile; fileRef = 65C954CC1ECE571B005FA7A3 /* DLAudioDevice.swift */; };
		65C9551E1ECE571B005FA7A3 /* DLBand.swift in Sources */ = {isa = PBXBuildFile; fileRef = 65C954CD1ECE571B005FA7A3 /* DLBand.swift */; };
		65C9551F1ECE571B005FA7A3 /* DLEffect.swift in Sources */ = {isa = PBXBuildFile; fileRef = 65C954CE1ECE571B005FA7A3 /* DLEffect.swift */; };
		65C955201ECE571B005FA7A3 /* DLExpressionPedal.swift in Sources */ = {isa = PBXBuildFile; fileRef = 65C954CF1ECE571B005FA7A3 /* DLExpressionPedal.swift */; };
		65C955211ECE571B005FA7A3 /* DLFuse.swift in Sources */ = {isa = PBXBuildFile; fileRef = 65C954D01ECE571B005FA7A3 /* DLFuse.swift */; };
		65C955221ECE571B005FA7A3 /* DLHIDDevice.swift in Sources */ = {isa = PBXBuildFile; fileRef = 65C954D11ECE571B005FA7A3 /* DLHIDDevice.swift */; };
		65C955231ECE571B005FA7A3 /* DLInfo.swift in Sources */ = {isa = PBXBuildFile; fileRef = 65C954D21ECE571B005FA7A3 /* DLInfo.swift */; };
		65C955241ECE571B005FA7A3 /* DLKnob.swift in Sources */ = {isa = PBXBuildFile; fileRef = 65C954D31ECE571B005FA7A3 /* DLKnob.swift */; };
		65C955251ECE571B005FA7A3 /* DLPreset.swift in Sources */ = {isa = PBXBuildFile; fileRef = 65C954D41ECE571B005FA7A3 /* DLPreset.swift */; };
		65C955261ECE571B005FA7A3 /* DLSearchData.swift in Sources */ = {isa = PBXBuildFile; fileRef = 65C954D51ECE571B005FA7A3 /* DLSearchData.swift */; };
		65C955271ECE571B005FA7A3 /* DLSearchItem.swift in Sources */ = {isa = PBXBuildFile; fileRef = 65C954D61ECE571B005FA7A3 /* DLSearchItem.swift */; };
		65C955281ECE571B005FA7A3 /* DLSearchItemData.swift in Sources */ = {isa = PBXBuildFile; fileRef = 65C954D71ECE571B005FA7A3 /* DLSearchItemData.swift */; };
		65C955291ECE571B005FA7A3 /* DLSearchPagination.swift in Sources */ = {isa = PBXBuildFile; fileRef = 65C954D81ECE571B005FA7A3 /* DLSearchPagination.swift */; };
		65C9552A1ECE571B005FA7A3 /* DLSearchResponse.swift in Sources */ = {isa = PBXBuildFile; fileRef = 65C954D91ECE571B005FA7A3 /* DLSearchResponse.swift */; };
		65C9552B1ECE571B005FA7A3 /* DLSearchResult.swift in Sources */ = {isa = PBXBuildFile; fileRef = 65C954DA1ECE571B005FA7A3 /* DLSearchResult.swift */; };
		65C9552C1ECE571B005FA7A3 /* DLSearchResults.swift in Sources */ = {isa = PBXBuildFile; fileRef = 65C954DB1ECE571B005FA7A3 /* DLSearchResults.swift */; };
		65C9552D1ECE571B005FA7A3 /* DLSongFile.swift in Sources */ = {isa = PBXBuildFile; fileRef = 65C954DC1ECE571B005FA7A3 /* DLSongFile.swift */; };
		65C9552E1ECE571B005FA7A3 /* DLUSBDevice.swift in Sources */ = {isa = PBXBuildFile; fileRef = 65C954DD1ECE571B005FA7A3 /* DLUSBDevice.swift */; };
		65C9552F1ECE571B005FA7A3 /* MustangAgent.swift in Sources */ = {isa = PBXBuildFile; fileRef = 65C954DE1ECE571B005FA7A3 /* MustangAgent.swift */; };
		65C955301ECE571B005FA7A3 /* AmpServiceAgent.swift in Sources */ = {isa = PBXBuildFile; fileRef = 65C954E01ECE571B005FA7A3 /* AmpServiceAgent.swift */; };
		65C955311ECE571B005FA7A3 /* AudioServiceAgent.swift in Sources */ = {isa = PBXBuildFile; fileRef = 65C954E11ECE571B005FA7A3 /* AudioServiceAgent.swift */; };
		65C955321ECE571B005FA7A3 /* FileServiceAgent.swift in Sources */ = {isa = PBXBuildFile; fileRef = 65C954E21ECE571B005FA7A3 /* FileServiceAgent.swift */; };
		65C955331ECE571B005FA7A3 /* HIDServiceAgent.swift in Sources */ = {isa = PBXBuildFile; fileRef = 65C954E31ECE571B005FA7A3 /* HIDServiceAgent.swift */; };
		65C955341ECE571B005FA7A3 /* USBServiceAgent.swift in Sources */ = {isa = PBXBuildFile; fileRef = 65C954E41ECE571B005FA7A3 /* USBServiceAgent.swift */; };
		65C955351ECE571B005FA7A3 /* WebServiceAgent.swift in Sources */ = {isa = PBXBuildFile; fileRef = 65C954E51ECE571B005FA7A3 /* WebServiceAgent.swift */; };
		65C955361ECE571B005FA7A3 /* StorageAgent.swift in Sources */ = {isa = PBXBuildFile; fileRef = 65C954E61ECE571B005FA7A3 /* StorageAgent.swift */; };
		65C955371ECE571B005FA7A3 /* Dictionary+merge.swift in Sources */ = {isa = PBXBuildFile; fileRef = 65C954E81ECE571B005FA7A3 /* Dictionary+merge.swift */; };
		65C955381ECE571B005FA7A3 /* Uint16+UInt8.swift in Sources */ = {isa = PBXBuildFile; fileRef = 65C954E91ECE571B005FA7A3 /* Uint16+UInt8.swift */; };
		65C955391ECE571B005FA7A3 /* XMLElement+child.swift in Sources */ = {isa = PBXBuildFile; fileRef = 65C954EA1ECE571B005FA7A3 /* XMLElement+child.swift */; };
		65C9553A1ECE571B005FA7A3 /* XMLNode+value.swift in Sources */ = {isa = PBXBuildFile; fileRef = 65C954EB1ECE571B005FA7A3 /* XMLNode+value.swift */; };
		65C9553B1ECE571B005FA7A3 /* fender_mustang_protocol.txt in Resources */ = {isa = PBXBuildFile; fileRef = 65C954EC1ECE571B005FA7A3 /* fender_mustang_protocol.txt */; };
		65C9554A1ECE571B005FA7A3 /* Mustang.swift in Sources */ = {isa = PBXBuildFile; fileRef = 65C954FD1ECE571B005FA7A3 /* Mustang.swift */; };
		65EF3B3C1DCD8F7A00A01153 /* AFNetworking.framework in Frameworks */ = {isa = PBXBuildFile; fileRef = 65EF3B3B1DCD8F7A00A01153 /* AFNetworking.framework */; };
		65EF3B3D1DCD8F8500A01153 /* AFNetworking.framework in Frameworks */ = {isa = PBXBuildFile; fileRef = 65EF3B3B1DCD8F7A00A01153 /* AFNetworking.framework */; };
		65F69F131DDD70EE0017188D /* DXAmplifier.swift in Sources */ = {isa = PBXBuildFile; fileRef = 65F69F121DDD70EE0017188D /* DXAmplifier.swift */; };
		65F69F161DDD71AB0017188D /* DXAmplifier+DTO.swift in Sources */ = {isa = PBXBuildFile; fileRef = 65F69F151DDD71AB0017188D /* DXAmplifier+DTO.swift */; };
		65F69F1A1DDD75090017188D /* Transferable.swift in Sources */ = {isa = PBXBuildFile; fileRef = 65F69F191DDD75090017188D /* Transferable.swift */; };
		65F69F221DDED2290017188D /* DXPreset.swift in Sources */ = {isa = PBXBuildFile; fileRef = 65F69F211DDED2290017188D /* DXPreset.swift */; };
		65F69F241DDED4B10017188D /* DXPreset+DTO.swift in Sources */ = {isa = PBXBuildFile; fileRef = 65F69F231DDED4B10017188D /* DXPreset+DTO.swift */; };
		65F69F261DE009F70017188D /* DXEffect.swift in Sources */ = {isa = PBXBuildFile; fileRef = 65F69F251DE009F70017188D /* DXEffect.swift */; };
		65F69F281DE00BBD0017188D /* DXEffect+DTO.swift in Sources */ = {isa = PBXBuildFile; fileRef = 65F69F271DE00BBD0017188D /* DXEffect+DTO.swift */; };
		65F69F321DE14CC80017188D /* AppViewControl.swift in Sources */ = {isa = PBXBuildFile; fileRef = 65F69F311DE14CC80017188D /* AppViewControl.swift */; };
		65F69F341DE7F5C90017188D /* ColouredTextField.swift in Sources */ = {isa = PBXBuildFile; fileRef = 65F69F331DE7F5C90017188D /* ColouredTextField.swift */; };
		65F69F361DE7F7DD0017188D /* SecureColouredTextField.swift in Sources */ = {isa = PBXBuildFile; fileRef = 65F69F351DE7F7DD0017188D /* SecureColouredTextField.swift */; };
		65FA11911DF3DFFE00FBD280 /* DXKnob+DTO.swift in Sources */ = {isa = PBXBuildFile; fileRef = 65FA11901DF3DFFC00FBD280 /* DXKnob+DTO.swift */; };
		65FA11931DF3E16D00FBD280 /* DXKnob.swift in Sources */ = {isa = PBXBuildFile; fileRef = 65FA11921DF3E16D00FBD280 /* DXKnob.swift */; };
		71602D7C1DD52284003E2D49 /* PresetDocument.swift in Sources */ = {isa = PBXBuildFile; fileRef = 71602D7B1DD52284003E2D49 /* PresetDocument.swift */; };
		7167FEDA1D58032C0059A276 /* NSImage+Colour.swift in Sources */ = {isa = PBXBuildFile; fileRef = 7167FED91D58032C0059A276 /* NSImage+Colour.swift */; };
		7167FEDC1D5815270059A276 /* DisplayControl.swift in Sources */ = {isa = PBXBuildFile; fileRef = 7167FEDB1D5815270059A276 /* DisplayControl.swift */; };
		7167FF3E1D592E070059A276 /* WheelControl.swift in Sources */ = {isa = PBXBuildFile; fileRef = 7167FF3D1D592E070059A276 /* WheelControl.swift */; };
		7167FFD01D595DC70059A276 /* ActionButtonCell.swift in Sources */ = {isa = PBXBuildFile; fileRef = 7167FFCF1D595DC70059A276 /* ActionButtonCell.swift */; };
		717C2DD71DE7AC7300DA68FD /* AmpManager.swift in Sources */ = {isa = PBXBuildFile; fileRef = 717C2DD61DE7AC7300DA68FD /* AmpManager.swift */; };
		718C89651DCFCBBA00BC12E8 /* WebSlotControl.swift in Sources */ = {isa = PBXBuildFile; fileRef = 718C89641DCFCBBA00BC12E8 /* WebSlotControl.swift */; };
		718C89C51DD122D300BC12E8 /* WebHeaderCell.swift in Sources */ = {isa = PBXBuildFile; fileRef = 718C89C41DD122D300BC12E8 /* WebHeaderCell.swift */; };
		7194EA3A1DCFC5E7004E2D9C /* WebVC.swift in Sources */ = {isa = PBXBuildFile; fileRef = 7194EA391DCFC5E7004E2D9C /* WebVC.swift */; };
		7194EA3D1DCFC61E004E2D9C /* Web.storyboard in Resources */ = {isa = PBXBuildFile; fileRef = 7194EA3B1DCFC61E004E2D9C /* Web.storyboard */; };
		7194EA3E1DCFC62C004E2D9C /* Pedal.storyboard in Resources */ = {isa = PBXBuildFile; fileRef = 7194EA401DCFC62C004E2D9C /* Pedal.storyboard */; };
		7194EA411DCFC631004E2D9C /* Effect.storyboard in Resources */ = {isa = PBXBuildFile; fileRef = 7194EA431DCFC631004E2D9C /* Effect.storyboard */; };
		7198C5F11DDE9D3C003238D7 /* DXMessage.swift in Sources */ = {isa = PBXBuildFile; fileRef = 7198C5F01DDE9D3C003238D7 /* DXMessage.swift */; };
		71CD6D881D59714A006BD6DF /* ActionButtonControl.swift in Sources */ = {isa = PBXBuildFile; fileRef = 71CD6D871D59714A006BD6DF /* ActionButtonControl.swift */; };
/* End PBXBuildFile section */

/* Begin PBXContainerItemProxy section */
		655A5A4F1D4C555500E15E1F /* PBXContainerItemProxy */ = {
			isa = PBXContainerItemProxy;
			containerPortal = 655A5A351D4C555400E15E1F /* Project object */;
			proxyType = 1;
			remoteGlobalIDString = 655A5A3C1D4C555400E15E1F;
			remoteInfo = Defender;
		};
/* End PBXContainerItemProxy section */

/* Begin PBXFileReference section */
		6501BEB51E46C855009469E6 /* DXPresetList.swift */ = {isa = PBXFileReference; fileEncoding = 4; lastKnownFileType = sourcecode.swift; path = DXPresetList.swift; sourceTree = "<group>"; };
		650775991DE95DD100F5040C /* Flogger.framework */ = {isa = PBXFileReference; lastKnownFileType = wrapper.framework; name = Flogger.framework; path = Carthage/Build/Mac/Flogger.framework; sourceTree = "<group>"; };
		6507759B1DE9609100F5040C /* XCGLogger.framework */ = {isa = PBXFileReference; lastKnownFileType = wrapper.framework; name = XCGLogger.framework; path = Carthage/Build/Mac/XCGLogger.framework; sourceTree = "<group>"; };
		650775A71DEA3DB000F5040C /* NSLogger.framework */ = {isa = PBXFileReference; lastKnownFileType = wrapper.framework; name = NSLogger.framework; path = Carthage/Build/Mac/NSLogger.framework; sourceTree = "<group>"; };
		6510D0631F9D8D6F00517328 /* Defender.entitlements */ = {isa = PBXFileReference; lastKnownFileType = text.plist.entitlements; path = Defender.entitlements; sourceTree = "<group>"; };
		652564481DA8972A00ACCD4B /* PedalKnobControl.swift */ = {isa = PBXFileReference; fileEncoding = 4; lastKnownFileType = sourcecode.swift; path = PedalKnobControl.swift; sourceTree = "<group>"; };
		6525644A1DA89FCD00ACCD4B /* EffectKnobControl.swift */ = {isa = PBXFileReference; fileEncoding = 4; lastKnownFileType = sourcecode.swift; path = EffectKnobControl.swift; sourceTree = "<group>"; };
		65426BA11DB0930300E54D35 /* KnobBaseControl.swift */ = {isa = PBXFileReference; fileEncoding = 4; lastKnownFileType = sourcecode.swift; path = KnobBaseControl.swift; sourceTree = "<group>"; };
		655602A91E009FE4004A4CD4 /* CabinetSlotControl.swift */ = {isa = PBXFileReference; fileEncoding = 4; lastKnownFileType = sourcecode.swift; path = CabinetSlotControl.swift; sourceTree = "<group>"; };
		655602AB1E00A041004A4CD4 /* CabinetVC.swift */ = {isa = PBXFileReference; fileEncoding = 4; lastKnownFileType = sourcecode.swift; path = CabinetVC.swift; sourceTree = "<group>"; };
		655602AF1E00A3E1004A4CD4 /* Cabinet.storyboard */ = {isa = PBXFileReference; fileEncoding = 4; lastKnownFileType = file.storyboard; path = Cabinet.storyboard; sourceTree = "<group>"; };
		655602B11E0117A8004A4CD4 /* NSColor+Colours.swift */ = {isa = PBXFileReference; fileEncoding = 4; lastKnownFileType = sourcecode.swift; path = "NSColor+Colours.swift"; sourceTree = "<group>"; };
		655602B31E013A85004A4CD4 /* CabinetControl.swift */ = {isa = PBXFileReference; fileEncoding = 4; lastKnownFileType = sourcecode.swift; path = CabinetControl.swift; sourceTree = "<group>"; };
		655A5A3D1D4C555400E15E1F /* Defender.app */ = {isa = PBXFileReference; explicitFileType = wrapper.application; includeInIndex = 0; path = Defender.app; sourceTree = BUILT_PRODUCTS_DIR; };
		655A5A401D4C555400E15E1F /* AppDelegate.swift */ = {isa = PBXFileReference; lastKnownFileType = sourcecode.swift; path = AppDelegate.swift; sourceTree = "<group>"; };
		655A5A421D4C555500E15E1F /* MainVC.swift */ = {isa = PBXFileReference; lastKnownFileType = sourcecode.swift; path = MainVC.swift; sourceTree = "<group>"; };
		655A5A441D4C555500E15E1F /* Assets.xcassets */ = {isa = PBXFileReference; lastKnownFileType = folder.assetcatalog; path = Assets.xcassets; sourceTree = "<group>"; };
		655A5A471D4C555500E15E1F /* Base */ = {isa = PBXFileReference; lastKnownFileType = file.storyboard; name = Base; path = Base.lproj/Main.storyboard; sourceTree = "<group>"; };
		655A5A491D4C555500E15E1F /* Info.plist */ = {isa = PBXFileReference; lastKnownFileType = text.plist.xml; path = Info.plist; sourceTree = "<group>"; };
		655A5A4E1D4C555500E15E1F /* DefenderTests.xctest */ = {isa = PBXFileReference; explicitFileType = wrapper.cfbundle; includeInIndex = 0; path = DefenderTests.xctest; sourceTree = BUILT_PRODUCTS_DIR; };
		655A5A521D4C555500E15E1F /* DefenderTests.swift */ = {isa = PBXFileReference; lastKnownFileType = sourcecode.swift; path = DefenderTests.swift; sourceTree = "<group>"; };
		655A5A541D4C555500E15E1F /* Info.plist */ = {isa = PBXFileReference; lastKnownFileType = text.plist.xml; path = Info.plist; sourceTree = "<group>"; };
		655A5F4F1D4C57E100E15E1F /* Cartfile */ = {isa = PBXFileReference; explicitFileType = text.script.ruby; fileEncoding = 4; path = Cartfile; sourceTree = "<group>"; };
		656A5ABA1DA880B700B7BE3E /* LEDControl.swift */ = {isa = PBXFileReference; fileEncoding = 4; lastKnownFileType = sourcecode.swift; path = LEDControl.swift; sourceTree = "<group>"; };
		656A5ABC1DA883BB00B7BE3E /* NSColor+Brightness.swift */ = {isa = PBXFileReference; fileEncoding = 4; lastKnownFileType = sourcecode.swift; path = "NSColor+Brightness.swift"; sourceTree = "<group>"; };
		657C3AC71D56DB8E002DEF17 /* AmpKnobControl.swift */ = {isa = PBXFileReference; fileEncoding = 4; lastKnownFileType = sourcecode.swift; path = AmpKnobControl.swift; sourceTree = "<group>"; };
		657C3ACF1D5C46E6002DEF17 /* DisplayVC.swift */ = {isa = PBXFileReference; fileEncoding = 4; lastKnownFileType = sourcecode.swift; path = DisplayVC.swift; sourceTree = "<group>"; };
		657C3AD51D5C50B8002DEF17 /* Base */ = {isa = PBXFileReference; lastKnownFileType = file.storyboard; name = Base; path = Base.lproj/Display.storyboard; sourceTree = "<group>"; };
		6581F99B1D4C5D97005BB5C9 /* ObjectMapper.framework */ = {isa = PBXFileReference; lastKnownFileType = wrapper.framework; name = ObjectMapper.framework; path = Carthage/Build/Mac/ObjectMapper.framework; sourceTree = "<group>"; };
		658CEC021DA35E63006890A4 /* PedalVC.swift */ = {isa = PBXFileReference; fileEncoding = 4; lastKnownFileType = sourcecode.swift; path = PedalVC.swift; sourceTree = "<group>"; };
		658CEC041DA35E81006890A4 /* EffectVC.swift */ = {isa = PBXFileReference; fileEncoding = 4; lastKnownFileType = sourcecode.swift; path = EffectVC.swift; sourceTree = "<group>"; };
		658CEC0A1DA36977006890A4 /* EffectControl.swift */ = {isa = PBXFileReference; fileEncoding = 4; lastKnownFileType = sourcecode.swift; path = EffectControl.swift; sourceTree = "<group>"; };
		658CEC0C1DA36AAA006890A4 /* PedalBodyControl.swift */ = {isa = PBXFileReference; fileEncoding = 4; lastKnownFileType = sourcecode.swift; path = PedalBodyControl.swift; sourceTree = "<group>"; };
		658CEC0E1DA36D85006890A4 /* Enums.swift */ = {isa = PBXFileReference; fileEncoding = 4; lastKnownFileType = sourcecode.swift; path = Enums.swift; sourceTree = "<group>"; };
		658CEC101DA44B97006890A4 /* EffectSlotControl.swift */ = {isa = PBXFileReference; fileEncoding = 4; lastKnownFileType = sourcecode.swift; path = EffectSlotControl.swift; sourceTree = "<group>"; };
		658D10E11DB73BA3008C3A45 /* ShadeControl.swift */ = {isa = PBXFileReference; fileEncoding = 4; lastKnownFileType = sourcecode.swift; lineEnding = 0; path = ShadeControl.swift; sourceTree = "<group>"; xcLanguageSpecificationIdentifier = xcode.lang.swift; };
		65A65BA11DA4740400EDCA32 /* PedalPadControl.swift */ = {isa = PBXFileReference; fileEncoding = 4; lastKnownFileType = sourcecode.swift; path = PedalPadControl.swift; sourceTree = "<group>"; };
		65B0A8FD1ECA73E500A9BEE0 /* ObjcExceptionBridging.framework */ = {isa = PBXFileReference; lastKnownFileType = wrapper.framework; name = ObjcExceptionBridging.framework; path = Carthage/Build/Mac/ObjcExceptionBridging.framework; sourceTree = "<group>"; };
		65B37C951DD1A8EC00433B89 /* ArrowButtonCell.swift */ = {isa = PBXFileReference; fileEncoding = 4; lastKnownFileType = sourcecode.swift; path = ArrowButtonCell.swift; sourceTree = "<group>"; };
		65B37C971DD1AC6400433B89 /* ArrowButtonControl.swift */ = {isa = PBXFileReference; fileEncoding = 4; lastKnownFileType = sourcecode.swift; path = ArrowButtonControl.swift; sourceTree = "<group>"; };
		65B37CB61DD6D05400433B89 /* FuseDocumentIcon.icns */ = {isa = PBXFileReference; lastKnownFileType = image.icns; path = FuseDocumentIcon.icns; sourceTree = "<group>"; };
		65B37CB91DD7CCA800433B89 /* RemoteManager.swift */ = {isa = PBXFileReference; fileEncoding = 4; lastKnownFileType = sourcecode.swift; path = RemoteManager.swift; sourceTree = "<group>"; };
		65B37CBB1DD7D0B400433B89 /* BluetoothKit.framework */ = {isa = PBXFileReference; lastKnownFileType = wrapper.framework; name = BluetoothKit.framework; path = Carthage/Build/Mac/BluetoothKit.framework; sourceTree = "<group>"; };
		65B37D511DD8009D00433B89 /* RemoteDefender.framework */ = {isa = PBXFileReference; lastKnownFileType = wrapper.framework; name = RemoteDefender.framework; path = Carthage/Build/Mac/RemoteDefender.framework; sourceTree = "<group>"; };
		65C954A91ECE571B005FA7A3 /* BOAmplifier.swift */ = {isa = PBXFileReference; fileEncoding = 4; lastKnownFileType = sourcecode.swift; path = BOAmplifier.swift; sourceTree = "<group>"; };
		65C954AA1ECE571B005FA7A3 /* BOAudioDevice.swift */ = {isa = PBXFileReference; fileEncoding = 4; lastKnownFileType = sourcecode.swift; path = BOAudioDevice.swift; sourceTree = "<group>"; };
		65C954AB1ECE571B005FA7A3 /* BOBand.swift */ = {isa = PBXFileReference; fileEncoding = 4; lastKnownFileType = sourcecode.swift; path = BOBand.swift; sourceTree = "<group>"; };
		65C954AC1ECE571B005FA7A3 /* BOEffect.swift */ = {isa = PBXFileReference; fileEncoding = 4; lastKnownFileType = sourcecode.swift; path = BOEffect.swift; sourceTree = "<group>"; };
		65C954AD1ECE571B005FA7A3 /* BOFuse.swift */ = {isa = PBXFileReference; fileEncoding = 4; lastKnownFileType = sourcecode.swift; path = BOFuse.swift; sourceTree = "<group>"; };
		65C954AE1ECE571B005FA7A3 /* BOHIDDevice.swift */ = {isa = PBXFileReference; fileEncoding = 4; lastKnownFileType = sourcecode.swift; path = BOHIDDevice.swift; sourceTree = "<group>"; };
		65C954AF1ECE571B005FA7A3 /* BOInfo.swift */ = {isa = PBXFileReference; fileEncoding = 4; lastKnownFileType = sourcecode.swift; path = BOInfo.swift; sourceTree = "<group>"; };
		65C954B01ECE571B005FA7A3 /* BOKnob.swift */ = {isa = PBXFileReference; fileEncoding = 4; lastKnownFileType = sourcecode.swift; path = BOKnob.swift; sourceTree = "<group>"; };
		65C954B11ECE571B005FA7A3 /* BOPreset.swift */ = {isa = PBXFileReference; fileEncoding = 4; lastKnownFileType = sourcecode.swift; path = BOPreset.swift; sourceTree = "<group>"; };
		65C954B21ECE571B005FA7A3 /* BOSearchItem.swift */ = {isa = PBXFileReference; fileEncoding = 4; lastKnownFileType = sourcecode.swift; path = BOSearchItem.swift; sourceTree = "<group>"; };
		65C954B31ECE571B005FA7A3 /* BOSearchItemData.swift */ = {isa = PBXFileReference; fileEncoding = 4; lastKnownFileType = sourcecode.swift; path = BOSearchItemData.swift; sourceTree = "<group>"; };
		65C954B41ECE571B005FA7A3 /* BOSearchPagination.swift */ = {isa = PBXFileReference; fileEncoding = 4; lastKnownFileType = sourcecode.swift; path = BOSearchPagination.swift; sourceTree = "<group>"; };
		65C954B51ECE571B005FA7A3 /* BOSearchResponse.swift */ = {isa = PBXFileReference; fileEncoding = 4; lastKnownFileType = sourcecode.swift; path = BOSearchResponse.swift; sourceTree = "<group>"; };
		65C954B61ECE571B005FA7A3 /* BOSongFile.swift */ = {isa = PBXFileReference; fileEncoding = 4; lastKnownFileType = sourcecode.swift; path = BOSongFile.swift; sourceTree = "<group>"; };
		65C954B71ECE571B005FA7A3 /* BOUSBDevice.swift */ = {isa = PBXFileReference; fileEncoding = 4; lastKnownFileType = sourcecode.swift; path = BOUSBDevice.swift; sourceTree = "<group>"; };
		65C954B81ECE571B005FA7A3 /* MustangController.swift */ = {isa = PBXFileReference; fileEncoding = 4; lastKnownFileType = sourcecode.swift; path = MustangController.swift; sourceTree = "<group>"; };
		65C954BA1ECE571B005FA7A3 /* AgentProtocols.swift */ = {isa = PBXFileReference; fileEncoding = 4; lastKnownFileType = sourcecode.swift; path = AgentProtocols.swift; sourceTree = "<group>"; };
		65C954BB1ECE571B005FA7A3 /* BaseServiceAgent.swift */ = {isa = PBXFileReference; fileEncoding = 4; lastKnownFileType = sourcecode.swift; path = BaseServiceAgent.swift; sourceTree = "<group>"; };
		65C954BD1ECE571B005FA7A3 /* AmpMockAgent.swift */ = {isa = PBXFileReference; fileEncoding = 4; lastKnownFileType = sourcecode.swift; path = AmpMockAgent.swift; sourceTree = "<group>"; };
		65C954BE1ECE571B005FA7A3 /* AudioMockAgent.swift */ = {isa = PBXFileReference; fileEncoding = 4; lastKnownFileType = sourcecode.swift; path = AudioMockAgent.swift; sourceTree = "<group>"; };
		65C954BF1ECE571B005FA7A3 /* FileMockAgent.swift */ = {isa = PBXFileReference; fileEncoding = 4; lastKnownFileType = sourcecode.swift; path = FileMockAgent.swift; sourceTree = "<group>"; };
		65C954C11ECE571B005FA7A3 /* M2_Preset0.fuse */ = {isa = PBXFileReference; fileEncoding = 4; lastKnownFileType = text.xml; path = M2_Preset0.fuse; sourceTree = "<group>"; };
		65C954C21ECE571B005FA7A3 /* M2_Preset1.fuse */ = {isa = PBXFileReference; fileEncoding = 4; lastKnownFileType = text.xml; path = M2_Preset1.fuse; sourceTree = "<group>"; };
		65C954C31ECE571B005FA7A3 /* M2_Preset10.fuse */ = {isa = PBXFileReference; fileEncoding = 4; lastKnownFileType = text.xml; path = M2_Preset10.fuse; sourceTree = "<group>"; };
		65C954C41ECE571B005FA7A3 /* M2_Preset97.fuse */ = {isa = PBXFileReference; fileEncoding = 4; lastKnownFileType = text.xml; path = M2_Preset97.fuse; sourceTree = "<group>"; };
		65C954C51ECE571B005FA7A3 /* MU_Clapton-Cocaine.fuse */ = {isa = PBXFileReference; fileEncoding = 4; lastKnownFileType = text.xml; path = "MU_Clapton-Cocaine.fuse"; sourceTree = "<group>"; };
		65C954C61ECE571B005FA7A3 /* MU_Claptons Tweed2.fuse */ = {isa = PBXFileReference; fileEncoding = 4; lastKnownFileType = text.xml; path = "MU_Claptons Tweed2.fuse"; sourceTree = "<group>"; };
		65C954C71ECE571B005FA7A3 /* MustangMockData.swift */ = {isa = PBXFileReference; fileEncoding = 4; lastKnownFileType = sourcecode.swift; path = MustangMockData.swift; sourceTree = "<group>"; };
		65C954C81ECE571B005FA7A3 /* USBMockAgent.swift */ = {isa = PBXFileReference; fileEncoding = 4; lastKnownFileType = sourcecode.swift; path = USBMockAgent.swift; sourceTree = "<group>"; };
		65C954C91ECE571B005FA7A3 /* WebMockAgent.swift */ = {isa = PBXFileReference; fileEncoding = 4; lastKnownFileType = sourcecode.swift; path = WebMockAgent.swift; sourceTree = "<group>"; };
		65C954CB1ECE571B005FA7A3 /* DLAmplifier.swift */ = {isa = PBXFileReference; fileEncoding = 4; lastKnownFileType = sourcecode.swift; path = DLAmplifier.swift; sourceTree = "<group>"; };
		65C954CC1ECE571B005FA7A3 /* DLAudioDevice.swift */ = {isa = PBXFileReference; fileEncoding = 4; lastKnownFileType = sourcecode.swift; path = DLAudioDevice.swift; sourceTree = "<group>"; };
		65C954CD1ECE571B005FA7A3 /* DLBand.swift */ = {isa = PBXFileReference; fileEncoding = 4; lastKnownFileType = sourcecode.swift; path = DLBand.swift; sourceTree = "<group>"; };
		65C954CE1ECE571B005FA7A3 /* DLEffect.swift */ = {isa = PBXFileReference; fileEncoding = 4; lastKnownFileType = sourcecode.swift; path = DLEffect.swift; sourceTree = "<group>"; };
		65C954CF1ECE571B005FA7A3 /* DLExpressionPedal.swift */ = {isa = PBXFileReference; fileEncoding = 4; lastKnownFileType = sourcecode.swift; path = DLExpressionPedal.swift; sourceTree = "<group>"; };
		65C954D01ECE571B005FA7A3 /* DLFuse.swift */ = {isa = PBXFileReference; fileEncoding = 4; lastKnownFileType = sourcecode.swift; path = DLFuse.swift; sourceTree = "<group>"; };
		65C954D11ECE571B005FA7A3 /* DLHIDDevice.swift */ = {isa = PBXFileReference; fileEncoding = 4; lastKnownFileType = sourcecode.swift; path = DLHIDDevice.swift; sourceTree = "<group>"; };
		65C954D21ECE571B005FA7A3 /* DLInfo.swift */ = {isa = PBXFileReference; fileEncoding = 4; lastKnownFileType = sourcecode.swift; path = DLInfo.swift; sourceTree = "<group>"; };
		65C954D31ECE571B005FA7A3 /* DLKnob.swift */ = {isa = PBXFileReference; fileEncoding = 4; lastKnownFileType = sourcecode.swift; path = DLKnob.swift; sourceTree = "<group>"; };
		65C954D41ECE571B005FA7A3 /* DLPreset.swift */ = {isa = PBXFileReference; fileEncoding = 4; lastKnownFileType = sourcecode.swift; path = DLPreset.swift; sourceTree = "<group>"; };
		65C954D51ECE571B005FA7A3 /* DLSearchData.swift */ = {isa = PBXFileReference; fileEncoding = 4; lastKnownFileType = sourcecode.swift; path = DLSearchData.swift; sourceTree = "<group>"; };
		65C954D61ECE571B005FA7A3 /* DLSearchItem.swift */ = {isa = PBXFileReference; fileEncoding = 4; lastKnownFileType = sourcecode.swift; path = DLSearchItem.swift; sourceTree = "<group>"; };
		65C954D71ECE571B005FA7A3 /* DLSearchItemData.swift */ = {isa = PBXFileReference; fileEncoding = 4; lastKnownFileType = sourcecode.swift; path = DLSearchItemData.swift; sourceTree = "<group>"; };
		65C954D81ECE571B005FA7A3 /* DLSearchPagination.swift */ = {isa = PBXFileReference; fileEncoding = 4; lastKnownFileType = sourcecode.swift; path = DLSearchPagination.swift; sourceTree = "<group>"; };
		65C954D91ECE571B005FA7A3 /* DLSearchResponse.swift */ = {isa = PBXFileReference; fileEncoding = 4; lastKnownFileType = sourcecode.swift; path = DLSearchResponse.swift; sourceTree = "<group>"; };
		65C954DA1ECE571B005FA7A3 /* DLSearchResult.swift */ = {isa = PBXFileReference; fileEncoding = 4; lastKnownFileType = sourcecode.swift; path = DLSearchResult.swift; sourceTree = "<group>"; };
		65C954DB1ECE571B005FA7A3 /* DLSearchResults.swift */ = {isa = PBXFileReference; fileEncoding = 4; lastKnownFileType = sourcecode.swift; path = DLSearchResults.swift; sourceTree = "<group>"; };
		65C954DC1ECE571B005FA7A3 /* DLSongFile.swift */ = {isa = PBXFileReference; fileEncoding = 4; lastKnownFileType = sourcecode.swift; path = DLSongFile.swift; sourceTree = "<group>"; };
		65C954DD1ECE571B005FA7A3 /* DLUSBDevice.swift */ = {isa = PBXFileReference; fileEncoding = 4; lastKnownFileType = sourcecode.swift; path = DLUSBDevice.swift; sourceTree = "<group>"; };
		65C954DE1ECE571B005FA7A3 /* MustangAgent.swift */ = {isa = PBXFileReference; fileEncoding = 4; lastKnownFileType = sourcecode.swift; path = MustangAgent.swift; sourceTree = "<group>"; };
		65C954E01ECE571B005FA7A3 /* AmpServiceAgent.swift */ = {isa = PBXFileReference; fileEncoding = 4; lastKnownFileType = sourcecode.swift; path = AmpServiceAgent.swift; sourceTree = "<group>"; };
		65C954E11ECE571B005FA7A3 /* AudioServiceAgent.swift */ = {isa = PBXFileReference; fileEncoding = 4; lastKnownFileType = sourcecode.swift; path = AudioServiceAgent.swift; sourceTree = "<group>"; };
		65C954E21ECE571B005FA7A3 /* FileServiceAgent.swift */ = {isa = PBXFileReference; fileEncoding = 4; lastKnownFileType = sourcecode.swift; path = FileServiceAgent.swift; sourceTree = "<group>"; };
		65C954E31ECE571B005FA7A3 /* HIDServiceAgent.swift */ = {isa = PBXFileReference; fileEncoding = 4; lastKnownFileType = sourcecode.swift; path = HIDServiceAgent.swift; sourceTree = "<group>"; };
		65C954E41ECE571B005FA7A3 /* USBServiceAgent.swift */ = {isa = PBXFileReference; fileEncoding = 4; lastKnownFileType = sourcecode.swift; path = USBServiceAgent.swift; sourceTree = "<group>"; };
		65C954E51ECE571B005FA7A3 /* WebServiceAgent.swift */ = {isa = PBXFileReference; fileEncoding = 4; lastKnownFileType = sourcecode.swift; path = WebServiceAgent.swift; sourceTree = "<group>"; };
		65C954E61ECE571B005FA7A3 /* StorageAgent.swift */ = {isa = PBXFileReference; fileEncoding = 4; lastKnownFileType = sourcecode.swift; path = StorageAgent.swift; sourceTree = "<group>"; };
		65C954E81ECE571B005FA7A3 /* Dictionary+merge.swift */ = {isa = PBXFileReference; fileEncoding = 4; lastKnownFileType = sourcecode.swift; path = "Dictionary+merge.swift"; sourceTree = "<group>"; };
		65C954E91ECE571B005FA7A3 /* Uint16+UInt8.swift */ = {isa = PBXFileReference; fileEncoding = 4; lastKnownFileType = sourcecode.swift; path = "Uint16+UInt8.swift"; sourceTree = "<group>"; };
		65C954EA1ECE571B005FA7A3 /* XMLElement+child.swift */ = {isa = PBXFileReference; fileEncoding = 4; lastKnownFileType = sourcecode.swift; path = "XMLElement+child.swift"; sourceTree = "<group>"; };
		65C954EB1ECE571B005FA7A3 /* XMLNode+value.swift */ = {isa = PBXFileReference; fileEncoding = 4; lastKnownFileType = sourcecode.swift; path = "XMLNode+value.swift"; sourceTree = "<group>"; };
		65C954EC1ECE571B005FA7A3 /* fender_mustang_protocol.txt */ = {isa = PBXFileReference; fileEncoding = 4; lastKnownFileType = text; path = fender_mustang_protocol.txt; sourceTree = "<group>"; };
		65C954FD1ECE571B005FA7A3 /* Mustang.swift */ = {isa = PBXFileReference; fileEncoding = 4; lastKnownFileType = sourcecode.swift; path = Mustang.swift; sourceTree = "<group>"; };
		65EF3B3B1DCD8F7A00A01153 /* AFNetworking.framework */ = {isa = PBXFileReference; lastKnownFileType = wrapper.framework; name = AFNetworking.framework; path = Carthage/Build/Mac/AFNetworking.framework; sourceTree = "<group>"; };
		65F69F121DDD70EE0017188D /* DXAmplifier.swift */ = {isa = PBXFileReference; fileEncoding = 4; lastKnownFileType = sourcecode.swift; path = DXAmplifier.swift; sourceTree = "<group>"; };
		65F69F151DDD71AB0017188D /* DXAmplifier+DTO.swift */ = {isa = PBXFileReference; fileEncoding = 4; lastKnownFileType = sourcecode.swift; path = "DXAmplifier+DTO.swift"; sourceTree = "<group>"; };
		65F69F191DDD75090017188D /* Transferable.swift */ = {isa = PBXFileReference; fileEncoding = 4; lastKnownFileType = sourcecode.swift; path = Transferable.swift; sourceTree = "<group>"; };
		65F69F211DDED2290017188D /* DXPreset.swift */ = {isa = PBXFileReference; fileEncoding = 4; lastKnownFileType = sourcecode.swift; path = DXPreset.swift; sourceTree = "<group>"; };
		65F69F231DDED4B10017188D /* DXPreset+DTO.swift */ = {isa = PBXFileReference; fileEncoding = 4; lastKnownFileType = sourcecode.swift; path = "DXPreset+DTO.swift"; sourceTree = "<group>"; };
		65F69F251DE009F70017188D /* DXEffect.swift */ = {isa = PBXFileReference; fileEncoding = 4; lastKnownFileType = sourcecode.swift; path = DXEffect.swift; sourceTree = "<group>"; };
		65F69F271DE00BBD0017188D /* DXEffect+DTO.swift */ = {isa = PBXFileReference; fileEncoding = 4; lastKnownFileType = sourcecode.swift; path = "DXEffect+DTO.swift"; sourceTree = "<group>"; };
		65F69F311DE14CC80017188D /* AppViewControl.swift */ = {isa = PBXFileReference; fileEncoding = 4; lastKnownFileType = sourcecode.swift; path = AppViewControl.swift; sourceTree = "<group>"; };
		65F69F331DE7F5C90017188D /* ColouredTextField.swift */ = {isa = PBXFileReference; fileEncoding = 4; lastKnownFileType = sourcecode.swift; path = ColouredTextField.swift; sourceTree = "<group>"; };
		65F69F351DE7F7DD0017188D /* SecureColouredTextField.swift */ = {isa = PBXFileReference; fileEncoding = 4; lastKnownFileType = sourcecode.swift; path = SecureColouredTextField.swift; sourceTree = "<group>"; };
		65FA11901DF3DFFC00FBD280 /* DXKnob+DTO.swift */ = {isa = PBXFileReference; fileEncoding = 4; lastKnownFileType = sourcecode.swift; path = "DXKnob+DTO.swift"; sourceTree = "<group>"; };
		65FA11921DF3E16D00FBD280 /* DXKnob.swift */ = {isa = PBXFileReference; fileEncoding = 4; lastKnownFileType = sourcecode.swift; path = DXKnob.swift; sourceTree = "<group>"; };
		71602D7B1DD52284003E2D49 /* PresetDocument.swift */ = {isa = PBXFileReference; fileEncoding = 4; lastKnownFileType = sourcecode.swift; path = PresetDocument.swift; sourceTree = "<group>"; };
		7167FED91D58032C0059A276 /* NSImage+Colour.swift */ = {isa = PBXFileReference; fileEncoding = 4; lastKnownFileType = sourcecode.swift; path = "NSImage+Colour.swift"; sourceTree = "<group>"; };
		7167FEDB1D5815270059A276 /* DisplayControl.swift */ = {isa = PBXFileReference; fileEncoding = 4; lastKnownFileType = sourcecode.swift; path = DisplayControl.swift; sourceTree = "<group>"; };
		7167FF3D1D592E070059A276 /* WheelControl.swift */ = {isa = PBXFileReference; fileEncoding = 4; lastKnownFileType = sourcecode.swift; lineEnding = 0; path = WheelControl.swift; sourceTree = "<group>"; xcLanguageSpecificationIdentifier = xcode.lang.swift; };
		7167FFCF1D595DC70059A276 /* ActionButtonCell.swift */ = {isa = PBXFileReference; fileEncoding = 4; lastKnownFileType = sourcecode.swift; path = ActionButtonCell.swift; sourceTree = "<group>"; };
		717C2DD61DE7AC7300DA68FD /* AmpManager.swift */ = {isa = PBXFileReference; fileEncoding = 4; lastKnownFileType = sourcecode.swift; path = AmpManager.swift; sourceTree = "<group>"; };
		718C89641DCFCBBA00BC12E8 /* WebSlotControl.swift */ = {isa = PBXFileReference; fileEncoding = 4; lastKnownFileType = sourcecode.swift; lineEnding = 0; path = WebSlotControl.swift; sourceTree = "<group>"; xcLanguageSpecificationIdentifier = xcode.lang.swift; };
		718C89C41DD122D300BC12E8 /* WebHeaderCell.swift */ = {isa = PBXFileReference; fileEncoding = 4; lastKnownFileType = sourcecode.swift; path = WebHeaderCell.swift; sourceTree = "<group>"; };
		7194EA391DCFC5E7004E2D9C /* WebVC.swift */ = {isa = PBXFileReference; fileEncoding = 4; lastKnownFileType = sourcecode.swift; path = WebVC.swift; sourceTree = "<group>"; };
		7194EA3C1DCFC61E004E2D9C /* Base */ = {isa = PBXFileReference; lastKnownFileType = file.storyboard; name = Base; path = Base.lproj/Web.storyboard; sourceTree = "<group>"; };
		7194EA3F1DCFC62C004E2D9C /* Base */ = {isa = PBXFileReference; lastKnownFileType = file.storyboard; name = Base; path = Base.lproj/Pedal.storyboard; sourceTree = "<group>"; };
		7194EA421DCFC631004E2D9C /* Base */ = {isa = PBXFileReference; lastKnownFileType = file.storyboard; name = Base; path = Base.lproj/Effect.storyboard; sourceTree = "<group>"; };
		7198C5F01DDE9D3C003238D7 /* DXMessage.swift */ = {isa = PBXFileReference; fileEncoding = 4; lastKnownFileType = sourcecode.swift; path = DXMessage.swift; sourceTree = "<group>"; };
		71CD6D871D59714A006BD6DF /* ActionButtonControl.swift */ = {isa = PBXFileReference; fileEncoding = 4; lastKnownFileType = sourcecode.swift; path = ActionButtonControl.swift; sourceTree = "<group>"; };
/* End PBXFileReference section */

/* Begin PBXFrameworksBuildPhase section */
		655A5A3A1D4C555400E15E1F /* Frameworks */ = {
			isa = PBXFrameworksBuildPhase;
			buildActionMask = 2147483647;
			files = (
				6581F99D1D4C5D97005BB5C9 /* ObjectMapper.framework in Frameworks */,
				65EF3B3C1DCD8F7A00A01153 /* AFNetworking.framework in Frameworks */,
				650775A81DEA3DB000F5040C /* NSLogger.framework in Frameworks */,
				6507759C1DE9609100F5040C /* XCGLogger.framework in Frameworks */,
				6507759A1DE95DD200F5040C /* Flogger.framework in Frameworks */,
				65B37CBC1DD7D0B400433B89 /* BluetoothKit.framework in Frameworks */,
				65B37D541DD800B700433B89 /* RemoteDefender.framework in Frameworks */,
				65B0A8FE1ECA73E500A9BEE0 /* ObjcExceptionBridging.framework in Frameworks */,
			);
			runOnlyForDeploymentPostprocessing = 0;
		};
		655A5A4B1D4C555500E15E1F /* Frameworks */ = {
			isa = PBXFrameworksBuildPhase;
			buildActionMask = 2147483647;
			files = (
				658CEBF31DA0D8AA006890A4 /* ObjectMapper.framework in Frameworks */,
				65EF3B3D1DCD8F8500A01153 /* AFNetworking.framework in Frameworks */,
				65B37D201DD7F3D100433B89 /* BluetoothKit.framework in Frameworks */,
				65B37D531DD800B500433B89 /* RemoteDefender.framework in Frameworks */,
			);
			runOnlyForDeploymentPostprocessing = 0;
		};
/* End PBXFrameworksBuildPhase section */

/* Begin PBXGroup section */
		655A5A341D4C555400E15E1F = {
			isa = PBXGroup;
			children = (
				6510D0631F9D8D6F00517328 /* Defender.entitlements */,
				655A5F4F1D4C57E100E15E1F /* Cartfile */,
				655A5A3F1D4C555400E15E1F /* DefenderMacOS */,
				65C954A61ECE571B005FA7A3 /* Mustang */,
				655A5A511D4C555500E15E1F /* DefenderMacOSTests */,
				6581F9991D4C5D76005BB5C9 /* Frameworks */,
				655A5A3E1D4C555400E15E1F /* Products */,
			);
			sourceTree = "<group>";
		};
		655A5A3E1D4C555400E15E1F /* Products */ = {
			isa = PBXGroup;
			children = (
				655A5A3D1D4C555400E15E1F /* Defender.app */,
				655A5A4E1D4C555500E15E1F /* DefenderTests.xctest */,
			);
			name = Products;
			sourceTree = "<group>";
		};
		655A5A3F1D4C555400E15E1F /* DefenderMacOS */ = {
			isa = PBXGroup;
			children = (
				655A5A401D4C555400E15E1F /* AppDelegate.swift */,
				657C3AC51D56DB5C002DEF17 /* View Controllers */,
				65B37CB81DD7CC6100433B89 /* Managers */,
				657C3AC61D56DB78002DEF17 /* Custom Controls */,
				71602D7A1DD5224C003E2D49 /* Classes */,
				65F69F111DDD70EE0017188D /* Common Models */,
				7167FED81D5803000059A276 /* Extensions */,
				657C3AC91D56DB95002DEF17 /* Resources */,
				65C9554B1ECE57F3005FA7A3 /* Supporting Files */,
			);
			path = DefenderMacOS;
			sourceTree = "<group>";
		};
		655A5A511D4C555500E15E1F /* DefenderMacOSTests */ = {
			isa = PBXGroup;
			children = (
				655A5A521D4C555500E15E1F /* DefenderTests.swift */,
				655A5A541D4C555500E15E1F /* Info.plist */,
			);
			path = DefenderMacOSTests;
			sourceTree = "<group>";
		};
		657C3AC51D56DB5C002DEF17 /* View Controllers */ = {
			isa = PBXGroup;
			children = (
				655A5A421D4C555500E15E1F /* MainVC.swift */,
				657C3ACF1D5C46E6002DEF17 /* DisplayVC.swift */,
				655602AB1E00A041004A4CD4 /* CabinetVC.swift */,
				658CEC021DA35E63006890A4 /* PedalVC.swift */,
				658CEC041DA35E81006890A4 /* EffectVC.swift */,
				7194EA391DCFC5E7004E2D9C /* WebVC.swift */,
			);
			name = "View Controllers";
			path = ViewControllers;
			sourceTree = "<group>";
		};
		657C3AC61D56DB78002DEF17 /* Custom Controls */ = {
			isa = PBXGroup;
			children = (
				65F69F311DE14CC80017188D /* AppViewControl.swift */,
				65426BA11DB0930300E54D35 /* KnobBaseControl.swift */,
				657C3AC71D56DB8E002DEF17 /* AmpKnobControl.swift */,
				7167FF3D1D592E070059A276 /* WheelControl.swift */,
				7167FEDB1D5815270059A276 /* DisplayControl.swift */,
				658D10E11DB73BA3008C3A45 /* ShadeControl.swift */,
				656A5ABA1DA880B700B7BE3E /* LEDControl.swift */,
				65B37C971DD1AC6400433B89 /* ArrowButtonControl.swift */,
				65B37C951DD1A8EC00433B89 /* ArrowButtonCell.swift */,
				71CD6D871D59714A006BD6DF /* ActionButtonControl.swift */,
				7167FFCF1D595DC70059A276 /* ActionButtonCell.swift */,
				655602A91E009FE4004A4CD4 /* CabinetSlotControl.swift */,
				655602B31E013A85004A4CD4 /* CabinetControl.swift */,
				658CEC101DA44B97006890A4 /* EffectSlotControl.swift */,
				658CEC0A1DA36977006890A4 /* EffectControl.swift */,
				6525644A1DA89FCD00ACCD4B /* EffectKnobControl.swift */,
				658CEC0C1DA36AAA006890A4 /* PedalBodyControl.swift */,
				65A65BA11DA4740400EDCA32 /* PedalPadControl.swift */,
				652564481DA8972A00ACCD4B /* PedalKnobControl.swift */,
				718C89641DCFCBBA00BC12E8 /* WebSlotControl.swift */,
				718C89C41DD122D300BC12E8 /* WebHeaderCell.swift */,
				65F69F331DE7F5C90017188D /* ColouredTextField.swift */,
				65F69F351DE7F7DD0017188D /* SecureColouredTextField.swift */,
				658CEC0E1DA36D85006890A4 /* Enums.swift */,
			);
			name = "Custom Controls";
			path = CustomControls;
			sourceTree = "<group>";
		};
		657C3AC91D56DB95002DEF17 /* Resources */ = {
			isa = PBXGroup;
			children = (
				65B37CB61DD6D05400433B89 /* FuseDocumentIcon.icns */,
				655A5A441D4C555500E15E1F /* Assets.xcassets */,
				655A5A461D4C555500E15E1F /* Main.storyboard */,
				657C3AD41D5C50B8002DEF17 /* Display.storyboard */,
				7194EA401DCFC62C004E2D9C /* Pedal.storyboard */,
				7194EA431DCFC631004E2D9C /* Effect.storyboard */,
				7194EA3B1DCFC61E004E2D9C /* Web.storyboard */,
				655602AF1E00A3E1004A4CD4 /* Cabinet.storyboard */,
			);
			name = Resources;
			sourceTree = "<group>";
		};
		6581F9991D4C5D76005BB5C9 /* Frameworks */ = {
			isa = PBXGroup;
			children = (
				65B0A8FD1ECA73E500A9BEE0 /* ObjcExceptionBridging.framework */,
				650775A71DEA3DB000F5040C /* NSLogger.framework */,
				6507759B1DE9609100F5040C /* XCGLogger.framework */,
				650775991DE95DD100F5040C /* Flogger.framework */,
				65B37D511DD8009D00433B89 /* RemoteDefender.framework */,
				65EF3B3B1DCD8F7A00A01153 /* AFNetworking.framework */,
				6581F99B1D4C5D97005BB5C9 /* ObjectMapper.framework */,
				65B37CBB1DD7D0B400433B89 /* BluetoothKit.framework */,
			);
			name = Frameworks;
			sourceTree = "<group>";
		};
		65B37CB81DD7CC6100433B89 /* Managers */ = {
			isa = PBXGroup;
			children = (
				717C2DD61DE7AC7300DA68FD /* AmpManager.swift */,
				65B37CB91DD7CCA800433B89 /* RemoteManager.swift */,
			);
			path = Managers;
			sourceTree = "<group>";
		};
		65C954A61ECE571B005FA7A3 /* Mustang */ = {
			isa = PBXGroup;
			children = (
				65C954FD1ECE571B005FA7A3 /* Mustang.swift */,
				65C954EC1ECE571B005FA7A3 /* fender_mustang_protocol.txt */,
				65C954A71ECE571B005FA7A3 /* Business Layer */,
				65C954B91ECE571B005FA7A3 /* Data Layer */,
				65C954E71ECE571B005FA7A3 /* Extensions */,
			);
			path = Mustang;
			sourceTree = "<group>";
		};
		65C954A71ECE571B005FA7A3 /* Business Layer */ = {
			isa = PBXGroup;
			children = (
				65C954A81ECE571B005FA7A3 /* Models */,
				65C954B81ECE571B005FA7A3 /* MustangController.swift */,
			);
			path = "Business Layer";
			sourceTree = "<group>";
		};
		65C954A81ECE571B005FA7A3 /* Models */ = {
			isa = PBXGroup;
			children = (
				65C954A91ECE571B005FA7A3 /* BOAmplifier.swift */,
				65C954AA1ECE571B005FA7A3 /* BOAudioDevice.swift */,
				65C954AB1ECE571B005FA7A3 /* BOBand.swift */,
				65C954AC1ECE571B005FA7A3 /* BOEffect.swift */,
				65C954AD1ECE571B005FA7A3 /* BOFuse.swift */,
				65C954AE1ECE571B005FA7A3 /* BOHIDDevice.swift */,
				65C954AF1ECE571B005FA7A3 /* BOInfo.swift */,
				65C954B01ECE571B005FA7A3 /* BOKnob.swift */,
				65C954B11ECE571B005FA7A3 /* BOPreset.swift */,
				65C954B21ECE571B005FA7A3 /* BOSearchItem.swift */,
				65C954B31ECE571B005FA7A3 /* BOSearchItemData.swift */,
				65C954B41ECE571B005FA7A3 /* BOSearchPagination.swift */,
				65C954B51ECE571B005FA7A3 /* BOSearchResponse.swift */,
				65C954B61ECE571B005FA7A3 /* BOSongFile.swift */,
				65C954B71ECE571B005FA7A3 /* BOUSBDevice.swift */,
			);
			path = Models;
			sourceTree = "<group>";
		};
		65C954B91ECE571B005FA7A3 /* Data Layer */ = {
			isa = PBXGroup;
			children = (
				65C954BA1ECE571B005FA7A3 /* AgentProtocols.swift */,
				65C954BB1ECE571B005FA7A3 /* BaseServiceAgent.swift */,
				65C954BC1ECE571B005FA7A3 /* Mock Agents */,
				65C954CA1ECE571B005FA7A3 /* Models */,
				65C954DE1ECE571B005FA7A3 /* MustangAgent.swift */,
				65C954DF1ECE571B005FA7A3 /* Real Agents */,
				65C954E61ECE571B005FA7A3 /* StorageAgent.swift */,
			);
			path = "Data Layer";
			sourceTree = "<group>";
		};
		65C954BC1ECE571B005FA7A3 /* Mock Agents */ = {
			isa = PBXGroup;
			children = (
				65C954BD1ECE571B005FA7A3 /* AmpMockAgent.swift */,
				65C954BE1ECE571B005FA7A3 /* AudioMockAgent.swift */,
				65C954BF1ECE571B005FA7A3 /* FileMockAgent.swift */,
				65C954C01ECE571B005FA7A3 /* Mock Files */,
				65C954C71ECE571B005FA7A3 /* MustangMockData.swift */,
				65C954C81ECE571B005FA7A3 /* USBMockAgent.swift */,
				65C954C91ECE571B005FA7A3 /* WebMockAgent.swift */,
			);
			path = "Mock Agents";
			sourceTree = "<group>";
		};
		65C954C01ECE571B005FA7A3 /* Mock Files */ = {
			isa = PBXGroup;
			children = (
				65C954C11ECE571B005FA7A3 /* M2_Preset0.fuse */,
				65C954C21ECE571B005FA7A3 /* M2_Preset1.fuse */,
				65C954C31ECE571B005FA7A3 /* M2_Preset10.fuse */,
				65C954C41ECE571B005FA7A3 /* M2_Preset97.fuse */,
				65C954C51ECE571B005FA7A3 /* MU_Clapton-Cocaine.fuse */,
				65C954C61ECE571B005FA7A3 /* MU_Claptons Tweed2.fuse */,
			);
			path = "Mock Files";
			sourceTree = "<group>";
		};
		65C954CA1ECE571B005FA7A3 /* Models */ = {
			isa = PBXGroup;
			children = (
				65C954CB1ECE571B005FA7A3 /* DLAmplifier.swift */,
				65C954CC1ECE571B005FA7A3 /* DLAudioDevice.swift */,
				65C954CD1ECE571B005FA7A3 /* DLBand.swift */,
				65C954CE1ECE571B005FA7A3 /* DLEffect.swift */,
				65C954CF1ECE571B005FA7A3 /* DLExpressionPedal.swift */,
				65C954D01ECE571B005FA7A3 /* DLFuse.swift */,
				65C954D11ECE571B005FA7A3 /* DLHIDDevice.swift */,
				65C954D21ECE571B005FA7A3 /* DLInfo.swift */,
				65C954D31ECE571B005FA7A3 /* DLKnob.swift */,
				65C954D41ECE571B005FA7A3 /* DLPreset.swift */,
				65C954D51ECE571B005FA7A3 /* DLSearchData.swift */,
				65C954D61ECE571B005FA7A3 /* DLSearchItem.swift */,
				65C954D71ECE571B005FA7A3 /* DLSearchItemData.swift */,
				65C954D81ECE571B005FA7A3 /* DLSearchPagination.swift */,
				65C954D91ECE571B005FA7A3 /* DLSearchResponse.swift */,
				65C954DA1ECE571B005FA7A3 /* DLSearchResult.swift */,
				65C954DB1ECE571B005FA7A3 /* DLSearchResults.swift */,
				65C954DC1ECE571B005FA7A3 /* DLSongFile.swift */,
				65C954DD1ECE571B005FA7A3 /* DLUSBDevice.swift */,
			);
			path = Models;
			sourceTree = "<group>";
		};
		65C954DF1ECE571B005FA7A3 /* Real Agents */ = {
			isa = PBXGroup;
			children = (
				65C954E01ECE571B005FA7A3 /* AmpServiceAgent.swift */,
				65C954E11ECE571B005FA7A3 /* AudioServiceAgent.swift */,
				65C954E21ECE571B005FA7A3 /* FileServiceAgent.swift */,
				65C954E31ECE571B005FA7A3 /* HIDServiceAgent.swift */,
				65C954E41ECE571B005FA7A3 /* USBServiceAgent.swift */,
				65C954E51ECE571B005FA7A3 /* WebServiceAgent.swift */,
			);
			path = "Real Agents";
			sourceTree = "<group>";
		};
		65C954E71ECE571B005FA7A3 /* Extensions */ = {
			isa = PBXGroup;
			children = (
				65C954E81ECE571B005FA7A3 /* Dictionary+merge.swift */,
				65C954E91ECE571B005FA7A3 /* Uint16+UInt8.swift */,
				65C954EA1ECE571B005FA7A3 /* XMLElement+child.swift */,
				65C954EB1ECE571B005FA7A3 /* XMLNode+value.swift */,
			);
			path = Extensions;
			sourceTree = "<group>";
		};
		65C9554B1ECE57F3005FA7A3 /* Supporting Files */ = {
			isa = PBXGroup;
			children = (
				655A5A491D4C555500E15E1F /* Info.plist */,
			);
			name = "Supporting Files";
			sourceTree = "<group>";
		};
		65F69F111DDD70EE0017188D /* Common Models */ = {
			isa = PBXGroup;
			children = (
				65F69F191DDD75090017188D /* Transferable.swift */,
				7198C5F01DDE9D3C003238D7 /* DXMessage.swift */,
				65F69F121DDD70EE0017188D /* DXAmplifier.swift */,
				6501BEB51E46C855009469E6 /* DXPresetList.swift */,
				65F69F211DDED2290017188D /* DXPreset.swift */,
				65F69F251DE009F70017188D /* DXEffect.swift */,
				65FA11921DF3E16D00FBD280 /* DXKnob.swift */,
			);
			name = "Common Models";
			path = "../../Common Models";
			sourceTree = "<group>";
		};
		71602D7A1DD5224C003E2D49 /* Classes */ = {
			isa = PBXGroup;
			children = (
				71602D7B1DD52284003E2D49 /* PresetDocument.swift */,
			);
			path = Classes;
			sourceTree = "<group>";
		};
		7167FED81D5803000059A276 /* Extensions */ = {
			isa = PBXGroup;
			children = (
				7167FED91D58032C0059A276 /* NSImage+Colour.swift */,
				656A5ABC1DA883BB00B7BE3E /* NSColor+Brightness.swift */,
				655602B11E0117A8004A4CD4 /* NSColor+Colours.swift */,
				65F69F151DDD71AB0017188D /* DXAmplifier+DTO.swift */,
				65F69F231DDED4B10017188D /* DXPreset+DTO.swift */,
				65F69F271DE00BBD0017188D /* DXEffect+DTO.swift */,
				65FA11901DF3DFFC00FBD280 /* DXKnob+DTO.swift */,
			);
			path = Extensions;
			sourceTree = "<group>";
		};
/* End PBXGroup section */

/* Begin PBXNativeTarget section */
		655A5A3C1D4C555400E15E1F /* Defender */ = {
			isa = PBXNativeTarget;
			buildConfigurationList = 655A5A621D4C555500E15E1F /* Build configuration list for PBXNativeTarget "Defender" */;
			buildPhases = (
				655A5F511D4C580C00E15E1F /* Update/Build Carthage Dependencies */,
				655A5A3B1D4C555400E15E1F /* Resources */,
				655A5A391D4C555400E15E1F /* Sources */,
				655A5A3A1D4C555400E15E1F /* Frameworks */,
				6581F99E1D4C6772005BB5C9 /* Copy Carthage frameworks (for App Store submission bug) */,
				65EF3B3E1DCD921B00A01153 /* Replace previous version in App Store */,
			);
			buildRules = (
			);
			dependencies = (
			);
			name = Defender;
			productName = Defender;
			productReference = 655A5A3D1D4C555400E15E1F /* Defender.app */;
			productType = "com.apple.product-type.application";
		};
		655A5A4D1D4C555500E15E1F /* DefenderTests */ = {
			isa = PBXNativeTarget;
			buildConfigurationList = 655A5A651D4C555500E15E1F /* Build configuration list for PBXNativeTarget "DefenderTests" */;
			buildPhases = (
				655A5A4A1D4C555500E15E1F /* Sources */,
				655A5A4B1D4C555500E15E1F /* Frameworks */,
				655A5A4C1D4C555500E15E1F /* Resources */,
			);
			buildRules = (
			);
			dependencies = (
				655A5A501D4C555500E15E1F /* PBXTargetDependency */,
			);
			name = DefenderTests;
			productName = DefenderTests;
			productReference = 655A5A4E1D4C555500E15E1F /* DefenderTests.xctest */;
			productType = "com.apple.product-type.bundle.unit-test";
		};
/* End PBXNativeTarget section */

/* Begin PBXProject section */
		655A5A351D4C555400E15E1F /* Project object */ = {
			isa = PBXProject;
			attributes = {
				LastSwiftUpdateCheck = 0730;
				LastUpgradeCheck = 1010;
				ORGANIZATIONNAME = "Derek Knight";
				TargetAttributes = {
					655A5A3C1D4C555400E15E1F = {
						CreatedOnToolsVersion = 7.3;
						DevelopmentTeam = DX8B97QV93;
						LastSwiftMigration = 0900;
						ProvisioningStyle = Manual;
						SystemCapabilities = {
							com.apple.Sandbox = {
								enabled = 1;
							};
						};
					};
					655A5A4D1D4C555500E15E1F = {
						CreatedOnToolsVersion = 7.3;
						LastSwiftMigration = 0900;
						TestTargetID = 655A5A3C1D4C555400E15E1F;
					};
				};
			};
			buildConfigurationList = 655A5A381D4C555400E15E1F /* Build configuration list for PBXProject "DefenderMacOS" */;
			compatibilityVersion = "Xcode 3.2";
			developmentRegion = English;
			hasScannedForEncodings = 0;
			knownRegions = (
				en,
				Base,
			);
			mainGroup = 655A5A341D4C555400E15E1F;
			productRefGroup = 655A5A3E1D4C555400E15E1F /* Products */;
			projectDirPath = "";
			projectRoot = "";
			targets = (
				655A5A3C1D4C555400E15E1F /* Defender */,
				655A5A4D1D4C555500E15E1F /* DefenderTests */,
			);
		};
/* End PBXProject section */

/* Begin PBXResourcesBuildPhase section */
		655A5A3B1D4C555400E15E1F /* Resources */ = {
			isa = PBXResourcesBuildPhase;
			buildActionMask = 2147483647;
			files = (
				65C955151ECE571B005FA7A3 /* M2_Preset10.fuse in Resources */,
				657C3AD61D5C50B8002DEF17 /* Display.storyboard in Resources */,
				65C955161ECE571B005FA7A3 /* M2_Preset97.fuse in Resources */,
				7194EA3E1DCFC62C004E2D9C /* Pedal.storyboard in Resources */,
				655A5A451D4C555500E15E1F /* Assets.xcassets in Resources */,
				655A5A481D4C555500E15E1F /* Main.storyboard in Resources */,
				65C955141ECE571B005FA7A3 /* M2_Preset1.fuse in Resources */,
				7194EA411DCFC631004E2D9C /* Effect.storyboard in Resources */,
				65C9553B1ECE571B005FA7A3 /* fender_mustang_protocol.txt in Resources */,
				7194EA3D1DCFC61E004E2D9C /* Web.storyboard in Resources */,
				65B37CB71DD6D05400433B89 /* FuseDocumentIcon.icns in Resources */,
				65C955171ECE571B005FA7A3 /* MU_Clapton-Cocaine.fuse in Resources */,
				655602B01E00A3E1004A4CD4 /* Cabinet.storyboard in Resources */,
				65C955181ECE571B005FA7A3 /* MU_Claptons Tweed2.fuse in Resources */,
				65C955131ECE571B005FA7A3 /* M2_Preset0.fuse in Resources */,
			);
			runOnlyForDeploymentPostprocessing = 0;
		};
		655A5A4C1D4C555500E15E1F /* Resources */ = {
			isa = PBXResourcesBuildPhase;
			buildActionMask = 2147483647;
			files = (
			);
			runOnlyForDeploymentPostprocessing = 0;
		};
/* End PBXResourcesBuildPhase section */

/* Begin PBXShellScriptBuildPhase section */
		655A5F511D4C580C00E15E1F /* Update/Build Carthage Dependencies */ = {
			isa = PBXShellScriptBuildPhase;
			buildActionMask = 2147483647;
			files = (
			);
			inputPaths = (
			);
			name = "Update/Build Carthage Dependencies";
			outputPaths = (
			);
			runOnlyForDeploymentPostprocessing = 0;
			shellPath = /bin/sh;
			shellScript = "/usr/local/bin/carthage-xcode";
			showEnvVarsInLog = 0;
		};
		6581F99E1D4C6772005BB5C9 /* Copy Carthage frameworks (for App Store submission bug) */ = {
			isa = PBXShellScriptBuildPhase;
			buildActionMask = 2147483647;
			files = (
			);
			inputPaths = (
				"$(SRCROOT)/Carthage/Build/Mac/ObjectMapper.framework",
				"$(SRCROOT)/Carthage/Build/Mac/AFNetworking.framework",
				"$(SRCROOT)/Carthage/Build/Mac/BluetoothKit.framework",
				"$(SRCROOT)/Carthage/Build/Mac/RemoteDefender.framework",
				"$(SRCROOT)/Carthage/Build/Mac/Flogger.framework",
				"$(SRCROOT)/Carthage/Build/Mac/XCGlogger.framework",
				"$(SRCROOT)/Carthage/Build/Mac/NSLogger.framework",
				"$(SRCROOT)/Carthage/Build/Mac/ObjcExceptionBridging.framework",
			);
			name = "Copy Carthage frameworks (for App Store submission bug)";
			outputPaths = (
			);
			runOnlyForDeploymentPostprocessing = 0;
			shellPath = /bin/sh;
			shellScript = "/usr/local/bin/carthage copy-frameworks";
			showEnvVarsInLog = 0;
		};
		65EF3B3E1DCD921B00A01153 /* Replace previous version in App Store */ = {
			isa = PBXShellScriptBuildPhase;
			buildActionMask = 2147483647;
			files = (
			);
			inputPaths = (
			);
			name = "Replace previous version in App Store";
			outputPaths = (
			);
			runOnlyForDeploymentPostprocessing = 0;
			shellPath = /bin/sh;
			shellScript = "rm -rf \"${HOME}/Development/AppStore/${FULL_PRODUCT_NAME}\"\ncp -r \"${CONFIGURATION_BUILD_DIR}/${FULL_PRODUCT_NAME}\" \"${HOME}/Development/AppStore/${FULL_PRODUCT_NAME}\"\n";
			showEnvVarsInLog = 0;
		};
/* End PBXShellScriptBuildPhase section */

/* Begin PBXSourcesBuildPhase section */
		655A5A391D4C555400E15E1F /* Sources */ = {
			isa = PBXSourcesBuildPhase;
			buildActionMask = 2147483647;
			files = (
				65C955381ECE571B005FA7A3 /* Uint16+UInt8.swift in Sources */,
				65C955261ECE571B005FA7A3 /* DLSearchData.swift in Sources */,
				65F69F361DE7F7DD0017188D /* SecureColouredTextField.swift in Sources */,
				65C955271ECE571B005FA7A3 /* DLSearchItem.swift in Sources */,
				65C9550B1ECE571B005FA7A3 /* BOSongFile.swift in Sources */,
				658CEC0B1DA36977006890A4 /* EffectControl.swift in Sources */,
				65C955231ECE571B005FA7A3 /* DLInfo.swift in Sources */,
				655602B21E0117A8004A4CD4 /* NSColor+Colours.swift in Sources */,
				65C9551B1ECE571B005FA7A3 /* WebMockAgent.swift in Sources */,
				65B37C961DD1A8ED00433B89 /* ArrowButtonCell.swift in Sources */,
				718C89C51DD122D300BC12E8 /* WebHeaderCell.swift in Sources */,
				7167FEDC1D5815270059A276 /* DisplayControl.swift in Sources */,
				65C9552F1ECE571B005FA7A3 /* MustangAgent.swift in Sources */,
				65426BA21DB0930300E54D35 /* KnobBaseControl.swift in Sources */,
				658CEC0D1DA36AAA006890A4 /* PedalBodyControl.swift in Sources */,
				65C955201ECE571B005FA7A3 /* DLExpressionPedal.swift in Sources */,
				6501BEB61E46C856009469E6 /* DXPresetList.swift in Sources */,
				65C955121ECE571B005FA7A3 /* FileMockAgent.swift in Sources */,
				657C3AC81D56DB8E002DEF17 /* AmpKnobControl.swift in Sources */,
				65C955321ECE571B005FA7A3 /* FileServiceAgent.swift in Sources */,
				65F69F261DE009F70017188D /* DXEffect.swift in Sources */,
				65F69F341DE7F5C90017188D /* ColouredTextField.swift in Sources */,
				65C955211ECE571B005FA7A3 /* DLFuse.swift in Sources */,
				655602B41E013A85004A4CD4 /* CabinetControl.swift in Sources */,
				65C955071ECE571B005FA7A3 /* BOSearchItem.swift in Sources */,
				658CEC0F1DA36D85006890A4 /* Enums.swift in Sources */,
				658D10E21DB73BA3008C3A45 /* ShadeControl.swift in Sources */,
				65C9550C1ECE571B005FA7A3 /* BOUSBDevice.swift in Sources */,
				65C9552C1ECE571B005FA7A3 /* DLSearchResults.swift in Sources */,
				65C955221ECE571B005FA7A3 /* DLHIDDevice.swift in Sources */,
				65C955281ECE571B005FA7A3 /* DLSearchItemData.swift in Sources */,
				65C955391ECE571B005FA7A3 /* XMLElement+child.swift in Sources */,
				65C954FF1ECE571B005FA7A3 /* BOAudioDevice.swift in Sources */,
				656A5ABD1DA883BB00B7BE3E /* NSColor+Brightness.swift in Sources */,
				65C955251ECE571B005FA7A3 /* DLPreset.swift in Sources */,
				6525644B1DA89FCD00ACCD4B /* EffectKnobControl.swift in Sources */,
				718C89651DCFCBBA00BC12E8 /* WebSlotControl.swift in Sources */,
				65F69F131DDD70EE0017188D /* DXAmplifier.swift in Sources */,
				65C9551E1ECE571B005FA7A3 /* DLBand.swift in Sources */,
				65C955331ECE571B005FA7A3 /* HIDServiceAgent.swift in Sources */,
				65C9550E1ECE571B005FA7A3 /* AgentProtocols.swift in Sources */,
				65C9551D1ECE571B005FA7A3 /* DLAudioDevice.swift in Sources */,
				65C954FE1ECE571B005FA7A3 /* BOAmplifier.swift in Sources */,
				717C2DD71DE7AC7300DA68FD /* AmpManager.swift in Sources */,
				658CEC111DA44B97006890A4 /* EffectSlotControl.swift in Sources */,
				65C955011ECE571B005FA7A3 /* BOEffect.swift in Sources */,
				655A5A431D4C555500E15E1F /* MainVC.swift in Sources */,
				65C955101ECE571B005FA7A3 /* AmpMockAgent.swift in Sources */,
				65C9551A1ECE571B005FA7A3 /* USBMockAgent.swift in Sources */,
				65C955041ECE571B005FA7A3 /* BOInfo.swift in Sources */,
				65B37CBA1DD7CCA800433B89 /* RemoteManager.swift in Sources */,
				65C955341ECE571B005FA7A3 /* USBServiceAgent.swift in Sources */,
				658CEC031DA35E63006890A4 /* PedalVC.swift in Sources */,
				65C955311ECE571B005FA7A3 /* AudioServiceAgent.swift in Sources */,
				65C955351ECE571B005FA7A3 /* WebServiceAgent.swift in Sources */,
				65C9550F1ECE571B005FA7A3 /* BaseServiceAgent.swift in Sources */,
				65C9552A1ECE571B005FA7A3 /* DLSearchResponse.swift in Sources */,
				655602AC1E00A041004A4CD4 /* CabinetVC.swift in Sources */,
				65C955021ECE571B005FA7A3 /* BOFuse.swift in Sources */,
				7167FEDA1D58032C0059A276 /* NSImage+Colour.swift in Sources */,
				65C9550A1ECE571B005FA7A3 /* BOSearchResponse.swift in Sources */,
				65C9552B1ECE571B005FA7A3 /* DLSearchResult.swift in Sources */,
				65C955111ECE571B005FA7A3 /* AudioMockAgent.swift in Sources */,
				7167FFD01D595DC70059A276 /* ActionButtonCell.swift in Sources */,
				656A5ABB1DA880B700B7BE3E /* LEDControl.swift in Sources */,
				65C9551F1ECE571B005FA7A3 /* DLEffect.swift in Sources */,
				65C955031ECE571B005FA7A3 /* BOHIDDevice.swift in Sources */,
				655A5A411D4C555400E15E1F /* AppDelegate.swift in Sources */,
				7167FF3E1D592E070059A276 /* WheelControl.swift in Sources */,
				65F69F221DDED2290017188D /* DXPreset.swift in Sources */,
				65C955361ECE571B005FA7A3 /* StorageAgent.swift in Sources */,
				65FA11911DF3DFFE00FBD280 /* DXKnob+DTO.swift in Sources */,
				65C9553A1ECE571B005FA7A3 /* XMLNode+value.swift in Sources */,
				65F69F161DDD71AB0017188D /* DXAmplifier+DTO.swift in Sources */,
				65A65BA21DA4740400EDCA32 /* PedalPadControl.swift in Sources */,
				65F69F321DE14CC80017188D /* AppViewControl.swift in Sources */,
				65C955291ECE571B005FA7A3 /* DLSearchPagination.swift in Sources */,
				65F69F241DDED4B10017188D /* DXPreset+DTO.swift in Sources */,
				65C955051ECE571B005FA7A3 /* BOKnob.swift in Sources */,
				65C955001ECE571B005FA7A3 /* BOBand.swift in Sources */,
				65FA11931DF3E16D00FBD280 /* DXKnob.swift in Sources */,
				65C955081ECE571B005FA7A3 /* BOSearchItemData.swift in Sources */,
				65C955191ECE571B005FA7A3 /* MustangMockData.swift in Sources */,
				655602AA1E009FE5004A4CD4 /* CabinetSlotControl.swift in Sources */,
				71602D7C1DD52284003E2D49 /* PresetDocument.swift in Sources */,
				652564491DA8972A00ACCD4B /* PedalKnobControl.swift in Sources */,
				65C9550D1ECE571B005FA7A3 /* MustangController.swift in Sources */,
				65F69F1A1DDD75090017188D /* Transferable.swift in Sources */,
				65C9552E1ECE571B005FA7A3 /* DLUSBDevice.swift in Sources */,
				65C9552D1ECE571B005FA7A3 /* DLSongFile.swift in Sources */,
				65C9551C1ECE571B005FA7A3 /* DLAmplifier.swift in Sources */,
				65B37C981DD1AC6500433B89 /* ArrowButtonControl.swift in Sources */,
				65C9554A1ECE571B005FA7A3 /* Mustang.swift in Sources */,
				71CD6D881D59714A006BD6DF /* ActionButtonControl.swift in Sources */,
				65C955371ECE571B005FA7A3 /* Dictionary+merge.swift in Sources */,
				65C955061ECE571B005FA7A3 /* BOPreset.swift in Sources */,
				65C955241ECE571B005FA7A3 /* DLKnob.swift in Sources */,
				7194EA3A1DCFC5E7004E2D9C /* WebVC.swift in Sources */,
				658CEC051DA35E81006890A4 /* EffectVC.swift in Sources */,
				65C955091ECE571B005FA7A3 /* BOSearchPagination.swift in Sources */,
				657C3AD01D5C46E6002DEF17 /* DisplayVC.swift in Sources */,
				65F69F281DE00BBD0017188D /* DXEffect+DTO.swift in Sources */,
				7198C5F11DDE9D3C003238D7 /* DXMessage.swift in Sources */,
				65C955301ECE571B005FA7A3 /* AmpServiceAgent.swift in Sources */,
			);
			runOnlyForDeploymentPostprocessing = 0;
		};
		655A5A4A1D4C555500E15E1F /* Sources */ = {
			isa = PBXSourcesBuildPhase;
			buildActionMask = 2147483647;
			files = (
				655A5A531D4C555500E15E1F /* DefenderTests.swift in Sources */,
			);
			runOnlyForDeploymentPostprocessing = 0;
		};
/* End PBXSourcesBuildPhase section */

/* Begin PBXTargetDependency section */
		655A5A501D4C555500E15E1F /* PBXTargetDependency */ = {
			isa = PBXTargetDependency;
			target = 655A5A3C1D4C555400E15E1F /* Defender */;
			targetProxy = 655A5A4F1D4C555500E15E1F /* PBXContainerItemProxy */;
		};
/* End PBXTargetDependency section */

/* Begin PBXVariantGroup section */
		655A5A461D4C555500E15E1F /* Main.storyboard */ = {
			isa = PBXVariantGroup;
			children = (
				655A5A471D4C555500E15E1F /* Base */,
			);
			name = Main.storyboard;
			sourceTree = "<group>";
		};
		657C3AD41D5C50B8002DEF17 /* Display.storyboard */ = {
			isa = PBXVariantGroup;
			children = (
				657C3AD51D5C50B8002DEF17 /* Base */,
			);
			name = Display.storyboard;
			sourceTree = "<group>";
		};
		7194EA3B1DCFC61E004E2D9C /* Web.storyboard */ = {
			isa = PBXVariantGroup;
			children = (
				7194EA3C1DCFC61E004E2D9C /* Base */,
			);
			name = Web.storyboard;
			sourceTree = "<group>";
		};
		7194EA401DCFC62C004E2D9C /* Pedal.storyboard */ = {
			isa = PBXVariantGroup;
			children = (
				7194EA3F1DCFC62C004E2D9C /* Base */,
			);
			name = Pedal.storyboard;
			sourceTree = "<group>";
		};
		7194EA431DCFC631004E2D9C /* Effect.storyboard */ = {
			isa = PBXVariantGroup;
			children = (
				7194EA421DCFC631004E2D9C /* Base */,
			);
			name = Effect.storyboard;
			sourceTree = "<group>";
		};
/* End PBXVariantGroup section */

/* Begin XCBuildConfiguration section */
		655A5A601D4C555500E15E1F /* Debug */ = {
			isa = XCBuildConfiguration;
			buildSettings = {
				ALWAYS_SEARCH_USER_PATHS = NO;
				CLANG_ANALYZER_NONNULL = YES;
				CLANG_CXX_LANGUAGE_STANDARD = "gnu++0x";
				CLANG_CXX_LIBRARY = "libc++";
				CLANG_ENABLE_MODULES = YES;
				CLANG_ENABLE_OBJC_ARC = YES;
				CLANG_WARN_BLOCK_CAPTURE_AUTORELEASING = YES;
				CLANG_WARN_BOOL_CONVERSION = YES;
				CLANG_WARN_COMMA = YES;
				CLANG_WARN_CONSTANT_CONVERSION = YES;
				CLANG_WARN_DEPRECATED_OBJC_IMPLEMENTATIONS = YES;
				CLANG_WARN_DIRECT_OBJC_ISA_USAGE = YES_ERROR;
				CLANG_WARN_EMPTY_BODY = YES;
				CLANG_WARN_ENUM_CONVERSION = YES;
				CLANG_WARN_INFINITE_RECURSION = YES;
				CLANG_WARN_INT_CONVERSION = YES;
				CLANG_WARN_NON_LITERAL_NULL_CONVERSION = YES;
				CLANG_WARN_OBJC_IMPLICIT_RETAIN_SELF = YES;
				CLANG_WARN_OBJC_LITERAL_CONVERSION = YES;
				CLANG_WARN_OBJC_ROOT_CLASS = YES_ERROR;
				CLANG_WARN_RANGE_LOOP_ANALYSIS = YES;
				CLANG_WARN_STRICT_PROTOTYPES = YES;
				CLANG_WARN_SUSPICIOUS_MOVE = YES;
				CLANG_WARN_UNREACHABLE_CODE = YES;
				CLANG_WARN__DUPLICATE_METHOD_MATCH = YES;
				CODE_SIGN_IDENTITY = "-";
				COPY_PHASE_STRIP = NO;
				DEBUG_INFORMATION_FORMAT = dwarf;
				ENABLE_STRICT_OBJC_MSGSEND = YES;
				ENABLE_TESTABILITY = YES;
				GCC_C_LANGUAGE_STANDARD = gnu99;
				GCC_DYNAMIC_NO_PIC = NO;
				GCC_NO_COMMON_BLOCKS = YES;
				GCC_OPTIMIZATION_LEVEL = 0;
				GCC_PREPROCESSOR_DEFINITIONS = (
					"DEBUG=1",
					"$(inherited)",
				);
				GCC_WARN_64_TO_32_BIT_CONVERSION = YES;
				GCC_WARN_ABOUT_RETURN_TYPE = YES_ERROR;
				GCC_WARN_UNDECLARED_SELECTOR = YES;
				GCC_WARN_UNINITIALIZED_AUTOS = YES_AGGRESSIVE;
				GCC_WARN_UNUSED_FUNCTION = YES;
				GCC_WARN_UNUSED_VARIABLE = YES;
				MACOSX_DEPLOYMENT_TARGET = 10.11;
				MTL_ENABLE_DEBUG_INFO = YES;
				ONLY_ACTIVE_ARCH = YES;
				SDKROOT = macosx;
				SWIFT_OPTIMIZATION_LEVEL = "-Onone";
				SWIFT_SWIFT3_OBJC_INFERENCE = Off;
			};
			name = Debug;
		};
		655A5A611D4C555500E15E1F /* Release */ = {
			isa = XCBuildConfiguration;
			buildSettings = {
				ALWAYS_SEARCH_USER_PATHS = NO;
				CLANG_ANALYZER_NONNULL = YES;
				CLANG_CXX_LANGUAGE_STANDARD = "gnu++0x";
				CLANG_CXX_LIBRARY = "libc++";
				CLANG_ENABLE_MODULES = YES;
				CLANG_ENABLE_OBJC_ARC = YES;
				CLANG_WARN_BLOCK_CAPTURE_AUTORELEASING = YES;
				CLANG_WARN_BOOL_CONVERSION = YES;
				CLANG_WARN_COMMA = YES;
				CLANG_WARN_CONSTANT_CONVERSION = YES;
				CLANG_WARN_DEPRECATED_OBJC_IMPLEMENTATIONS = YES;
				CLANG_WARN_DIRECT_OBJC_ISA_USAGE = YES_ERROR;
				CLANG_WARN_EMPTY_BODY = YES;
				CLANG_WARN_ENUM_CONVERSION = YES;
				CLANG_WARN_INFINITE_RECURSION = YES;
				CLANG_WARN_INT_CONVERSION = YES;
				CLANG_WARN_NON_LITERAL_NULL_CONVERSION = YES;
				CLANG_WARN_OBJC_IMPLICIT_RETAIN_SELF = YES;
				CLANG_WARN_OBJC_LITERAL_CONVERSION = YES;
				CLANG_WARN_OBJC_ROOT_CLASS = YES_ERROR;
				CLANG_WARN_RANGE_LOOP_ANALYSIS = YES;
				CLANG_WARN_STRICT_PROTOTYPES = YES;
				CLANG_WARN_SUSPICIOUS_MOVE = YES;
				CLANG_WARN_UNREACHABLE_CODE = YES;
				CLANG_WARN__DUPLICATE_METHOD_MATCH = YES;
				CODE_SIGN_IDENTITY = "-";
				COPY_PHASE_STRIP = NO;
				DEBUG_INFORMATION_FORMAT = "dwarf-with-dsym";
				ENABLE_NS_ASSERTIONS = NO;
				ENABLE_STRICT_OBJC_MSGSEND = YES;
				GCC_C_LANGUAGE_STANDARD = gnu99;
				GCC_NO_COMMON_BLOCKS = YES;
				GCC_WARN_64_TO_32_BIT_CONVERSION = YES;
				GCC_WARN_ABOUT_RETURN_TYPE = YES_ERROR;
				GCC_WARN_UNDECLARED_SELECTOR = YES;
				GCC_WARN_UNINITIALIZED_AUTOS = YES_AGGRESSIVE;
				GCC_WARN_UNUSED_FUNCTION = YES;
				GCC_WARN_UNUSED_VARIABLE = YES;
				MACOSX_DEPLOYMENT_TARGET = 10.11;
				MTL_ENABLE_DEBUG_INFO = NO;
				SDKROOT = macosx;
				SWIFT_OPTIMIZATION_LEVEL = "-Owholemodule";
				SWIFT_SWIFT3_OBJC_INFERENCE = Off;
			};
			name = Release;
		};
		655A5A631D4C555500E15E1F /* Debug */ = {
			isa = XCBuildConfiguration;
			buildSettings = {
				ASSETCATALOG_COMPILER_APPICON_NAME = AppIcon;
				CODE_SIGN_ENTITLEMENTS = Defender.entitlements;
				CODE_SIGN_IDENTITY = "Mac Developer";
				COMBINE_HIDPI_IMAGES = YES;
				DEVELOPMENT_TEAM = DX8B97QV93;
				FRAMEWORK_SEARCH_PATHS = (
					"$(inherited)",
					"$(PROJECT_DIR)/Carthage/Build/Mac",
				);
				INFOPLIST_FILE = DefenderMacOS/Info.plist;
				LD_RUNPATH_SEARCH_PATHS = "$(inherited) @executable_path/../Frameworks";
				MACOSX_DEPLOYMENT_TARGET = 10.13;
				PRODUCT_BUNDLE_IDENTIFIER = uk.co.gordonknight.Defender;
				PRODUCT_NAME = "$(TARGET_NAME)";
				PROVISIONING_PROFILE = "15a1790a-b21b-40e6-8091-21181b6c7a5c";
				PROVISIONING_PROFILE_SPECIFIER = "Defender MacOS Development";
				SWIFT_ACTIVE_COMPILATION_CONDITIONS = DEBUG;
				SWIFT_SWIFT3_OBJC_INFERENCE = Off;
				SWIFT_VERSION = 4.0;
			};
			name = Debug;
		};
		655A5A641D4C555500E15E1F /* Release */ = {
			isa = XCBuildConfiguration;
			buildSettings = {
				ASSETCATALOG_COMPILER_APPICON_NAME = AppIcon;
				CODE_SIGN_ENTITLEMENTS = Defender.entitlements;
				CODE_SIGN_IDENTITY = "3rd Party Mac Developer Application";
				COMBINE_HIDPI_IMAGES = YES;
				DEVELOPMENT_TEAM = DX8B97QV93;
				FRAMEWORK_SEARCH_PATHS = (
					"$(inherited)",
					"$(PROJECT_DIR)/Carthage/Build/Mac",
				);
				INFOPLIST_FILE = DefenderMacOS/Info.plist;
				LD_RUNPATH_SEARCH_PATHS = "$(inherited) @executable_path/../Frameworks";
				MACOSX_DEPLOYMENT_TARGET = 10.13;
				PRODUCT_BUNDLE_IDENTIFIER = uk.co.gordonknight.Defender;
				PRODUCT_NAME = "$(TARGET_NAME)";
				PROVISIONING_PROFILE = "999998b4-e7b1-4fbf-90d5-4ccf72abe763";
				PROVISIONING_PROFILE_SPECIFIER = "Defender MacOS Distribution";
				SWIFT_SWIFT3_OBJC_INFERENCE = Off;
				SWIFT_VERSION = 4.0;
			};
			name = Release;
		};
		655A5A661D4C555500E15E1F /* Debug */ = {
			isa = XCBuildConfiguration;
			buildSettings = {
				BUNDLE_LOADER = "$(TEST_HOST)";
				COMBINE_HIDPI_IMAGES = YES;
				FRAMEWORK_SEARCH_PATHS = (
					"$(inherited)",
					"$(PROJECT_DIR)/Carthage/Build/Mac",
				);
				INFOPLIST_FILE = DefenderTests/Info.plist;
				LD_RUNPATH_SEARCH_PATHS = "$(inherited) @executable_path/../Frameworks @loader_path/../Frameworks";
				MACOSX_DEPLOYMENT_TARGET = 10.12;
				PRODUCT_BUNDLE_IDENTIFIER = uk.co.gordonknight.DefenderTests;
				PRODUCT_NAME = "$(TARGET_NAME)";
				SWIFT_SWIFT3_OBJC_INFERENCE = Off;
				SWIFT_VERSION = 4.0;
				TEST_HOST = "$(BUILT_PRODUCTS_DIR)/Defender.app/Contents/MacOS/Defender";
			};
			name = Debug;
		};
		655A5A671D4C555500E15E1F /* Release */ = {
			isa = XCBuildConfiguration;
			buildSettings = {
				BUNDLE_LOADER = "$(TEST_HOST)";
				COMBINE_HIDPI_IMAGES = YES;
				FRAMEWORK_SEARCH_PATHS = (
					"$(inherited)",
					"$(PROJECT_DIR)/Carthage/Build/Mac",
				);
				INFOPLIST_FILE = DefenderTests/Info.plist;
				LD_RUNPATH_SEARCH_PATHS = "$(inherited) @executable_path/../Frameworks @loader_path/../Frameworks";
				MACOSX_DEPLOYMENT_TARGET = 10.12;
				PRODUCT_BUNDLE_IDENTIFIER = uk.co.gordonknight.DefenderTests;
				PRODUCT_NAME = "$(TARGET_NAME)";
				SWIFT_SWIFT3_OBJC_INFERENCE = Off;
				SWIFT_VERSION = 4.0;
				TEST_HOST = "$(BUILT_PRODUCTS_DIR)/Defender.app/Contents/MacOS/Defender";
			};
			name = Release;
		};
/* End XCBuildConfiguration section */

/* Begin XCConfigurationList section */
		655A5A381D4C555400E15E1F /* Build configuration list for PBXProject "DefenderMacOS" */ = {
			isa = XCConfigurationList;
			buildConfigurations = (
				655A5A601D4C555500E15E1F /* Debug */,
				655A5A611D4C555500E15E1F /* Release */,
			);
			defaultConfigurationIsVisible = 0;
			defaultConfigurationName = Release;
		};
		655A5A621D4C555500E15E1F /* Build configuration list for PBXNativeTarget "Defender" */ = {
			isa = XCConfigurationList;
			buildConfigurations = (
				655A5A631D4C555500E15E1F /* Debug */,
				655A5A641D4C555500E15E1F /* Release */,
			);
			defaultConfigurationIsVisible = 0;
			defaultConfigurationName = Release;
		};
		655A5A651D4C555500E15E1F /* Build configuration list for PBXNativeTarget "DefenderTests" */ = {
			isa = XCConfigurationList;
			buildConfigurations = (
				655A5A661D4C555500E15E1F /* Debug */,
				655A5A671D4C555500E15E1F /* Release */,
			);
			defaultConfigurationIsVisible = 0;
			defaultConfigurationName = Release;
		};
/* End XCConfigurationList section */
	};
	rootObject = 655A5A351D4C555400E15E1F /* Project object */;
}
