// !$*UTF8*$!
{
	archiveVersion = 1;
	classes = {
	};
	objectVersion = 52;
	objects = {

/* Begin PBXBuildFile section */
		6501BEAE1E450306009469E6 /* MetronomeController.swift in Sources */ = {isa = PBXBuildFile; fileRef = 6501BEAC1E450306009469E6 /* MetronomeController.swift */; };
		6501BEAF1E450306009469E6 /* PresetsController.swift in Sources */ = {isa = PBXBuildFile; fileRef = 6501BEAD1E450306009469E6 /* PresetsController.swift */; };
		6501BEB11E457CC2009469E6 /* WatchMessage.swift in Sources */ = {isa = PBXBuildFile; fileRef = 6501BEB01E457CC2009469E6 /* WatchMessage.swift */; };
		6501BEB21E457CC2009469E6 /* WatchMessage.swift in Sources */ = {isa = PBXBuildFile; fileRef = 6501BEB01E457CC2009469E6 /* WatchMessage.swift */; };
		6501BEB41E46C6F9009469E6 /* DXPresetList.swift in Sources */ = {isa = PBXBuildFile; fileRef = 6501BEB31E46C6F9009469E6 /* DXPresetList.swift */; };
		6501BEB81E46D338009469E6 /* DataManager.swift in Sources */ = {isa = PBXBuildFile; fileRef = 6501BEB71E46D338009469E6 /* DataManager.swift */; };
		650775C41DEBFCA600F5040C /* PedalVC.swift in Sources */ = {isa = PBXBuildFile; fileRef = 650775C31DEBFCA600F5040C /* PedalVC.swift */; };
		650775C51DEBFD4900F5040C /* Main_iPad.storyboard in Resources */ = {isa = PBXBuildFile; fileRef = 650775C71DEBFD4900F5040C /* Main_iPad.storyboard */; };
		650775C81DEBFD4F00F5040C /* Pedal.storyboard in Resources */ = {isa = PBXBuildFile; fileRef = 650775CA1DEBFD4F00F5040C /* Pedal.storyboard */; };
		65237B8E24A482D5002AB5D3 /* ObjectMapper in Frameworks */ = {isa = PBXBuildFile; productRef = 65237B8D24A482D5002AB5D3 /* ObjectMapper */; };
		65237BE124A4840D002AB5D3 /* ULog.swift in Sources */ = {isa = PBXBuildFile; fileRef = 65237BE024A4840D002AB5D3 /* ULog.swift */; };
		656862651E25D03F00115981 /* Interface.storyboard in Resources */ = {isa = PBXBuildFile; fileRef = 656862631E25D03F00115981 /* Interface.storyboard */; };
		656862671E25D04000115981 /* Assets.xcassets in Resources */ = {isa = PBXBuildFile; fileRef = 656862661E25D04000115981 /* Assets.xcassets */; };
		6568626E1E25D04100115981 /* Watchkit Extension.appex in Embed App Extensions */ = {isa = PBXBuildFile; fileRef = 6568626D1E25D04100115981 /* Watchkit Extension.appex */; settings = {ATTRIBUTES = (RemoveHeadersOnCopy, ); }; };
		656862751E25D04100115981 /* InterfaceController.swift in Sources */ = {isa = PBXBuildFile; fileRef = 656862741E25D04100115981 /* InterfaceController.swift */; };
		656862771E25D04100115981 /* ExtensionDelegate.swift in Sources */ = {isa = PBXBuildFile; fileRef = 656862761E25D04100115981 /* ExtensionDelegate.swift */; };
		656862791E25D04100115981 /* NotificationController.swift in Sources */ = {isa = PBXBuildFile; fileRef = 656862781E25D04100115981 /* NotificationController.swift */; };
		6568627B1E25D04100115981 /* Assets.xcassets in Resources */ = {isa = PBXBuildFile; fileRef = 6568627A1E25D04100115981 /* Assets.xcassets */; };
		6568627F1E25D04100115981 /* Watchkit.app in Embed Watch Content */ = {isa = PBXBuildFile; fileRef = 656862611E25D03E00115981 /* Watchkit.app */; };
		656EE82F1E30763400410BB4 /* WatchSessionController.swift in Sources */ = {isa = PBXBuildFile; fileRef = 656EE82E1E30763400410BB4 /* WatchSessionController.swift */; };
		656EE8321E30765000410BB4 /* PhoneSessionController.swift in Sources */ = {isa = PBXBuildFile; fileRef = 656EE8301E30765000410BB4 /* PhoneSessionController.swift */; };
		656EE8341E30767400410BB4 /* WatchConnectivity.framework in Frameworks */ = {isa = PBXBuildFile; fileRef = 656EE8331E30767400410BB4 /* WatchConnectivity.framework */; };
		656EE8361E307AD300410BB4 /* WatchManager.swift in Sources */ = {isa = PBXBuildFile; fileRef = 656EE8351E307AD300410BB4 /* WatchManager.swift */; };
		6573069224A6B73800EC155F /* BluetoothKit in Frameworks */ = {isa = PBXBuildFile; productRef = 6573069124A6B73800EC155F /* BluetoothKit */; };
		657306B524A6F69400EC155F /* Constants.swift in Sources */ = {isa = PBXBuildFile; fileRef = 657306AD24A6F69400EC155F /* Constants.swift */; };
		657306B624A6F69400EC155F /* Peripheral.swift in Sources */ = {isa = PBXBuildFile; fileRef = 657306AE24A6F69400EC155F /* Peripheral.swift */; };
		657306B724A6F69400EC155F /* Central.swift in Sources */ = {isa = PBXBuildFile; fileRef = 657306AF24A6F69400EC155F /* Central.swift */; };
		657306B824A6F69400EC155F /* CentralManager.swift in Sources */ = {isa = PBXBuildFile; fileRef = 657306B124A6F69400EC155F /* CentralManager.swift */; };
		657306B924A6F69400EC155F /* PeripheralManager.swift in Sources */ = {isa = PBXBuildFile; fileRef = 657306B224A6F69400EC155F /* PeripheralManager.swift */; };
		657306BA24A6F69400EC155F /* RemoteData.swift in Sources */ = {isa = PBXBuildFile; fileRef = 657306B424A6F69400EC155F /* RemoteData.swift */; };
		657306BD24A70CB100EC155F /* Controls_iPad.storyboard in Resources */ = {isa = PBXBuildFile; fileRef = 657306BB24A70CB100EC155F /* Controls_iPad.storyboard */; };
		657306BF24A70FF700EC155F /* OnePagePresetVC.swift in Sources */ = {isa = PBXBuildFile; fileRef = 657306BE24A70FF700EC155F /* OnePagePresetVC.swift */; };
		657306C524A80A4E00EC155F /* Effect_iPad.storyboard in Resources */ = {isa = PBXBuildFile; fileRef = 657306C324A80A4E00EC155F /* Effect_iPad.storyboard */; };
		657306CC24A8137D00EC155F /* Cabinet.storyboard in Resources */ = {isa = PBXBuildFile; fileRef = 657306CB24A8137D00EC155F /* Cabinet.storyboard */; };
		657306D124A814A000EC155F /* CabinetVC.swift in Sources */ = {isa = PBXBuildFile; fileRef = 657306D024A814A000EC155F /* CabinetVC.swift */; };
		65F69F0D1DDD70AB0017188D /* DXAmplifier.swift in Sources */ = {isa = PBXBuildFile; fileRef = 65F69F0C1DDD70AB0017188D /* DXAmplifier.swift */; };
		65F69F181DDD745D0017188D /* Transferable.swift in Sources */ = {isa = PBXBuildFile; fileRef = 65F69F171DDD745D0017188D /* Transferable.swift */; };
		65F69F1C1DDD93000017188D /* DXMessage.swift in Sources */ = {isa = PBXBuildFile; fileRef = 65F69F1B1DDD93000017188D /* DXMessage.swift */; };
		65F69F201DDED1DF0017188D /* DXPreset.swift in Sources */ = {isa = PBXBuildFile; fileRef = 65F69F1F1DDED1DF0017188D /* DXPreset.swift */; };
		65F69F2A1DE011550017188D /* DXEffect.swift in Sources */ = {isa = PBXBuildFile; fileRef = 65F69F291DE011550017188D /* DXEffect.swift */; };
		65FA118F1DF3DE7500FBD280 /* DXKnob.swift in Sources */ = {isa = PBXBuildFile; fileRef = 65FA118E1DF3DE7400FBD280 /* DXKnob.swift */; };
		712DC3E91DECCC0A004E5BE1 /* PedalPageVC.swift in Sources */ = {isa = PBXBuildFile; fileRef = 712DC3E81DECCC0A004E5BE1 /* PedalPageVC.swift */; };
		712DC3EB1DECCD29004E5BE1 /* PagedPresetVC.swift in Sources */ = {isa = PBXBuildFile; fileRef = 712DC3EA1DECCD29004E5BE1 /* PagedPresetVC.swift */; };
		712DC3ED1DECCDFC004E5BE1 /* EffectPageVC.swift in Sources */ = {isa = PBXBuildFile; fileRef = 712DC3EC1DECCDFC004E5BE1 /* EffectPageVC.swift */; };
		712DC3EF1DECCE6B004E5BE1 /* EffectVC.swift in Sources */ = {isa = PBXBuildFile; fileRef = 712DC3EE1DECCE6B004E5BE1 /* EffectVC.swift */; };
		712DC3F31DECD59C004E5BE1 /* PedalBodyControl.swift in Sources */ = {isa = PBXBuildFile; fileRef = 712DC3F21DECD59C004E5BE1 /* PedalBodyControl.swift */; };
		71935F271DEE35DE0096A919 /* PedalPadControl.swift in Sources */ = {isa = PBXBuildFile; fileRef = 71935F261DEE35DE0096A919 /* PedalPadControl.swift */; };
		71935F291DEF685B0096A919 /* ControlsVC.swift in Sources */ = {isa = PBXBuildFile; fileRef = 71935F281DEF685B0096A919 /* ControlsVC.swift */; };
		71935F2C1DEF68EA0096A919 /* Controls.storyboard in Resources */ = {isa = PBXBuildFile; fileRef = 71935F2E1DEF68EA0096A919 /* Controls.storyboard */; };
		71935F301DEF6A1D0096A919 /* AmpKnobControl.swift in Sources */ = {isa = PBXBuildFile; fileRef = 71935F2F1DEF6A1D0096A919 /* AmpKnobControl.swift */; };
		71935F321DEF700C0096A919 /* ControlsPageVC.swift in Sources */ = {isa = PBXBuildFile; fileRef = 71935F311DEF700B0096A919 /* ControlsPageVC.swift */; };
		71935F341DEF724E0096A919 /* UIImage+Colour.swift in Sources */ = {isa = PBXBuildFile; fileRef = 71935F331DEF724E0096A919 /* UIImage+Colour.swift */; };
		719360341DEFB84A0096A919 /* EffectControl.swift in Sources */ = {isa = PBXBuildFile; fileRef = 719360331DEFB84A0096A919 /* EffectControl.swift */; };
		719360361DEFBF480096A919 /* UIColor+Colours.swift in Sources */ = {isa = PBXBuildFile; fileRef = 719360351DEFBF480096A919 /* UIColor+Colours.swift */; };
		719360381DF0EDBE0096A919 /* EffectKnobControl.swift in Sources */ = {isa = PBXBuildFile; fileRef = 719360371DF0EDBE0096A919 /* EffectKnobControl.swift */; };
		7193603A1DF4BEBC0096A919 /* BaseEffectVC.swift in Sources */ = {isa = PBXBuildFile; fileRef = 719360391DF4BEBC0096A919 /* BaseEffectVC.swift */; };
		719614131DED01DA00AE3E6E /* EffectSlotControl.swift in Sources */ = {isa = PBXBuildFile; fileRef = 719614121DED01DA00AE3E6E /* EffectSlotControl.swift */; };
		719614151DED028700AE3E6E /* Enums.swift in Sources */ = {isa = PBXBuildFile; fileRef = 719614141DED028700AE3E6E /* Enums.swift */; };
		719614171DED030900AE3E6E /* ShadeControl.swift in Sources */ = {isa = PBXBuildFile; fileRef = 719614161DED030900AE3E6E /* ShadeControl.swift */; };
		7196141A1DED042B00AE3E6E /* UIColor+Brightness.swift in Sources */ = {isa = PBXBuildFile; fileRef = 719614191DED042B00AE3E6E /* UIColor+Brightness.swift */; };
		7196141C1DED0D3E00AE3E6E /* KnobBaseControl.swift in Sources */ = {isa = PBXBuildFile; fileRef = 7196141B1DED0D3E00AE3E6E /* KnobBaseControl.swift */; };
		7196141E1DED0E3400AE3E6E /* PedalKnobControl.swift in Sources */ = {isa = PBXBuildFile; fileRef = 7196141D1DED0E3400AE3E6E /* PedalKnobControl.swift */; };
		7196141F1DED161200AE3E6E /* Effect.storyboard in Resources */ = {isa = PBXBuildFile; fileRef = 719614211DED161200AE3E6E /* Effect.storyboard */; };
		7198C2DC1DD93601003238D7 /* AppDelegate.swift in Sources */ = {isa = PBXBuildFile; fileRef = 7198C2DB1DD93601003238D7 /* AppDelegate.swift */; };
		7198C2DE1DD93601003238D7 /* MainVC.swift in Sources */ = {isa = PBXBuildFile; fileRef = 7198C2DD1DD93601003238D7 /* MainVC.swift */; };
		7198C2E11DD93601003238D7 /* Main_iPhone.storyboard in Resources */ = {isa = PBXBuildFile; fileRef = 7198C2DF1DD93601003238D7 /* Main_iPhone.storyboard */; };
		7198C2E31DD93601003238D7 /* Assets.xcassets in Resources */ = {isa = PBXBuildFile; fileRef = 7198C2E21DD93601003238D7 /* Assets.xcassets */; };
		7198C2E61DD93601003238D7 /* LaunchScreen.storyboard in Resources */ = {isa = PBXBuildFile; fileRef = 7198C2E41DD93601003238D7 /* LaunchScreen.storyboard */; };
		7198C2F11DD93601003238D7 /* DefenderAppTests.swift in Sources */ = {isa = PBXBuildFile; fileRef = 7198C2F01DD93601003238D7 /* DefenderAppTests.swift */; };
		7198C33E1DDA833B003238D7 /* RemoteManager.swift in Sources */ = {isa = PBXBuildFile; fileRef = 7198C33D1DDA833B003238D7 /* RemoteManager.swift */; };
		7198C5EF1DDE47CA003238D7 /* LEDControl.swift in Sources */ = {isa = PBXBuildFile; fileRef = 7198C5EE1DDE47CA003238D7 /* LEDControl.swift */; };
/* End PBXBuildFile section */

/* Begin PBXContainerItemProxy section */
		6568626F1E25D04100115981 /* PBXContainerItemProxy */ = {
			isa = PBXContainerItemProxy;
			containerPortal = 7198C2D01DD93601003238D7 /* Project object */;
			proxyType = 1;
			remoteGlobalIDString = 6568626C1E25D04100115981;
			remoteInfo = "Watchkit Extension";
		};
		6568627D1E25D04100115981 /* PBXContainerItemProxy */ = {
			isa = PBXContainerItemProxy;
			containerPortal = 7198C2D01DD93601003238D7 /* Project object */;
			proxyType = 1;
			remoteGlobalIDString = 656862601E25D03E00115981;
			remoteInfo = Watchkit;
		};
		7198C2ED1DD93601003238D7 /* PBXContainerItemProxy */ = {
			isa = PBXContainerItemProxy;
			containerPortal = 7198C2D01DD93601003238D7 /* Project object */;
			proxyType = 1;
			remoteGlobalIDString = 7198C2D71DD93601003238D7;
			remoteInfo = DefenderApp;
		};
/* End PBXContainerItemProxy section */

/* Begin PBXCopyFilesBuildPhase section */
		656862851E25D04200115981 /* Embed App Extensions */ = {
			isa = PBXCopyFilesBuildPhase;
			buildActionMask = 2147483647;
			dstPath = "";
			dstSubfolderSpec = 13;
			files = (
				6568626E1E25D04100115981 /* Watchkit Extension.appex in Embed App Extensions */,
			);
			name = "Embed App Extensions";
			runOnlyForDeploymentPostprocessing = 0;
		};
		656862871E25D04200115981 /* Embed Watch Content */ = {
			isa = PBXCopyFilesBuildPhase;
			buildActionMask = 2147483647;
			dstPath = "$(CONTENTS_FOLDER_PATH)/Watch";
			dstSubfolderSpec = 16;
			files = (
				6568627F1E25D04100115981 /* Watchkit.app in Embed Watch Content */,
			);
			name = "Embed Watch Content";
			runOnlyForDeploymentPostprocessing = 0;
		};
/* End PBXCopyFilesBuildPhase section */

/* Begin PBXFileReference section */
		6501BEAC1E450306009469E6 /* MetronomeController.swift */ = {isa = PBXFileReference; fileEncoding = 4; lastKnownFileType = sourcecode.swift; path = MetronomeController.swift; sourceTree = "<group>"; };
		6501BEAD1E450306009469E6 /* PresetsController.swift */ = {isa = PBXFileReference; fileEncoding = 4; lastKnownFileType = sourcecode.swift; path = PresetsController.swift; sourceTree = "<group>"; };
		6501BEB01E457CC2009469E6 /* WatchMessage.swift */ = {isa = PBXFileReference; fileEncoding = 4; lastKnownFileType = sourcecode.swift; path = WatchMessage.swift; sourceTree = "<group>"; };
		6501BEB31E46C6F9009469E6 /* DXPresetList.swift */ = {isa = PBXFileReference; fileEncoding = 4; lastKnownFileType = sourcecode.swift; path = DXPresetList.swift; sourceTree = "<group>"; };
		6501BEB71E46D338009469E6 /* DataManager.swift */ = {isa = PBXFileReference; fileEncoding = 4; lastKnownFileType = sourcecode.swift; path = DataManager.swift; sourceTree = "<group>"; };
		650775C31DEBFCA600F5040C /* PedalVC.swift */ = {isa = PBXFileReference; fileEncoding = 4; lastKnownFileType = sourcecode.swift; path = PedalVC.swift; sourceTree = "<group>"; };
		650775C61DEBFD4900F5040C /* Base */ = {isa = PBXFileReference; lastKnownFileType = file.storyboard; name = Base; path = Base.lproj/Main_iPad.storyboard; sourceTree = "<group>"; };
		650775C91DEBFD4F00F5040C /* Base */ = {isa = PBXFileReference; lastKnownFileType = file.storyboard; name = Base; path = Base.lproj/Pedal.storyboard; sourceTree = "<group>"; };
		65237BE024A4840D002AB5D3 /* ULog.swift */ = {isa = PBXFileReference; fileEncoding = 4; lastKnownFileType = sourcecode.swift; path = ULog.swift; sourceTree = "<group>"; };
		656862611E25D03E00115981 /* Watchkit.app */ = {isa = PBXFileReference; explicitFileType = wrapper.application; includeInIndex = 0; path = Watchkit.app; sourceTree = BUILT_PRODUCTS_DIR; };
		656862641E25D03F00115981 /* Base */ = {isa = PBXFileReference; lastKnownFileType = file.storyboard; name = Base; path = Base.lproj/Interface.storyboard; sourceTree = "<group>"; };
		656862661E25D04000115981 /* Assets.xcassets */ = {isa = PBXFileReference; lastKnownFileType = folder.assetcatalog; path = Assets.xcassets; sourceTree = "<group>"; };
		656862681E25D04000115981 /* Info.plist */ = {isa = PBXFileReference; lastKnownFileType = text.plist.xml; path = Info.plist; sourceTree = "<group>"; };
		6568626D1E25D04100115981 /* Watchkit Extension.appex */ = {isa = PBXFileReference; explicitFileType = "wrapper.app-extension"; includeInIndex = 0; path = "Watchkit Extension.appex"; sourceTree = BUILT_PRODUCTS_DIR; };
		656862731E25D04100115981 /* PushNotificationPayload.apns */ = {isa = PBXFileReference; lastKnownFileType = text; path = PushNotificationPayload.apns; sourceTree = "<group>"; };
		656862741E25D04100115981 /* InterfaceController.swift */ = {isa = PBXFileReference; lastKnownFileType = sourcecode.swift; path = InterfaceController.swift; sourceTree = "<group>"; };
		656862761E25D04100115981 /* ExtensionDelegate.swift */ = {isa = PBXFileReference; lastKnownFileType = sourcecode.swift; path = ExtensionDelegate.swift; sourceTree = "<group>"; };
		656862781E25D04100115981 /* NotificationController.swift */ = {isa = PBXFileReference; lastKnownFileType = sourcecode.swift; path = NotificationController.swift; sourceTree = "<group>"; };
		6568627A1E25D04100115981 /* Assets.xcassets */ = {isa = PBXFileReference; lastKnownFileType = folder.assetcatalog; path = Assets.xcassets; sourceTree = "<group>"; };
		6568627C1E25D04100115981 /* Info.plist */ = {isa = PBXFileReference; lastKnownFileType = text.plist.xml; path = Info.plist; sourceTree = "<group>"; };
		656EE82E1E30763400410BB4 /* WatchSessionController.swift */ = {isa = PBXFileReference; fileEncoding = 4; lastKnownFileType = sourcecode.swift; path = WatchSessionController.swift; sourceTree = "<group>"; };
		656EE8301E30765000410BB4 /* PhoneSessionController.swift */ = {isa = PBXFileReference; fileEncoding = 4; lastKnownFileType = sourcecode.swift; path = PhoneSessionController.swift; sourceTree = "<group>"; };
		656EE8331E30767400410BB4 /* WatchConnectivity.framework */ = {isa = PBXFileReference; lastKnownFileType = wrapper.framework; name = WatchConnectivity.framework; path = System/Library/Frameworks/WatchConnectivity.framework; sourceTree = SDKROOT; };
		656EE8351E307AD300410BB4 /* WatchManager.swift */ = {isa = PBXFileReference; fileEncoding = 4; lastKnownFileType = sourcecode.swift; path = WatchManager.swift; sourceTree = "<group>"; };
		657306AD24A6F69400EC155F /* Constants.swift */ = {isa = PBXFileReference; fileEncoding = 4; lastKnownFileType = sourcecode.swift; path = Constants.swift; sourceTree = "<group>"; };
		657306AE24A6F69400EC155F /* Peripheral.swift */ = {isa = PBXFileReference; fileEncoding = 4; lastKnownFileType = sourcecode.swift; path = Peripheral.swift; sourceTree = "<group>"; };
		657306AF24A6F69400EC155F /* Central.swift */ = {isa = PBXFileReference; fileEncoding = 4; lastKnownFileType = sourcecode.swift; path = Central.swift; sourceTree = "<group>"; };
		657306B124A6F69400EC155F /* CentralManager.swift */ = {isa = PBXFileReference; fileEncoding = 4; lastKnownFileType = sourcecode.swift; path = CentralManager.swift; sourceTree = "<group>"; };
		657306B224A6F69400EC155F /* PeripheralManager.swift */ = {isa = PBXFileReference; fileEncoding = 4; lastKnownFileType = sourcecode.swift; path = PeripheralManager.swift; sourceTree = "<group>"; };
		657306B424A6F69400EC155F /* RemoteData.swift */ = {isa = PBXFileReference; fileEncoding = 4; lastKnownFileType = sourcecode.swift; path = RemoteData.swift; sourceTree = "<group>"; };
		657306BC24A70CB100EC155F /* Base */ = {isa = PBXFileReference; lastKnownFileType = file.storyboard; name = Base; path = Base.lproj/Controls_iPad.storyboard; sourceTree = "<group>"; };
		657306BE24A70FF700EC155F /* OnePagePresetVC.swift */ = {isa = PBXFileReference; lastKnownFileType = sourcecode.swift; path = OnePagePresetVC.swift; sourceTree = "<group>"; };
		657306C424A80A4E00EC155F /* Base */ = {isa = PBXFileReference; lastKnownFileType = file.storyboard; name = Base; path = Base.lproj/Effect_iPad.storyboard; sourceTree = "<group>"; };
		657306CB24A8137D00EC155F /* Cabinet.storyboard */ = {isa = PBXFileReference; lastKnownFileType = file.storyboard; path = Cabinet.storyboard; sourceTree = "<group>"; };
		657306D024A814A000EC155F /* CabinetVC.swift */ = {isa = PBXFileReference; lastKnownFileType = sourcecode.swift; path = CabinetVC.swift; sourceTree = "<group>"; };
		65F69F0C1DDD70AB0017188D /* DXAmplifier.swift */ = {isa = PBXFileReference; fileEncoding = 4; lastKnownFileType = sourcecode.swift; path = DXAmplifier.swift; sourceTree = "<group>"; };
		65F69F171DDD745D0017188D /* Transferable.swift */ = {isa = PBXFileReference; fileEncoding = 4; lastKnownFileType = sourcecode.swift; path = Transferable.swift; sourceTree = "<group>"; };
		65F69F1B1DDD93000017188D /* DXMessage.swift */ = {isa = PBXFileReference; fileEncoding = 4; lastKnownFileType = sourcecode.swift; path = DXMessage.swift; sourceTree = "<group>"; };
		65F69F1F1DDED1DF0017188D /* DXPreset.swift */ = {isa = PBXFileReference; fileEncoding = 4; lastKnownFileType = sourcecode.swift; path = DXPreset.swift; sourceTree = "<group>"; };
		65F69F291DE011550017188D /* DXEffect.swift */ = {isa = PBXFileReference; fileEncoding = 4; lastKnownFileType = sourcecode.swift; path = DXEffect.swift; sourceTree = "<group>"; };
		65FA118E1DF3DE7400FBD280 /* DXKnob.swift */ = {isa = PBXFileReference; fileEncoding = 4; lastKnownFileType = sourcecode.swift; path = DXKnob.swift; sourceTree = "<group>"; };
		712DC3E81DECCC0A004E5BE1 /* PedalPageVC.swift */ = {isa = PBXFileReference; fileEncoding = 4; lastKnownFileType = sourcecode.swift; path = PedalPageVC.swift; sourceTree = "<group>"; };
		712DC3EA1DECCD29004E5BE1 /* PagedPresetVC.swift */ = {isa = PBXFileReference; fileEncoding = 4; lastKnownFileType = sourcecode.swift; path = PagedPresetVC.swift; sourceTree = "<group>"; };
		712DC3EC1DECCDFC004E5BE1 /* EffectPageVC.swift */ = {isa = PBXFileReference; fileEncoding = 4; lastKnownFileType = sourcecode.swift; path = EffectPageVC.swift; sourceTree = "<group>"; };
		712DC3EE1DECCE6B004E5BE1 /* EffectVC.swift */ = {isa = PBXFileReference; fileEncoding = 4; lastKnownFileType = sourcecode.swift; path = EffectVC.swift; sourceTree = "<group>"; };
		712DC3F21DECD59C004E5BE1 /* PedalBodyControl.swift */ = {isa = PBXFileReference; fileEncoding = 4; lastKnownFileType = sourcecode.swift; lineEnding = 0; path = PedalBodyControl.swift; sourceTree = "<group>"; xcLanguageSpecificationIdentifier = xcode.lang.swift; };
		71935F261DEE35DE0096A919 /* PedalPadControl.swift */ = {isa = PBXFileReference; fileEncoding = 4; lastKnownFileType = sourcecode.swift; path = PedalPadControl.swift; sourceTree = "<group>"; };
		71935F281DEF685B0096A919 /* ControlsVC.swift */ = {isa = PBXFileReference; fileEncoding = 4; lastKnownFileType = sourcecode.swift; path = ControlsVC.swift; sourceTree = "<group>"; };
		71935F2D1DEF68EA0096A919 /* Base */ = {isa = PBXFileReference; lastKnownFileType = file.storyboard; name = Base; path = Base.lproj/Controls.storyboard; sourceTree = "<group>"; };
		71935F2F1DEF6A1D0096A919 /* AmpKnobControl.swift */ = {isa = PBXFileReference; fileEncoding = 4; lastKnownFileType = sourcecode.swift; path = AmpKnobControl.swift; sourceTree = "<group>"; };
		71935F311DEF700B0096A919 /* ControlsPageVC.swift */ = {isa = PBXFileReference; fileEncoding = 4; lastKnownFileType = sourcecode.swift; path = ControlsPageVC.swift; sourceTree = "<group>"; };
		71935F331DEF724E0096A919 /* UIImage+Colour.swift */ = {isa = PBXFileReference; fileEncoding = 4; lastKnownFileType = sourcecode.swift; path = "UIImage+Colour.swift"; sourceTree = "<group>"; };
		719360331DEFB84A0096A919 /* EffectControl.swift */ = {isa = PBXFileReference; fileEncoding = 4; lastKnownFileType = sourcecode.swift; path = EffectControl.swift; sourceTree = "<group>"; };
		719360351DEFBF480096A919 /* UIColor+Colours.swift */ = {isa = PBXFileReference; fileEncoding = 4; lastKnownFileType = sourcecode.swift; path = "UIColor+Colours.swift"; sourceTree = "<group>"; };
		719360371DF0EDBE0096A919 /* EffectKnobControl.swift */ = {isa = PBXFileReference; fileEncoding = 4; lastKnownFileType = sourcecode.swift; path = EffectKnobControl.swift; sourceTree = "<group>"; };
		719360391DF4BEBC0096A919 /* BaseEffectVC.swift */ = {isa = PBXFileReference; fileEncoding = 4; lastKnownFileType = sourcecode.swift; path = BaseEffectVC.swift; sourceTree = "<group>"; };
		719614121DED01DA00AE3E6E /* EffectSlotControl.swift */ = {isa = PBXFileReference; fileEncoding = 4; lastKnownFileType = sourcecode.swift; path = EffectSlotControl.swift; sourceTree = "<group>"; };
		719614141DED028700AE3E6E /* Enums.swift */ = {isa = PBXFileReference; fileEncoding = 4; lastKnownFileType = sourcecode.swift; path = Enums.swift; sourceTree = "<group>"; };
		719614161DED030900AE3E6E /* ShadeControl.swift */ = {isa = PBXFileReference; fileEncoding = 4; lastKnownFileType = sourcecode.swift; path = ShadeControl.swift; sourceTree = "<group>"; };
		719614191DED042B00AE3E6E /* UIColor+Brightness.swift */ = {isa = PBXFileReference; fileEncoding = 4; lastKnownFileType = sourcecode.swift; path = "UIColor+Brightness.swift"; sourceTree = "<group>"; };
		7196141B1DED0D3E00AE3E6E /* KnobBaseControl.swift */ = {isa = PBXFileReference; fileEncoding = 4; lastKnownFileType = sourcecode.swift; lineEnding = 0; path = KnobBaseControl.swift; sourceTree = "<group>"; xcLanguageSpecificationIdentifier = xcode.lang.swift; };
		7196141D1DED0E3400AE3E6E /* PedalKnobControl.swift */ = {isa = PBXFileReference; fileEncoding = 4; lastKnownFileType = sourcecode.swift; path = PedalKnobControl.swift; sourceTree = "<group>"; };
		719614201DED161200AE3E6E /* Base */ = {isa = PBXFileReference; lastKnownFileType = file.storyboard; name = Base; path = Base.lproj/Effect.storyboard; sourceTree = "<group>"; };
		7198C2D81DD93601003238D7 /* DefenderiOS.app */ = {isa = PBXFileReference; explicitFileType = wrapper.application; includeInIndex = 0; path = DefenderiOS.app; sourceTree = BUILT_PRODUCTS_DIR; };
		7198C2DB1DD93601003238D7 /* AppDelegate.swift */ = {isa = PBXFileReference; lastKnownFileType = sourcecode.swift; path = AppDelegate.swift; sourceTree = "<group>"; };
		7198C2DD1DD93601003238D7 /* MainVC.swift */ = {isa = PBXFileReference; lastKnownFileType = sourcecode.swift; path = MainVC.swift; sourceTree = "<group>"; };
		7198C2E01DD93601003238D7 /* Base */ = {isa = PBXFileReference; lastKnownFileType = file.storyboard; name = Base; path = Base.lproj/Main_iPhone.storyboard; sourceTree = "<group>"; };
		7198C2E21DD93601003238D7 /* Assets.xcassets */ = {isa = PBXFileReference; lastKnownFileType = folder.assetcatalog; path = Assets.xcassets; sourceTree = "<group>"; };
		7198C2E51DD93601003238D7 /* Base */ = {isa = PBXFileReference; lastKnownFileType = file.storyboard; name = Base; path = Base.lproj/LaunchScreen.storyboard; sourceTree = "<group>"; };
		7198C2E71DD93601003238D7 /* Info.plist */ = {isa = PBXFileReference; lastKnownFileType = text.plist.xml; path = Info.plist; sourceTree = "<group>"; };
		7198C2EC1DD93601003238D7 /* DefenderiOSTests.xctest */ = {isa = PBXFileReference; explicitFileType = wrapper.cfbundle; includeInIndex = 0; path = DefenderiOSTests.xctest; sourceTree = BUILT_PRODUCTS_DIR; };
		7198C2F01DD93601003238D7 /* DefenderAppTests.swift */ = {isa = PBXFileReference; lastKnownFileType = sourcecode.swift; path = DefenderAppTests.swift; sourceTree = "<group>"; };
		7198C2F21DD93601003238D7 /* Info.plist */ = {isa = PBXFileReference; lastKnownFileType = text.plist.xml; path = Info.plist; sourceTree = "<group>"; };
		7198C33D1DDA833B003238D7 /* RemoteManager.swift */ = {isa = PBXFileReference; fileEncoding = 4; lastKnownFileType = sourcecode.swift; path = RemoteManager.swift; sourceTree = "<group>"; };
		7198C5EE1DDE47CA003238D7 /* LEDControl.swift */ = {isa = PBXFileReference; fileEncoding = 4; lastKnownFileType = sourcecode.swift; lineEnding = 0; path = LEDControl.swift; sourceTree = "<group>"; xcLanguageSpecificationIdentifier = xcode.lang.swift; };
/* End PBXFileReference section */

/* Begin PBXFrameworksBuildPhase section */
		6568626A1E25D04100115981 /* Frameworks */ = {
			isa = PBXFrameworksBuildPhase;
			buildActionMask = 2147483647;
			files = (
			);
			runOnlyForDeploymentPostprocessing = 0;
		};
		7198C2D51DD93601003238D7 /* Frameworks */ = {
			isa = PBXFrameworksBuildPhase;
			buildActionMask = 2147483647;
			files = (
				656EE8341E30767400410BB4 /* WatchConnectivity.framework in Frameworks */,
				6573069224A6B73800EC155F /* BluetoothKit in Frameworks */,
				65237B8E24A482D5002AB5D3 /* ObjectMapper in Frameworks */,
			);
			runOnlyForDeploymentPostprocessing = 0;
		};
		7198C2E91DD93601003238D7 /* Frameworks */ = {
			isa = PBXFrameworksBuildPhase;
			buildActionMask = 2147483647;
			files = (
			);
			runOnlyForDeploymentPostprocessing = 0;
		};
/* End PBXFrameworksBuildPhase section */

/* Begin PBXGroup section */
		656862621E25D03E00115981 /* Watchkit */ = {
			isa = PBXGroup;
			children = (
				656862631E25D03F00115981 /* Interface.storyboard */,
				656862661E25D04000115981 /* Assets.xcassets */,
				656862681E25D04000115981 /* Info.plist */,
			);
			path = Watchkit;
			sourceTree = "<group>";
		};
		656862711E25D04100115981 /* Watchkit Extension */ = {
			isa = PBXGroup;
			children = (
				656862741E25D04100115981 /* InterfaceController.swift */,
				6501BEAD1E450306009469E6 /* PresetsController.swift */,
				6501BEAC1E450306009469E6 /* MetronomeController.swift */,
				656862781E25D04100115981 /* NotificationController.swift */,
				656862761E25D04100115981 /* ExtensionDelegate.swift */,
				6501BEB71E46D338009469E6 /* DataManager.swift */,
				6568627A1E25D04100115981 /* Assets.xcassets */,
				6568627C1E25D04100115981 /* Info.plist */,
				656862721E25D04100115981 /* Supporting Files */,
			);
			path = "Watchkit Extension";
			sourceTree = "<group>";
		};
		656862721E25D04100115981 /* Supporting Files */ = {
			isa = PBXGroup;
			children = (
				656862731E25D04100115981 /* PushNotificationPayload.apns */,
			);
			name = "Supporting Files";
			sourceTree = "<group>";
		};
		656EE82D1E30758700410BB4 /* WatchControllers */ = {
			isa = PBXGroup;
			children = (
				6501BEB01E457CC2009469E6 /* WatchMessage.swift */,
				656EE82E1E30763400410BB4 /* WatchSessionController.swift */,
				656EE8301E30765000410BB4 /* PhoneSessionController.swift */,
			);
			path = WatchControllers;
			sourceTree = "<group>";
		};
		657306AC24A6F69400EC155F /* Remote */ = {
			isa = PBXGroup;
			children = (
				657306AD24A6F69400EC155F /* Constants.swift */,
				657306AE24A6F69400EC155F /* Peripheral.swift */,
				657306AF24A6F69400EC155F /* Central.swift */,
				657306B024A6F69400EC155F /* Managers */,
				657306B324A6F69400EC155F /* Models */,
			);
			name = Remote;
			path = ../../Remote;
			sourceTree = "<group>";
		};
		657306B024A6F69400EC155F /* Managers */ = {
			isa = PBXGroup;
			children = (
				657306B124A6F69400EC155F /* CentralManager.swift */,
				657306B224A6F69400EC155F /* PeripheralManager.swift */,
			);
			path = Managers;
			sourceTree = "<group>";
		};
		657306B324A6F69400EC155F /* Models */ = {
			isa = PBXGroup;
			children = (
				657306B424A6F69400EC155F /* RemoteData.swift */,
			);
			path = Models;
			sourceTree = "<group>";
		};
		65894A601ED24F3E0093C980 /* Supporting Files */ = {
			isa = PBXGroup;
			children = (
				7198C2E71DD93601003238D7 /* Info.plist */,
			);
			name = "Supporting Files";
			sourceTree = "<group>";
		};
		65F69F0B1DDD703F0017188D /* Common Models */ = {
			isa = PBXGroup;
			children = (
				65F69F171DDD745D0017188D /* Transferable.swift */,
				65F69F1B1DDD93000017188D /* DXMessage.swift */,
				65F69F0C1DDD70AB0017188D /* DXAmplifier.swift */,
				6501BEB31E46C6F9009469E6 /* DXPresetList.swift */,
				65F69F1F1DDED1DF0017188D /* DXPreset.swift */,
				65F69F291DE011550017188D /* DXEffect.swift */,
				65FA118E1DF3DE7400FBD280 /* DXKnob.swift */,
			);
			name = "Common Models";
			path = "../Common Models";
			sourceTree = SOURCE_ROOT;
		};
		719614181DED040E00AE3E6E /* Extensions */ = {
			isa = PBXGroup;
			children = (
				719614191DED042B00AE3E6E /* UIColor+Brightness.swift */,
				719360351DEFBF480096A919 /* UIColor+Colours.swift */,
				71935F331DEF724E0096A919 /* UIImage+Colour.swift */,
			);
			path = Extensions;
			sourceTree = "<group>";
		};
		7198C2CF1DD93601003238D7 = {
			isa = PBXGroup;
			children = (
				7198C2DA1DD93601003238D7 /* DefenderiOS */,
				656EE82D1E30758700410BB4 /* WatchControllers */,
				656862621E25D03E00115981 /* Watchkit */,
				656862711E25D04100115981 /* Watchkit Extension */,
				7198C2EF1DD93601003238D7 /* DefenderiOSTests */,
				7198C30D1DD94A48003238D7 /* Frameworks */,
				7198C2D91DD93601003238D7 /* Products */,
			);
			sourceTree = "<group>";
		};
		7198C2D91DD93601003238D7 /* Products */ = {
			isa = PBXGroup;
			children = (
				7198C2D81DD93601003238D7 /* DefenderiOS.app */,
				7198C2EC1DD93601003238D7 /* DefenderiOSTests.xctest */,
				656862611E25D03E00115981 /* Watchkit.app */,
				6568626D1E25D04100115981 /* Watchkit Extension.appex */,
			);
			name = Products;
			sourceTree = "<group>";
		};
		7198C2DA1DD93601003238D7 /* DefenderiOS */ = {
			isa = PBXGroup;
			children = (
				7198C2DB1DD93601003238D7 /* AppDelegate.swift */,
				65237BE024A4840D002AB5D3 /* ULog.swift */,
				7198C3401DDA9C20003238D7 /* View Controllers */,
				7198C33C1DDA8317003238D7 /* Managers */,
				7198C5ED1DDE476C003238D7 /* Custom Controls */,
				65F69F0B1DDD703F0017188D /* Common Models */,
				657306AC24A6F69400EC155F /* Remote */,
				719614181DED040E00AE3E6E /* Extensions */,
				7198C33F1DDA9C08003238D7 /* Resources */,
				65894A601ED24F3E0093C980 /* Supporting Files */,
			);
			path = DefenderiOS;
			sourceTree = "<group>";
		};
		7198C2EF1DD93601003238D7 /* DefenderiOSTests */ = {
			isa = PBXGroup;
			children = (
				7198C2F01DD93601003238D7 /* DefenderAppTests.swift */,
				7198C2F21DD93601003238D7 /* Info.plist */,
			);
			path = DefenderiOSTests;
			sourceTree = "<group>";
		};
		7198C30D1DD94A48003238D7 /* Frameworks */ = {
			isa = PBXGroup;
			children = (
				656EE8331E30767400410BB4 /* WatchConnectivity.framework */,
			);
			name = Frameworks;
			sourceTree = "<group>";
		};
		7198C33C1DDA8317003238D7 /* Managers */ = {
			isa = PBXGroup;
			children = (
				7198C33D1DDA833B003238D7 /* RemoteManager.swift */,
				656EE8351E307AD300410BB4 /* WatchManager.swift */,
			);
			path = Managers;
			sourceTree = "<group>";
		};
		7198C33F1DDA9C08003238D7 /* Resources */ = {
			isa = PBXGroup;
			children = (
				7198C2E21DD93601003238D7 /* Assets.xcassets */,
				7198C2E41DD93601003238D7 /* LaunchScreen.storyboard */,
				7198C2DF1DD93601003238D7 /* Main_iPhone.storyboard */,
				650775C71DEBFD4900F5040C /* Main_iPad.storyboard */,
				71935F2E1DEF68EA0096A919 /* Controls.storyboard */,
				657306BB24A70CB100EC155F /* Controls_iPad.storyboard */,
				650775CA1DEBFD4F00F5040C /* Pedal.storyboard */,
				719614211DED161200AE3E6E /* Effect.storyboard */,
				657306C324A80A4E00EC155F /* Effect_iPad.storyboard */,
				657306CB24A8137D00EC155F /* Cabinet.storyboard */,
			);
			name = Resources;
			sourceTree = "<group>";
		};
		7198C3401DDA9C20003238D7 /* View Controllers */ = {
			isa = PBXGroup;
			children = (
				7198C2DD1DD93601003238D7 /* MainVC.swift */,
				712DC3EA1DECCD29004E5BE1 /* PagedPresetVC.swift */,
				657306BE24A70FF700EC155F /* OnePagePresetVC.swift */,
				71935F311DEF700B0096A919 /* ControlsPageVC.swift */,
				712DC3E81DECCC0A004E5BE1 /* PedalPageVC.swift */,
				712DC3EC1DECCDFC004E5BE1 /* EffectPageVC.swift */,
				719360391DF4BEBC0096A919 /* BaseEffectVC.swift */,
				71935F281DEF685B0096A919 /* ControlsVC.swift */,
				657306D024A814A000EC155F /* CabinetVC.swift */,
				650775C31DEBFCA600F5040C /* PedalVC.swift */,
				712DC3EE1DECCE6B004E5BE1 /* EffectVC.swift */,
			);
			name = "View Controllers";
			path = ViewControllers;
			sourceTree = "<group>";
		};
		7198C5ED1DDE476C003238D7 /* Custom Controls */ = {
			isa = PBXGroup;
			children = (
				7198C5EE1DDE47CA003238D7 /* LEDControl.swift */,
				719614161DED030900AE3E6E /* ShadeControl.swift */,
				719614121DED01DA00AE3E6E /* EffectSlotControl.swift */,
				712DC3F21DECD59C004E5BE1 /* PedalBodyControl.swift */,
				71935F261DEE35DE0096A919 /* PedalPadControl.swift */,
				719360331DEFB84A0096A919 /* EffectControl.swift */,
				7196141B1DED0D3E00AE3E6E /* KnobBaseControl.swift */,
				71935F2F1DEF6A1D0096A919 /* AmpKnobControl.swift */,
				7196141D1DED0E3400AE3E6E /* PedalKnobControl.swift */,
				719360371DF0EDBE0096A919 /* EffectKnobControl.swift */,
				719614141DED028700AE3E6E /* Enums.swift */,
			);
			name = "Custom Controls";
			path = CustomControls;
			sourceTree = "<group>";
		};
/* End PBXGroup section */

/* Begin PBXNativeTarget section */
		656862601E25D03E00115981 /* Watchkit */ = {
			isa = PBXNativeTarget;
			buildConfigurationList = 656862861E25D04200115981 /* Build configuration list for PBXNativeTarget "Watchkit" */;
			buildPhases = (
				6568625F1E25D03E00115981 /* Resources */,
				656862851E25D04200115981 /* Embed App Extensions */,
			);
			buildRules = (
			);
			dependencies = (
				656862701E25D04100115981 /* PBXTargetDependency */,
			);
			name = Watchkit;
			productName = Watchkit;
			productReference = 656862611E25D03E00115981 /* Watchkit.app */;
			productType = "com.apple.product-type.application.watchapp2";
		};
		6568626C1E25D04100115981 /* Watchkit Extension */ = {
			isa = PBXNativeTarget;
			buildConfigurationList = 656862841E25D04200115981 /* Build configuration list for PBXNativeTarget "Watchkit Extension" */;
			buildPhases = (
				656862691E25D04100115981 /* Sources */,
				6568626A1E25D04100115981 /* Frameworks */,
				6568626B1E25D04100115981 /* Resources */,
			);
			buildRules = (
			);
			dependencies = (
			);
			name = "Watchkit Extension";
			productName = "Watchkit Extension";
			productReference = 6568626D1E25D04100115981 /* Watchkit Extension.appex */;
			productType = "com.apple.product-type.watchkit2-extension";
		};
		7198C2D71DD93601003238D7 /* DefenderiOS */ = {
			isa = PBXNativeTarget;
			buildConfigurationList = 7198C3001DD93601003238D7 /* Build configuration list for PBXNativeTarget "DefenderiOS" */;
			buildPhases = (
				7198C2D41DD93601003238D7 /* Sources */,
				7198C2D51DD93601003238D7 /* Frameworks */,
				7198C2D61DD93601003238D7 /* Resources */,
				656862871E25D04200115981 /* Embed Watch Content */,
			);
			buildRules = (
			);
			dependencies = (
				6568627E1E25D04100115981 /* PBXTargetDependency */,
			);
			name = DefenderiOS;
			packageProductDependencies = (
				65237B8D24A482D5002AB5D3 /* ObjectMapper */,
				6573069124A6B73800EC155F /* BluetoothKit */,
			);
			productName = DefenderApp;
			productReference = 7198C2D81DD93601003238D7 /* DefenderiOS.app */;
			productType = "com.apple.product-type.application";
		};
		7198C2EB1DD93601003238D7 /* DefenderiOSTests */ = {
			isa = PBXNativeTarget;
			buildConfigurationList = 7198C3031DD93601003238D7 /* Build configuration list for PBXNativeTarget "DefenderiOSTests" */;
			buildPhases = (
				7198C2E81DD93601003238D7 /* Sources */,
				7198C2E91DD93601003238D7 /* Frameworks */,
				7198C2EA1DD93601003238D7 /* Resources */,
			);
			buildRules = (
			);
			dependencies = (
				7198C2EE1DD93601003238D7 /* PBXTargetDependency */,
			);
			name = DefenderiOSTests;
			productName = DefenderAppTests;
			productReference = 7198C2EC1DD93601003238D7 /* DefenderiOSTests.xctest */;
			productType = "com.apple.product-type.bundle.unit-test";
		};
/* End PBXNativeTarget section */

/* Begin PBXProject section */
		7198C2D01DD93601003238D7 /* Project object */ = {
			isa = PBXProject;
			attributes = {
				LastSwiftUpdateCheck = 0820;
				LastUpgradeCheck = 1020;
				ORGANIZATIONNAME = "Derek Knight";
				TargetAttributes = {
					656862601E25D03E00115981 = {
						CreatedOnToolsVersion = 8.2.1;
						DevelopmentTeam = DX8B97QV93;
						LastSwiftMigration = 0900;
						ProvisioningStyle = Manual;
					};
					6568626C1E25D04100115981 = {
						CreatedOnToolsVersion = 8.2.1;
						DevelopmentTeam = DX8B97QV93;
						LastSwiftMigration = 1020;
						ProvisioningStyle = Manual;
					};
					7198C2D71DD93601003238D7 = {
						CreatedOnToolsVersion = 8.1;
						DevelopmentTeam = DX8B97QV93;
						LastSwiftMigration = 1020;
						ProvisioningStyle = Manual;
					};
					7198C2EB1DD93601003238D7 = {
						CreatedOnToolsVersion = 8.1;
						DevelopmentTeam = DX8B97QV93;
						LastSwiftMigration = 1020;
						ProvisioningStyle = Automatic;
						TestTargetID = 7198C2D71DD93601003238D7;
					};
				};
			};
			buildConfigurationList = 7198C2D31DD93601003238D7 /* Build configuration list for PBXProject "DefenderiOS" */;
			compatibilityVersion = "Xcode 3.2";
			developmentRegion = en;
			hasScannedForEncodings = 0;
			knownRegions = (
				en,
				Base,
			);
			mainGroup = 7198C2CF1DD93601003238D7;
			packageReferences = (
				65237B8C24A482D5002AB5D3 /* XCRemoteSwiftPackageReference "ObjectMapper" */,
				6573069024A6B73800EC155F /* XCRemoteSwiftPackageReference "BluetoothKit" */,
			);
			productRefGroup = 7198C2D91DD93601003238D7 /* Products */;
			projectDirPath = "";
			projectRoot = "";
			targets = (
				7198C2D71DD93601003238D7 /* DefenderiOS */,
				7198C2EB1DD93601003238D7 /* DefenderiOSTests */,
				656862601E25D03E00115981 /* Watchkit */,
				6568626C1E25D04100115981 /* Watchkit Extension */,
			);
		};
/* End PBXProject section */

/* Begin PBXResourcesBuildPhase section */
		6568625F1E25D03E00115981 /* Resources */ = {
			isa = PBXResourcesBuildPhase;
			buildActionMask = 2147483647;
			files = (
				656862671E25D04000115981 /* Assets.xcassets in Resources */,
				656862651E25D03F00115981 /* Interface.storyboard in Resources */,
			);
			runOnlyForDeploymentPostprocessing = 0;
		};
		6568626B1E25D04100115981 /* Resources */ = {
			isa = PBXResourcesBuildPhase;
			buildActionMask = 2147483647;
			files = (
				6568627B1E25D04100115981 /* Assets.xcassets in Resources */,
			);
			runOnlyForDeploymentPostprocessing = 0;
		};
		7198C2D61DD93601003238D7 /* Resources */ = {
			isa = PBXResourcesBuildPhase;
			buildActionMask = 2147483647;
			files = (
				657306BD24A70CB100EC155F /* Controls_iPad.storyboard in Resources */,
				650775C51DEBFD4900F5040C /* Main_iPad.storyboard in Resources */,
				7198C2E61DD93601003238D7 /* LaunchScreen.storyboard in Resources */,
				7198C2E31DD93601003238D7 /* Assets.xcassets in Resources */,
				7196141F1DED161200AE3E6E /* Effect.storyboard in Resources */,
				650775C81DEBFD4F00F5040C /* Pedal.storyboard in Resources */,
				657306C524A80A4E00EC155F /* Effect_iPad.storyboard in Resources */,
				71935F2C1DEF68EA0096A919 /* Controls.storyboard in Resources */,
				7198C2E11DD93601003238D7 /* Main_iPhone.storyboard in Resources */,
				657306CC24A8137D00EC155F /* Cabinet.storyboard in Resources */,
			);
			runOnlyForDeploymentPostprocessing = 0;
		};
		7198C2EA1DD93601003238D7 /* Resources */ = {
			isa = PBXResourcesBuildPhase;
			buildActionMask = 2147483647;
			files = (
			);
			runOnlyForDeploymentPostprocessing = 0;
		};
/* End PBXResourcesBuildPhase section */

/* Begin PBXSourcesBuildPhase section */
		656862691E25D04100115981 /* Sources */ = {
			isa = PBXSourcesBuildPhase;
			buildActionMask = 2147483647;
			files = (
				6501BEAF1E450306009469E6 /* PresetsController.swift in Sources */,
				6501BEB81E46D338009469E6 /* DataManager.swift in Sources */,
				656862791E25D04100115981 /* NotificationController.swift in Sources */,
				6501BEAE1E450306009469E6 /* MetronomeController.swift in Sources */,
				656EE8321E30765000410BB4 /* PhoneSessionController.swift in Sources */,
				656862771E25D04100115981 /* ExtensionDelegate.swift in Sources */,
				6501BEB21E457CC2009469E6 /* WatchMessage.swift in Sources */,
				656862751E25D04100115981 /* InterfaceController.swift in Sources */,
			);
			runOnlyForDeploymentPostprocessing = 0;
		};
		7198C2D41DD93601003238D7 /* Sources */ = {
			isa = PBXSourcesBuildPhase;
			buildActionMask = 2147483647;
			files = (
				719360341DEFB84A0096A919 /* EffectControl.swift in Sources */,
				71935F301DEF6A1D0096A919 /* AmpKnobControl.swift in Sources */,
				65F69F201DDED1DF0017188D /* DXPreset.swift in Sources */,
				7196141E1DED0E3400AE3E6E /* PedalKnobControl.swift in Sources */,
				6501BEB41E46C6F9009469E6 /* DXPresetList.swift in Sources */,
				719614171DED030900AE3E6E /* ShadeControl.swift in Sources */,
				71935F291DEF685B0096A919 /* ControlsVC.swift in Sources */,
				656EE82F1E30763400410BB4 /* WatchSessionController.swift in Sources */,
				65F69F181DDD745D0017188D /* Transferable.swift in Sources */,
				719614131DED01DA00AE3E6E /* EffectSlotControl.swift in Sources */,
				6501BEB11E457CC2009469E6 /* WatchMessage.swift in Sources */,
				712DC3ED1DECCDFC004E5BE1 /* EffectPageVC.swift in Sources */,
				712DC3EF1DECCE6B004E5BE1 /* EffectVC.swift in Sources */,
				71935F341DEF724E0096A919 /* UIImage+Colour.swift in Sources */,
				657306B724A6F69400EC155F /* Central.swift in Sources */,
				719614151DED028700AE3E6E /* Enums.swift in Sources */,
				71935F271DEE35DE0096A919 /* PedalPadControl.swift in Sources */,
				65237BE124A4840D002AB5D3 /* ULog.swift in Sources */,
				7193603A1DF4BEBC0096A919 /* BaseEffectVC.swift in Sources */,
				657306B824A6F69400EC155F /* CentralManager.swift in Sources */,
				71935F321DEF700C0096A919 /* ControlsPageVC.swift in Sources */,
				657306B624A6F69400EC155F /* Peripheral.swift in Sources */,
				7198C5EF1DDE47CA003238D7 /* LEDControl.swift in Sources */,
				650775C41DEBFCA600F5040C /* PedalVC.swift in Sources */,
				7196141A1DED042B00AE3E6E /* UIColor+Brightness.swift in Sources */,
				7198C33E1DDA833B003238D7 /* RemoteManager.swift in Sources */,
				719360381DF0EDBE0096A919 /* EffectKnobControl.swift in Sources */,
				65F69F0D1DDD70AB0017188D /* DXAmplifier.swift in Sources */,
				719360361DEFBF480096A919 /* UIColor+Colours.swift in Sources */,
				65F69F2A1DE011550017188D /* DXEffect.swift in Sources */,
				712DC3F31DECD59C004E5BE1 /* PedalBodyControl.swift in Sources */,
				7196141C1DED0D3E00AE3E6E /* KnobBaseControl.swift in Sources */,
				656EE8361E307AD300410BB4 /* WatchManager.swift in Sources */,
				7198C2DE1DD93601003238D7 /* MainVC.swift in Sources */,
				657306B924A6F69400EC155F /* PeripheralManager.swift in Sources */,
				7198C2DC1DD93601003238D7 /* AppDelegate.swift in Sources */,
				65F69F1C1DDD93000017188D /* DXMessage.swift in Sources */,
				657306D124A814A000EC155F /* CabinetVC.swift in Sources */,
				657306BA24A6F69400EC155F /* RemoteData.swift in Sources */,
				65FA118F1DF3DE7500FBD280 /* DXKnob.swift in Sources */,
				657306BF24A70FF700EC155F /* OnePagePresetVC.swift in Sources */,
				712DC3E91DECCC0A004E5BE1 /* PedalPageVC.swift in Sources */,
				657306B524A6F69400EC155F /* Constants.swift in Sources */,
				712DC3EB1DECCD29004E5BE1 /* PagedPresetVC.swift in Sources */,
			);
			runOnlyForDeploymentPostprocessing = 0;
		};
		7198C2E81DD93601003238D7 /* Sources */ = {
			isa = PBXSourcesBuildPhase;
			buildActionMask = 2147483647;
			files = (
				7198C2F11DD93601003238D7 /* DefenderAppTests.swift in Sources */,
			);
			runOnlyForDeploymentPostprocessing = 0;
		};
/* End PBXSourcesBuildPhase section */

/* Begin PBXTargetDependency section */
		656862701E25D04100115981 /* PBXTargetDependency */ = {
			isa = PBXTargetDependency;
			target = 6568626C1E25D04100115981 /* Watchkit Extension */;
			targetProxy = 6568626F1E25D04100115981 /* PBXContainerItemProxy */;
		};
		6568627E1E25D04100115981 /* PBXTargetDependency */ = {
			isa = PBXTargetDependency;
			target = 656862601E25D03E00115981 /* Watchkit */;
			targetProxy = 6568627D1E25D04100115981 /* PBXContainerItemProxy */;
		};
		7198C2EE1DD93601003238D7 /* PBXTargetDependency */ = {
			isa = PBXTargetDependency;
			target = 7198C2D71DD93601003238D7 /* DefenderiOS */;
			targetProxy = 7198C2ED1DD93601003238D7 /* PBXContainerItemProxy */;
		};
/* End PBXTargetDependency section */

/* Begin PBXVariantGroup section */
		650775C71DEBFD4900F5040C /* Main_iPad.storyboard */ = {
			isa = PBXVariantGroup;
			children = (
				650775C61DEBFD4900F5040C /* Base */,
			);
			name = Main_iPad.storyboard;
			sourceTree = "<group>";
		};
		650775CA1DEBFD4F00F5040C /* Pedal.storyboard */ = {
			isa = PBXVariantGroup;
			children = (
				650775C91DEBFD4F00F5040C /* Base */,
			);
			name = Pedal.storyboard;
			sourceTree = "<group>";
		};
		656862631E25D03F00115981 /* Interface.storyboard */ = {
			isa = PBXVariantGroup;
			children = (
				656862641E25D03F00115981 /* Base */,
			);
			name = Interface.storyboard;
			sourceTree = "<group>";
		};
		657306BB24A70CB100EC155F /* Controls_iPad.storyboard */ = {
			isa = PBXVariantGroup;
			children = (
				657306BC24A70CB100EC155F /* Base */,
			);
			name = Controls_iPad.storyboard;
			sourceTree = "<group>";
		};
		657306C324A80A4E00EC155F /* Effect_iPad.storyboard */ = {
			isa = PBXVariantGroup;
			children = (
				657306C424A80A4E00EC155F /* Base */,
			);
			name = Effect_iPad.storyboard;
			sourceTree = "<group>";
		};
		71935F2E1DEF68EA0096A919 /* Controls.storyboard */ = {
			isa = PBXVariantGroup;
			children = (
				71935F2D1DEF68EA0096A919 /* Base */,
			);
			name = Controls.storyboard;
			sourceTree = "<group>";
		};
		719614211DED161200AE3E6E /* Effect.storyboard */ = {
			isa = PBXVariantGroup;
			children = (
				719614201DED161200AE3E6E /* Base */,
			);
			name = Effect.storyboard;
			sourceTree = "<group>";
		};
		7198C2DF1DD93601003238D7 /* Main_iPhone.storyboard */ = {
			isa = PBXVariantGroup;
			children = (
				7198C2E01DD93601003238D7 /* Base */,
			);
			name = Main_iPhone.storyboard;
			sourceTree = "<group>";
		};
		7198C2E41DD93601003238D7 /* LaunchScreen.storyboard */ = {
			isa = PBXVariantGroup;
			children = (
				7198C2E51DD93601003238D7 /* Base */,
			);
			name = LaunchScreen.storyboard;
			sourceTree = "<group>";
		};
/* End PBXVariantGroup section */

/* Begin XCBuildConfiguration section */
		656862801E25D04200115981 /* Debug */ = {
			isa = XCBuildConfiguration;
			buildSettings = {
				ALWAYS_EMBED_SWIFT_STANDARD_LIBRARIES = YES;
				ASSETCATALOG_COMPILER_APPICON_NAME = AppIcon;
				CODE_SIGN_IDENTITY = "iPhone Developer";
				DEVELOPMENT_TEAM = DX8B97QV93;
				IBSC_MODULE = Watchkit_Extension;
				INFOPLIST_FILE = Watchkit/Info.plist;
				PRODUCT_BUNDLE_IDENTIFIER = uk.co.gordonknight.DefenderApp.watchkitapp;
				PRODUCT_NAME = "$(TARGET_NAME)";
				PROVISIONING_PROFILE = "281eec27-7cc2-4905-b044-0254f07c9b40";
				PROVISIONING_PROFILE_SPECIFIER = "Defender Watchkit Development";
				SDKROOT = watchos;
				SKIP_INSTALL = YES;
				SWIFT_SWIFT3_OBJC_INFERENCE = On;
				SWIFT_VERSION = 4.0;
				TARGETED_DEVICE_FAMILY = 4;
				WATCHOS_DEPLOYMENT_TARGET = 6.0;
			};
			name = Debug;
		};
		656862811E25D04200115981 /* Release */ = {
			isa = XCBuildConfiguration;
			buildSettings = {
				ALWAYS_EMBED_SWIFT_STANDARD_LIBRARIES = YES;
				ASSETCATALOG_COMPILER_APPICON_NAME = AppIcon;
				"CODE_SIGN_IDENTITY[sdk=watchos*]" = "iPhone Distribution";
				DEVELOPMENT_TEAM = DX8B97QV93;
				IBSC_MODULE = Watchkit_Extension;
				INFOPLIST_FILE = Watchkit/Info.plist;
				PRODUCT_BUNDLE_IDENTIFIER = uk.co.gordonknight.DefenderApp.watchkitapp;
				PRODUCT_NAME = "$(TARGET_NAME)";
				PROVISIONING_PROFILE = "c9a344fd-a97d-4a29-b149-09b43b681392";
				PROVISIONING_PROFILE_SPECIFIER = "Defender Watchkit Distribution";
				SDKROOT = watchos;
				SKIP_INSTALL = YES;
				SWIFT_SWIFT3_OBJC_INFERENCE = On;
				SWIFT_VERSION = 4.0;
				TARGETED_DEVICE_FAMILY = 4;
				WATCHOS_DEPLOYMENT_TARGET = 6.0;
			};
			name = Release;
		};
		656862821E25D04200115981 /* Debug */ = {
			isa = XCBuildConfiguration;
			buildSettings = {
				ASSETCATALOG_COMPILER_COMPLICATION_NAME = Complication;
				DEVELOPMENT_TEAM = DX8B97QV93;
				INFOPLIST_FILE = "Watchkit Extension/Info.plist";
				LD_RUNPATH_SEARCH_PATHS = (
					"$(inherited)",
					"@executable_path/Frameworks",
					"@executable_path/../../Frameworks",
				);
				PRODUCT_BUNDLE_IDENTIFIER = uk.co.gordonknight.DefenderApp.watchkitapp.watchkitextension;
				PRODUCT_NAME = "${TARGET_NAME}";
				PROVISIONING_PROFILE = "e1d34be2-faf4-438b-9a7d-83d19bbcc109";
				PROVISIONING_PROFILE_SPECIFIER = "Defender Watchkit Extension Development";
				SDKROOT = watchos;
				SKIP_INSTALL = YES;
				SWIFT_VERSION = 5.0;
				TARGETED_DEVICE_FAMILY = 4;
				WATCHOS_DEPLOYMENT_TARGET = 6.0;
			};
			name = Debug;
		};
		656862831E25D04200115981 /* Release */ = {
			isa = XCBuildConfiguration;
			buildSettings = {
				ASSETCATALOG_COMPILER_COMPLICATION_NAME = Complication;
				"CODE_SIGN_IDENTITY[sdk=watchos*]" = "iPhone Distribution";
				DEVELOPMENT_TEAM = DX8B97QV93;
				INFOPLIST_FILE = "Watchkit Extension/Info.plist";
				LD_RUNPATH_SEARCH_PATHS = (
					"$(inherited)",
					"@executable_path/Frameworks",
					"@executable_path/../../Frameworks",
				);
				PRODUCT_BUNDLE_IDENTIFIER = uk.co.gordonknight.DefenderApp.watchkitapp.watchkitextension;
				PRODUCT_NAME = "${TARGET_NAME}";
				PROVISIONING_PROFILE = "ef665a19-a191-4e89-b0b9-c00f2dab4e43";
				PROVISIONING_PROFILE_SPECIFIER = "Defender Watchkit Extension Distribution";
				SDKROOT = watchos;
				SKIP_INSTALL = YES;
				SWIFT_VERSION = 5.0;
				TARGETED_DEVICE_FAMILY = 4;
				WATCHOS_DEPLOYMENT_TARGET = 6.0;
			};
			name = Release;
		};
		7198C2FE1DD93601003238D7 /* Debug */ = {
			isa = XCBuildConfiguration;
			buildSettings = {
				ALWAYS_SEARCH_USER_PATHS = NO;
				CLANG_ANALYZER_NONNULL = YES;
				CLANG_CXX_LANGUAGE_STANDARD = "gnu++0x";
				CLANG_CXX_LIBRARY = "libc++";
				CLANG_ENABLE_MODULES = YES;
				CLANG_ENABLE_OBJC_ARC = YES;
				CLANG_WARN_BLOCK_CAPTURE_AUTORELEASING = YES;
				CLANG_WARN_BOOL_CONVERSION = YES;
				CLANG_WARN_COMMA = YES;
				CLANG_WARN_CONSTANT_CONVERSION = YES;
				CLANG_WARN_DEPRECATED_OBJC_IMPLEMENTATIONS = YES;
				CLANG_WARN_DIRECT_OBJC_ISA_USAGE = YES_ERROR;
				CLANG_WARN_DOCUMENTATION_COMMENTS = YES;
				CLANG_WARN_EMPTY_BODY = YES;
				CLANG_WARN_ENUM_CONVERSION = YES;
				CLANG_WARN_INFINITE_RECURSION = YES;
				CLANG_WARN_INT_CONVERSION = YES;
				CLANG_WARN_NON_LITERAL_NULL_CONVERSION = YES;
				CLANG_WARN_OBJC_IMPLICIT_RETAIN_SELF = YES;
				CLANG_WARN_OBJC_LITERAL_CONVERSION = YES;
				CLANG_WARN_OBJC_ROOT_CLASS = YES_ERROR;
				CLANG_WARN_RANGE_LOOP_ANALYSIS = YES;
				CLANG_WARN_STRICT_PROTOTYPES = YES;
				CLANG_WARN_SUSPICIOUS_MOVE = YES;
				CLANG_WARN_SUSPICIOUS_MOVES = YES;
				CLANG_WARN_UNREACHABLE_CODE = YES;
				CLANG_WARN__DUPLICATE_METHOD_MATCH = YES;
				"CODE_SIGN_IDENTITY[sdk=iphoneos*]" = "iPhone Developer";
				COPY_PHASE_STRIP = NO;
				DEBUG_INFORMATION_FORMAT = dwarf;
				ENABLE_STRICT_OBJC_MSGSEND = YES;
				ENABLE_TESTABILITY = YES;
				GCC_C_LANGUAGE_STANDARD = gnu99;
				GCC_DYNAMIC_NO_PIC = NO;
				GCC_NO_COMMON_BLOCKS = YES;
				GCC_OPTIMIZATION_LEVEL = 0;
				GCC_PREPROCESSOR_DEFINITIONS = (
					"DEBUG=1",
					"$(inherited)",
				);
				GCC_WARN_64_TO_32_BIT_CONVERSION = YES;
				GCC_WARN_ABOUT_RETURN_TYPE = YES_ERROR;
				GCC_WARN_UNDECLARED_SELECTOR = YES;
				GCC_WARN_UNINITIALIZED_AUTOS = YES_AGGRESSIVE;
				GCC_WARN_UNUSED_FUNCTION = YES;
				GCC_WARN_UNUSED_VARIABLE = YES;
				IPHONEOS_DEPLOYMENT_TARGET = 13.0;
				MTL_ENABLE_DEBUG_INFO = YES;
				ONLY_ACTIVE_ARCH = YES;
				SDKROOT = iphoneos;
				SWIFT_ACTIVE_COMPILATION_CONDITIONS = DEBUG;
				SWIFT_OPTIMIZATION_LEVEL = "-Onone";
				SWIFT_SWIFT3_OBJC_INFERENCE = Off;
			};
			name = Debug;
		};
		7198C2FF1DD93601003238D7 /* Release */ = {
			isa = XCBuildConfiguration;
			buildSettings = {
				ALWAYS_SEARCH_USER_PATHS = NO;
				CLANG_ANALYZER_NONNULL = YES;
				CLANG_CXX_LANGUAGE_STANDARD = "gnu++0x";
				CLANG_CXX_LIBRARY = "libc++";
				CLANG_ENABLE_MODULES = YES;
				CLANG_ENABLE_OBJC_ARC = YES;
				CLANG_WARN_BLOCK_CAPTURE_AUTORELEASING = YES;
				CLANG_WARN_BOOL_CONVERSION = YES;
				CLANG_WARN_COMMA = YES;
				CLANG_WARN_CONSTANT_CONVERSION = YES;
				CLANG_WARN_DEPRECATED_OBJC_IMPLEMENTATIONS = YES;
				CLANG_WARN_DIRECT_OBJC_ISA_USAGE = YES_ERROR;
				CLANG_WARN_DOCUMENTATION_COMMENTS = YES;
				CLANG_WARN_EMPTY_BODY = YES;
				CLANG_WARN_ENUM_CONVERSION = YES;
				CLANG_WARN_INFINITE_RECURSION = YES;
				CLANG_WARN_INT_CONVERSION = YES;
				CLANG_WARN_NON_LITERAL_NULL_CONVERSION = YES;
				CLANG_WARN_OBJC_IMPLICIT_RETAIN_SELF = YES;
				CLANG_WARN_OBJC_LITERAL_CONVERSION = YES;
				CLANG_WARN_OBJC_ROOT_CLASS = YES_ERROR;
				CLANG_WARN_RANGE_LOOP_ANALYSIS = YES;
				CLANG_WARN_STRICT_PROTOTYPES = YES;
				CLANG_WARN_SUSPICIOUS_MOVE = YES;
				CLANG_WARN_SUSPICIOUS_MOVES = YES;
				CLANG_WARN_UNREACHABLE_CODE = YES;
				CLANG_WARN__DUPLICATE_METHOD_MATCH = YES;
				"CODE_SIGN_IDENTITY[sdk=iphoneos*]" = "iPhone Developer";
				COPY_PHASE_STRIP = NO;
				DEBUG_INFORMATION_FORMAT = "dwarf-with-dsym";
				ENABLE_NS_ASSERTIONS = NO;
				ENABLE_STRICT_OBJC_MSGSEND = YES;
				GCC_C_LANGUAGE_STANDARD = gnu99;
				GCC_NO_COMMON_BLOCKS = YES;
				GCC_WARN_64_TO_32_BIT_CONVERSION = YES;
				GCC_WARN_ABOUT_RETURN_TYPE = YES_ERROR;
				GCC_WARN_UNDECLARED_SELECTOR = YES;
				GCC_WARN_UNINITIALIZED_AUTOS = YES_AGGRESSIVE;
				GCC_WARN_UNUSED_FUNCTION = YES;
				GCC_WARN_UNUSED_VARIABLE = YES;
				IPHONEOS_DEPLOYMENT_TARGET = 13.0;
				MTL_ENABLE_DEBUG_INFO = NO;
				SDKROOT = iphoneos;
				SWIFT_COMPILATION_MODE = wholemodule;
				SWIFT_OPTIMIZATION_LEVEL = "-O";
				SWIFT_SWIFT3_OBJC_INFERENCE = Off;
				VALIDATE_PRODUCT = YES;
			};
			name = Release;
		};
		7198C3011DD93601003238D7 /* Debug */ = {
			isa = XCBuildConfiguration;
			buildSettings = {
				ASSETCATALOG_COMPILER_APPICON_NAME = AppIcon;
				CODE_SIGN_IDENTITY = "iPhone Developer";
				DEVELOPMENT_TEAM = DX8B97QV93;
				FRAMEWORK_SEARCH_PATHS = (
					"$(inherited)",
					"$(PROJECT_DIR)/Carthage/Build/iOS",
				);
				INFOPLIST_FILE = DefenderiOS/Info.plist;
				IPHONEOS_DEPLOYMENT_TARGET = 13.0;
				LD_RUNPATH_SEARCH_PATHS = (
					"$(inherited)",
					"@executable_path/Frameworks",
				);
				PRODUCT_BUNDLE_IDENTIFIER = uk.co.gordonknight.DefenderApp;
				PRODUCT_NAME = "$(TARGET_NAME)";
				PROVISIONING_PROFILE = "509d73e5-050d-4f7b-9d04-361367ee685b";
				PROVISIONING_PROFILE_SPECIFIER = "Defender iOS Development";
				SWIFT_VERSION = 5.0;
				TARGETED_DEVICE_FAMILY = "1,2";
			};
			name = Debug;
		};
		7198C3021DD93601003238D7 /* Release */ = {
			isa = XCBuildConfiguration;
			buildSettings = {
				ASSETCATALOG_COMPILER_APPICON_NAME = AppIcon;
				"CODE_SIGN_IDENTITY[sdk=iphoneos*]" = "iPhone Distribution";
				DEVELOPMENT_TEAM = DX8B97QV93;
				FRAMEWORK_SEARCH_PATHS = (
					"$(inherited)",
					"$(PROJECT_DIR)/Carthage/Build/iOS",
				);
				INFOPLIST_FILE = DefenderiOS/Info.plist;
				IPHONEOS_DEPLOYMENT_TARGET = 13.0;
				LD_RUNPATH_SEARCH_PATHS = (
					"$(inherited)",
					"@executable_path/Frameworks",
				);
				PRODUCT_BUNDLE_IDENTIFIER = uk.co.gordonknight.DefenderApp;
				PRODUCT_NAME = "$(TARGET_NAME)";
				PROVISIONING_PROFILE = "0f8247b6-e4b7-4b6c-bf87-0883afaca44b";
				PROVISIONING_PROFILE_SPECIFIER = "Defender iOS Distribution";
				SWIFT_VERSION = 5.0;
				TARGETED_DEVICE_FAMILY = "1,2";
			};
			name = Release;
		};
		7198C3041DD93601003238D7 /* Debug */ = {
			isa = XCBuildConfiguration;
			buildSettings = {
				ALWAYS_EMBED_SWIFT_STANDARD_LIBRARIES = YES;
				BUNDLE_LOADER = "$(TEST_HOST)";
				DEVELOPMENT_TEAM = DX8B97QV93;
				INFOPLIST_FILE = DefenderiOSTests/Info.plist;
				IPHONEOS_DEPLOYMENT_TARGET = 13.0;
				LD_RUNPATH_SEARCH_PATHS = (
					"$(inherited)",
					"@executable_path/Frameworks",
					"@loader_path/Frameworks",
				);
				PRODUCT_BUNDLE_IDENTIFIER = uk.co.gordonknight.DefenderAppTests;
				PRODUCT_NAME = "$(TARGET_NAME)";
				SWIFT_VERSION = 5.0;
				TEST_HOST = "$(BUILT_PRODUCTS_DIR)/DefenderiOS.app/DefenderiOS";
			};
			name = Debug;
		};
		7198C3051DD93601003238D7 /* Release */ = {
			isa = XCBuildConfiguration;
			buildSettings = {
				ALWAYS_EMBED_SWIFT_STANDARD_LIBRARIES = YES;
				BUNDLE_LOADER = "$(TEST_HOST)";
				DEVELOPMENT_TEAM = DX8B97QV93;
				INFOPLIST_FILE = DefenderiOSTests/Info.plist;
				IPHONEOS_DEPLOYMENT_TARGET = 13.0;
				LD_RUNPATH_SEARCH_PATHS = (
					"$(inherited)",
					"@executable_path/Frameworks",
					"@loader_path/Frameworks",
				);
				PRODUCT_BUNDLE_IDENTIFIER = uk.co.gordonknight.DefenderAppTests;
				PRODUCT_NAME = "$(TARGET_NAME)";
				SWIFT_VERSION = 5.0;
				TEST_HOST = "$(BUILT_PRODUCTS_DIR)/DefenderiOS.app/DefenderiOS";
			};
			name = Release;
		};
/* End XCBuildConfiguration section */

/* Begin XCConfigurationList section */
		656862841E25D04200115981 /* Build configuration list for PBXNativeTarget "Watchkit Extension" */ = {
			isa = XCConfigurationList;
			buildConfigurations = (
				656862821E25D04200115981 /* Debug */,
				656862831E25D04200115981 /* Release */,
			);
			defaultConfigurationIsVisible = 0;
			defaultConfigurationName = Release;
		};
		656862861E25D04200115981 /* Build configuration list for PBXNativeTarget "Watchkit" */ = {
			isa = XCConfigurationList;
			buildConfigurations = (
				656862801E25D04200115981 /* Debug */,
				656862811E25D04200115981 /* Release */,
			);
			defaultConfigurationIsVisible = 0;
			defaultConfigurationName = Release;
		};
		7198C2D31DD93601003238D7 /* Build configuration list for PBXProject "DefenderiOS" */ = {
			isa = XCConfigurationList;
			buildConfigurations = (
				7198C2FE1DD93601003238D7 /* Debug */,
				7198C2FF1DD93601003238D7 /* Release */,
			);
			defaultConfigurationIsVisible = 0;
			defaultConfigurationName = Release;
		};
		7198C3001DD93601003238D7 /* Build configuration list for PBXNativeTarget "DefenderiOS" */ = {
			isa = XCConfigurationList;
			buildConfigurations = (
				7198C3011DD93601003238D7 /* Debug */,
				7198C3021DD93601003238D7 /* Release */,
			);
			defaultConfigurationIsVisible = 0;
			defaultConfigurationName = Release;
		};
		7198C3031DD93601003238D7 /* Build configuration list for PBXNativeTarget "DefenderiOSTests" */ = {
			isa = XCConfigurationList;
			buildConfigurations = (
				7198C3041DD93601003238D7 /* Debug */,
				7198C3051DD93601003238D7 /* Release */,
			);
			defaultConfigurationIsVisible = 0;
			defaultConfigurationName = Release;
		};
/* End XCConfigurationList section */

/* Begin XCRemoteSwiftPackageReference section */
		65237B8C24A482D5002AB5D3 /* XCRemoteSwiftPackageReference "ObjectMapper" */ = {
			isa = XCRemoteSwiftPackageReference;
			repositoryURL = "https://github.com/tristanhimmelman/ObjectMapper.git";
			requirement = {
				kind = upToNextMajorVersion;
				minimumVersion = 4.2.0;
			};
		};
		6573069024A6B73800EC155F /* XCRemoteSwiftPackageReference "BluetoothKit" */ = {
			isa = XCRemoteSwiftPackageReference;
			repositoryURL = "https://github.com/DerekK19/BluetoothKit.git";
			requirement = {
				kind = upToNextMajorVersion;
				minimumVersion = 0.5.0;
			};
		};
/* End XCRemoteSwiftPackageReference section */

/* Begin XCSwiftPackageProductDependency section */
		65237B8D24A482D5002AB5D3 /* ObjectMapper */ = {
			isa = XCSwiftPackageProductDependency;
			package = 65237B8C24A482D5002AB5D3 /* XCRemoteSwiftPackageReference "ObjectMapper" */;
			productName = ObjectMapper;
		};
		6573069124A6B73800EC155F /* BluetoothKit */ = {
			isa = XCSwiftPackageProductDependency;
			package = 6573069024A6B73800EC155F /* XCRemoteSwiftPackageReference "BluetoothKit" */;
			productName = BluetoothKit;
		};
/* End XCSwiftPackageProductDependency section */
	};
	rootObject = 7198C2D01DD93601003238D7 /* Project object */;
}
